// !$*UTF8*$!
{
	archiveVersion = 1;
	classes = {
	};
	objectVersion = 46;
	objects = {

/* Begin PBXBuildFile section */
		F1989FD818A58C3900A5165E /* Foundation.framework in Frameworks */ = {isa = PBXBuildFile; fileRef = F1989FD718A58C3900A5165E /* Foundation.framework */; };
		F1989FDA18A58C3900A5165E /* CoreGraphics.framework in Frameworks */ = {isa = PBXBuildFile; fileRef = F1989FD918A58C3900A5165E /* CoreGraphics.framework */; };
		F1989FDC18A58C3900A5165E /* UIKit.framework in Frameworks */ = {isa = PBXBuildFile; fileRef = F1989FDB18A58C3900A5165E /* UIKit.framework */; };
		F1989FE218A58C3900A5165E /* InfoPlist.strings in Resources */ = {isa = PBXBuildFile; fileRef = F1989FE018A58C3900A5165E /* InfoPlist.strings */; };
		F1989FEA18A58C3900A5165E /* Images.xcassets in Resources */ = {isa = PBXBuildFile; fileRef = F1989FE918A58C3900A5165E /* Images.xcassets */; };
		F198A07518A58DAD00A5165E /* AuxLogger.cpp in Sources */ = {isa = PBXBuildFile; fileRef = F198A00618A58DAD00A5165E /* AuxLogger.cpp */; };
		F198A07618A58DAD00A5165E /* BaseFrame.cpp in Sources */ = {isa = PBXBuildFile; fileRef = F198A00818A58DAD00A5165E /* BaseFrame.cpp */; };
		F198A07718A58DAD00A5165E /* BasicVoxelRenderSystem.cpp in Sources */ = {isa = PBXBuildFile; fileRef = F198A00A18A58DAD00A5165E /* BasicVoxelRenderSystem.cpp */; };
		F198A07818A58DAD00A5165E /* Button.cpp in Sources */ = {isa = PBXBuildFile; fileRef = F198A00C18A58DAD00A5165E /* Button.cpp */; };
		F198A07918A58DAD00A5165E /* ComboBox.cpp in Sources */ = {isa = PBXBuildFile; fileRef = F198A00E18A58DAD00A5165E /* ComboBox.cpp */; };
		F198A07A18A58DAD00A5165E /* Control.cpp in Sources */ = {isa = PBXBuildFile; fileRef = F198A01018A58DAD00A5165E /* Control.cpp */; };
		F198A07B18A58DAD00A5165E /* ControlBase.cpp in Sources */ = {isa = PBXBuildFile; fileRef = F198A01218A58DAD00A5165E /* ControlBase.cpp */; };
		F198A07C18A58DAD00A5165E /* DebugWindow.cpp in Sources */ = {isa = PBXBuildFile; fileRef = F198A01418A58DAD00A5165E /* DebugWindow.cpp */; };
		F198A07D18A58DAD00A5165E /* ErrorWindow.cpp in Sources */ = {isa = PBXBuildFile; fileRef = F198A01618A58DAD00A5165E /* ErrorWindow.cpp */; };
		F198A07E18A58DAD00A5165E /* Font.cpp in Sources */ = {isa = PBXBuildFile; fileRef = F198A01818A58DAD00A5165E /* Font.cpp */; };
		F198A07F18A58DAD00A5165E /* FPSCounter.cpp in Sources */ = {isa = PBXBuildFile; fileRef = F198A01A18A58DAD00A5165E /* FPSCounter.cpp */; };
		F198A08018A58DAD00A5165E /* Frames.cpp in Sources */ = {isa = PBXBuildFile; fileRef = F198A01C18A58DAD00A5165E /* Frames.cpp */; };
		F198A08118A58DAD00A5165E /* GameCamera.cpp in Sources */ = {isa = PBXBuildFile; fileRef = F198A01E18A58DAD00A5165E /* GameCamera.cpp */; };
		F198A08218A58DAD00A5165E /* GameEvent.cpp in Sources */ = {isa = PBXBuildFile; fileRef = F198A02018A58DAD00A5165E /* GameEvent.cpp */; };
		F198A08318A58DAD00A5165E /* GameEventSubscriber.cpp in Sources */ = {isa = PBXBuildFile; fileRef = F198A02318A58DAD00A5165E /* GameEventSubscriber.cpp */; };
		F198A08418A58DAD00A5165E /* GameSave.cpp in Sources */ = {isa = PBXBuildFile; fileRef = F198A02518A58DAD00A5165E /* GameSave.cpp */; };
		F198A08518A58DAD00A5165E /* GameSystem.cpp in Sources */ = {isa = PBXBuildFile; fileRef = F198A02718A58DAD00A5165E /* GameSystem.cpp */; };
		F198A08618A58DAD00A5165E /* GameTile.cpp in Sources */ = {isa = PBXBuildFile; fileRef = F198A02918A58DAD00A5165E /* GameTile.cpp */; };
		F198A08718A58DAD00A5165E /* GL2DProgram.cpp in Sources */ = {isa = PBXBuildFile; fileRef = F198A02B18A58DAD00A5165E /* GL2DProgram.cpp */; };
		F198A08818A58DAD00A5165E /* GL2DVertexGroup.cpp in Sources */ = {isa = PBXBuildFile; fileRef = F198A02D18A58DAD00A5165E /* GL2DVertexGroup.cpp */; };
		F198A08918A58DAD00A5165E /* GL3DProgram.cpp in Sources */ = {isa = PBXBuildFile; fileRef = F198A02F18A58DAD00A5165E /* GL3DProgram.cpp */; };
		F198A08A18A58DAD00A5165E /* GLCamera.cpp in Sources */ = {isa = PBXBuildFile; fileRef = F198A03118A58DAD00A5165E /* GLCamera.cpp */; };
		F198A08B18A58DAD00A5165E /* GLClipping.cpp in Sources */ = {isa = PBXBuildFile; fileRef = F198A03318A58DAD00A5165E /* GLClipping.cpp */; };
		F198A08C18A58DAD00A5165E /* GLFrameBuffer.cpp in Sources */ = {isa = PBXBuildFile; fileRef = F198A03518A58DAD00A5165E /* GLFrameBuffer.cpp */; };
		F198A08D18A58DAD00A5165E /* GLLight.cpp in Sources */ = {isa = PBXBuildFile; fileRef = F198A03718A58DAD00A5165E /* GLLight.cpp */; };
		F198A08E18A58DAD00A5165E /* GLLighting.cpp in Sources */ = {isa = PBXBuildFile; fileRef = F198A03918A58DAD00A5165E /* GLLighting.cpp */; };
		F198A08F18A58DAD00A5165E /* GLModel.cpp in Sources */ = {isa = PBXBuildFile; fileRef = F198A03C18A58DAD00A5165E /* GLModel.cpp */; };
		F198A09018A58DAD00A5165E /* GLProgram.cpp in Sources */ = {isa = PBXBuildFile; fileRef = F198A03E18A58DAD00A5165E /* GLProgram.cpp */; };
		F198A09118A58DAD00A5165E /* GLShader.cpp in Sources */ = {isa = PBXBuildFile; fileRef = F198A04018A58DAD00A5165E /* GLShader.cpp */; };
		F198A09218A58DAD00A5165E /* GLStandardProgram.cpp in Sources */ = {isa = PBXBuildFile; fileRef = F198A04218A58DAD00A5165E /* GLStandardProgram.cpp */; };
		F198A09318A58DAD00A5165E /* GObject.cpp in Sources */ = {isa = PBXBuildFile; fileRef = F198A04518A58DAD00A5165E /* GObject.cpp */; };
		F198A09418A58DAD00A5165E /* InputEvent.cpp in Sources */ = {isa = PBXBuildFile; fileRef = F198A04718A58DAD00A5165E /* InputEvent.cpp */; };
		F198A09518A58DAD00A5165E /* InstancedVoxelRenderSystem.cpp in Sources */ = {isa = PBXBuildFile; fileRef = F198A04918A58DAD00A5165E /* InstancedVoxelRenderSystem.cpp */; };
		F198A09618A58DAD00A5165E /* InterfaceGlobals.cpp in Sources */ = {isa = PBXBuildFile; fileRef = F198A04B18A58DAD00A5165E /* InterfaceGlobals.cpp */; };
		F198A09718A58DAD00A5165E /* Label.cpp in Sources */ = {isa = PBXBuildFile; fileRef = F198A04D18A58DAD00A5165E /* Label.cpp */; };
		F198A09818A58DAD00A5165E /* Listbox.cpp in Sources */ = {isa = PBXBuildFile; fileRef = F198A05018A58DAD00A5165E /* Listbox.cpp */; };
		F198A09918A58DAD00A5165E /* lodepng.cpp in Sources */ = {isa = PBXBuildFile; fileRef = F198A05218A58DAD00A5165E /* lodepng.cpp */; };
		F198A09A18A58DAD00A5165E /* MaxDistanceFog.cpp in Sources */ = {isa = PBXBuildFile; fileRef = F198A05418A58DAD00A5165E /* MaxDistanceFog.cpp */; };
		F198A09B18A58DAD00A5165E /* NinePatchBinary.cpp in Sources */ = {isa = PBXBuildFile; fileRef = F198A05618A58DAD00A5165E /* NinePatchBinary.cpp */; };
		F198A09C18A58DAD00A5165E /* OS.cpp in Sources */ = {isa = PBXBuildFile; fileRef = F198A05818A58DAD00A5165E /* OS.cpp */; };
		F198A09D18A58DAD00A5165E /* RasterizedText.cpp in Sources */ = {isa = PBXBuildFile; fileRef = F198A05A18A58DAD00A5165E /* RasterizedText.cpp */; };
		F198A09E18A58DAD00A5165E /* Rect.cpp in Sources */ = {isa = PBXBuildFile; fileRef = F198A05C18A58DAD00A5165E /* Rect.cpp */; };
		F198A09F18A58DAD00A5165E /* ReflectionData.cpp in Sources */ = {isa = PBXBuildFile; fileRef = F198A05E18A58DAD00A5165E /* ReflectionData.cpp */; };
		F198A0A018A58DAD00A5165E /* ShaderGroup.cpp in Sources */ = {isa = PBXBuildFile; fileRef = F198A06118A58DAD00A5165E /* ShaderGroup.cpp */; };
		F198A0A118A58DAD00A5165E /* Shape.cpp in Sources */ = {isa = PBXBuildFile; fileRef = F198A06318A58DAD00A5165E /* Shape.cpp */; };
		F198A0A218A58DAD00A5165E /* stdafx.cpp in Sources */ = {isa = PBXBuildFile; fileRef = F198A06518A58DAD00A5165E /* stdafx.cpp */; };
		F198A0A318A58DAD00A5165E /* Textbox.cpp in Sources */ = {isa = PBXBuildFile; fileRef = F198A06718A58DAD00A5165E /* Textbox.cpp */; };
		F198A0A418A58DAD00A5165E /* Utilities.cpp in Sources */ = {isa = PBXBuildFile; fileRef = F198A06A18A58DAD00A5165E /* Utilities.cpp */; };
		F198A0A518A58DAD00A5165E /* ViewDistanceCalc.cpp in Sources */ = {isa = PBXBuildFile; fileRef = F198A06C18A58DAD00A5165E /* ViewDistanceCalc.cpp */; };
		F198A0A618A58DAD00A5165E /* VoxelDrawSystem.cpp in Sources */ = {isa = PBXBuildFile; fileRef = F198A06E18A58DAD00A5165E /* VoxelDrawSystem.cpp */; };
		F198A0A718A58DAD00A5165E /* VoxelSystem.cpp in Sources */ = {isa = PBXBuildFile; fileRef = F198A07018A58DAD00A5165E /* VoxelSystem.cpp */; };
		F198A0A818A58DAD00A5165E /* VoxEngine.cpp in Sources */ = {isa = PBXBuildFile; fileRef = F198A07218A58DAD00A5165E /* VoxEngine.cpp */; };
		F198A0A918A58DAD00A5165E /* Window.cpp in Sources */ = {isa = PBXBuildFile; fileRef = F198A07318A58DAD00A5165E /* Window.cpp */; };
/* End PBXBuildFile section */

/* Begin PBXFileReference section */
		F1989FD418A58C3900A5165E /* VoxEngine.app */ = {isa = PBXFileReference; explicitFileType = wrapper.application; includeInIndex = 0; path = VoxEngine.app; sourceTree = BUILT_PRODUCTS_DIR; };
		F1989FD718A58C3900A5165E /* Foundation.framework */ = {isa = PBXFileReference; lastKnownFileType = wrapper.framework; name = Foundation.framework; path = System/Library/Frameworks/Foundation.framework; sourceTree = SDKROOT; };
		F1989FD918A58C3900A5165E /* CoreGraphics.framework */ = {isa = PBXFileReference; lastKnownFileType = wrapper.framework; name = CoreGraphics.framework; path = System/Library/Frameworks/CoreGraphics.framework; sourceTree = SDKROOT; };
		F1989FDB18A58C3900A5165E /* UIKit.framework */ = {isa = PBXFileReference; lastKnownFileType = wrapper.framework; name = UIKit.framework; path = System/Library/Frameworks/UIKit.framework; sourceTree = SDKROOT; };
		F1989FDF18A58C3900A5165E /* VoxEngine-Info.plist */ = {isa = PBXFileReference; lastKnownFileType = text.plist.xml; path = "VoxEngine-Info.plist"; sourceTree = "<group>"; };
		F1989FE118A58C3900A5165E /* en */ = {isa = PBXFileReference; lastKnownFileType = text.plist.strings; name = en; path = en.lproj/InfoPlist.strings; sourceTree = "<group>"; };
		F1989FE518A58C3900A5165E /* VoxEngine-Prefix.pch */ = {isa = PBXFileReference; lastKnownFileType = sourcecode.c.h; path = "VoxEngine-Prefix.pch"; sourceTree = "<group>"; };
		F1989FE918A58C3900A5165E /* Images.xcassets */ = {isa = PBXFileReference; lastKnownFileType = folder.assetcatalog; path = Images.xcassets; sourceTree = "<group>"; };
		F198A00618A58DAD00A5165E /* AuxLogger.cpp */ = {isa = PBXFileReference; fileEncoding = 4; lastKnownFileType = sourcecode.cpp.cpp; name = AuxLogger.cpp; path = ../../source/AuxLogger.cpp; sourceTree = "<group>"; };
		F198A00718A58DAD00A5165E /* AuxLogger.h */ = {isa = PBXFileReference; fileEncoding = 4; lastKnownFileType = sourcecode.c.h; name = AuxLogger.h; path = ../../source/AuxLogger.h; sourceTree = "<group>"; };
		F198A00818A58DAD00A5165E /* BaseFrame.cpp */ = {isa = PBXFileReference; fileEncoding = 4; lastKnownFileType = sourcecode.cpp.cpp; name = BaseFrame.cpp; path = ../../source/BaseFrame.cpp; sourceTree = "<group>"; };
		F198A00918A58DAD00A5165E /* BaseFrame.h */ = {isa = PBXFileReference; fileEncoding = 4; lastKnownFileType = sourcecode.c.h; name = BaseFrame.h; path = ../../source/BaseFrame.h; sourceTree = "<group>"; };
		F198A00A18A58DAD00A5165E /* BasicVoxelRenderSystem.cpp */ = {isa = PBXFileReference; fileEncoding = 4; lastKnownFileType = sourcecode.cpp.cpp; name = BasicVoxelRenderSystem.cpp; path = ../../source/BasicVoxelRenderSystem.cpp; sourceTree = "<group>"; };
		F198A00B18A58DAD00A5165E /* BasicVoxelRenderSystem.h */ = {isa = PBXFileReference; fileEncoding = 4; lastKnownFileType = sourcecode.c.h; name = BasicVoxelRenderSystem.h; path = ../../source/BasicVoxelRenderSystem.h; sourceTree = "<group>"; };
		F198A00C18A58DAD00A5165E /* Button.cpp */ = {isa = PBXFileReference; fileEncoding = 4; lastKnownFileType = sourcecode.cpp.cpp; name = Button.cpp; path = ../../source/Button.cpp; sourceTree = "<group>"; };
		F198A00D18A58DAD00A5165E /* Button.h */ = {isa = PBXFileReference; fileEncoding = 4; lastKnownFileType = sourcecode.c.h; name = Button.h; path = ../../source/Button.h; sourceTree = "<group>"; };
		F198A00E18A58DAD00A5165E /* ComboBox.cpp */ = {isa = PBXFileReference; fileEncoding = 4; lastKnownFileType = sourcecode.cpp.cpp; name = ComboBox.cpp; path = ../../source/ComboBox.cpp; sourceTree = "<group>"; };
		F198A00F18A58DAD00A5165E /* ComboBox.h */ = {isa = PBXFileReference; fileEncoding = 4; lastKnownFileType = sourcecode.c.h; name = ComboBox.h; path = ../../source/ComboBox.h; sourceTree = "<group>"; };
		F198A01018A58DAD00A5165E /* Control.cpp */ = {isa = PBXFileReference; fileEncoding = 4; lastKnownFileType = sourcecode.cpp.cpp; name = Control.cpp; path = ../../source/Control.cpp; sourceTree = "<group>"; };
		F198A01118A58DAD00A5165E /* Control.h */ = {isa = PBXFileReference; fileEncoding = 4; lastKnownFileType = sourcecode.c.h; name = Control.h; path = ../../source/Control.h; sourceTree = "<group>"; };
		F198A01218A58DAD00A5165E /* ControlBase.cpp */ = {isa = PBXFileReference; fileEncoding = 4; lastKnownFileType = sourcecode.cpp.cpp; name = ControlBase.cpp; path = ../../source/ControlBase.cpp; sourceTree = "<group>"; };
		F198A01318A58DAD00A5165E /* ControlBase.h */ = {isa = PBXFileReference; fileEncoding = 4; lastKnownFileType = sourcecode.c.h; name = ControlBase.h; path = ../../source/ControlBase.h; sourceTree = "<group>"; };
		F198A01418A58DAD00A5165E /* DebugWindow.cpp */ = {isa = PBXFileReference; fileEncoding = 4; lastKnownFileType = sourcecode.cpp.cpp; name = DebugWindow.cpp; path = ../../source/DebugWindow.cpp; sourceTree = "<group>"; };
		F198A01518A58DAD00A5165E /* DebugWindow.h */ = {isa = PBXFileReference; fileEncoding = 4; lastKnownFileType = sourcecode.c.h; name = DebugWindow.h; path = ../../source/DebugWindow.h; sourceTree = "<group>"; };
		F198A01618A58DAD00A5165E /* ErrorWindow.cpp */ = {isa = PBXFileReference; fileEncoding = 4; lastKnownFileType = sourcecode.cpp.cpp; name = ErrorWindow.cpp; path = ../../source/ErrorWindow.cpp; sourceTree = "<group>"; };
		F198A01718A58DAD00A5165E /* ErrorWindow.h */ = {isa = PBXFileReference; fileEncoding = 4; lastKnownFileType = sourcecode.c.h; name = ErrorWindow.h; path = ../../source/ErrorWindow.h; sourceTree = "<group>"; };
		F198A01818A58DAD00A5165E /* Font.cpp */ = {isa = PBXFileReference; fileEncoding = 4; lastKnownFileType = sourcecode.cpp.cpp; name = Font.cpp; path = ../../source/Font.cpp; sourceTree = "<group>"; };
		F198A01918A58DAD00A5165E /* Font.h */ = {isa = PBXFileReference; fileEncoding = 4; lastKnownFileType = sourcecode.c.h; name = Font.h; path = ../../source/Font.h; sourceTree = "<group>"; };
		F198A01A18A58DAD00A5165E /* FPSCounter.cpp */ = {isa = PBXFileReference; fileEncoding = 4; lastKnownFileType = sourcecode.cpp.cpp; name = FPSCounter.cpp; path = ../../source/FPSCounter.cpp; sourceTree = "<group>"; };
		F198A01B18A58DAD00A5165E /* FPSCounter.h */ = {isa = PBXFileReference; fileEncoding = 4; lastKnownFileType = sourcecode.c.h; name = FPSCounter.h; path = ../../source/FPSCounter.h; sourceTree = "<group>"; };
		F198A01C18A58DAD00A5165E /* Frames.cpp */ = {isa = PBXFileReference; fileEncoding = 4; lastKnownFileType = sourcecode.cpp.cpp; name = Frames.cpp; path = ../../source/Frames.cpp; sourceTree = "<group>"; };
		F198A01D18A58DAD00A5165E /* Frames.h */ = {isa = PBXFileReference; fileEncoding = 4; lastKnownFileType = sourcecode.c.h; name = Frames.h; path = ../../source/Frames.h; sourceTree = "<group>"; };
		F198A01E18A58DAD00A5165E /* GameCamera.cpp */ = {isa = PBXFileReference; fileEncoding = 4; lastKnownFileType = sourcecode.cpp.cpp; name = GameCamera.cpp; path = ../../source/GameCamera.cpp; sourceTree = "<group>"; };
		F198A01F18A58DAD00A5165E /* GameCamera.h */ = {isa = PBXFileReference; fileEncoding = 4; lastKnownFileType = sourcecode.c.h; name = GameCamera.h; path = ../../source/GameCamera.h; sourceTree = "<group>"; };
		F198A02018A58DAD00A5165E /* GameEvent.cpp */ = {isa = PBXFileReference; fileEncoding = 4; lastKnownFileType = sourcecode.cpp.cpp; name = GameEvent.cpp; path = ../../source/GameEvent.cpp; sourceTree = "<group>"; };
		F198A02118A58DAD00A5165E /* GameEvent.h */ = {isa = PBXFileReference; fileEncoding = 4; lastKnownFileType = sourcecode.c.h; name = GameEvent.h; path = ../../source/GameEvent.h; sourceTree = "<group>"; };
		F198A02218A58DAD00A5165E /* GameEventInterface.h */ = {isa = PBXFileReference; fileEncoding = 4; lastKnownFileType = sourcecode.c.h; name = GameEventInterface.h; path = ../../source/GameEventInterface.h; sourceTree = "<group>"; };
		F198A02318A58DAD00A5165E /* GameEventSubscriber.cpp */ = {isa = PBXFileReference; fileEncoding = 4; lastKnownFileType = sourcecode.cpp.cpp; name = GameEventSubscriber.cpp; path = ../../source/GameEventSubscriber.cpp; sourceTree = "<group>"; };
		F198A02418A58DAD00A5165E /* GameEventSubscriber.h */ = {isa = PBXFileReference; fileEncoding = 4; lastKnownFileType = sourcecode.c.h; name = GameEventSubscriber.h; path = ../../source/GameEventSubscriber.h; sourceTree = "<group>"; };
		F198A02518A58DAD00A5165E /* GameSave.cpp */ = {isa = PBXFileReference; fileEncoding = 4; lastKnownFileType = sourcecode.cpp.cpp; name = GameSave.cpp; path = ../../source/GameSave.cpp; sourceTree = "<group>"; };
		F198A02618A58DAD00A5165E /* GameSave.h */ = {isa = PBXFileReference; fileEncoding = 4; lastKnownFileType = sourcecode.c.h; name = GameSave.h; path = ../../source/GameSave.h; sourceTree = "<group>"; };
		F198A02718A58DAD00A5165E /* GameSystem.cpp */ = {isa = PBXFileReference; fileEncoding = 4; lastKnownFileType = sourcecode.cpp.cpp; name = GameSystem.cpp; path = ../../source/GameSystem.cpp; sourceTree = "<group>"; };
		F198A02818A58DAD00A5165E /* GameSystem.h */ = {isa = PBXFileReference; fileEncoding = 4; lastKnownFileType = sourcecode.c.h; name = GameSystem.h; path = ../../source/GameSystem.h; sourceTree = "<group>"; };
		F198A02918A58DAD00A5165E /* GameTile.cpp */ = {isa = PBXFileReference; fileEncoding = 4; lastKnownFileType = sourcecode.cpp.cpp; name = GameTile.cpp; path = ../../source/GameTile.cpp; sourceTree = "<group>"; };
		F198A02A18A58DAD00A5165E /* GameTile.h */ = {isa = PBXFileReference; fileEncoding = 4; lastKnownFileType = sourcecode.c.h; name = GameTile.h; path = ../../source/GameTile.h; sourceTree = "<group>"; };
		F198A02B18A58DAD00A5165E /* GL2DProgram.cpp */ = {isa = PBXFileReference; fileEncoding = 4; lastKnownFileType = sourcecode.cpp.cpp; name = GL2DProgram.cpp; path = ../../source/GL2DProgram.cpp; sourceTree = "<group>"; };
		F198A02C18A58DAD00A5165E /* GL2DProgram.h */ = {isa = PBXFileReference; fileEncoding = 4; lastKnownFileType = sourcecode.c.h; name = GL2DProgram.h; path = ../../source/GL2DProgram.h; sourceTree = "<group>"; };
		F198A02D18A58DAD00A5165E /* GL2DVertexGroup.cpp */ = {isa = PBXFileReference; fileEncoding = 4; lastKnownFileType = sourcecode.cpp.cpp; name = GL2DVertexGroup.cpp; path = ../../source/GL2DVertexGroup.cpp; sourceTree = "<group>"; };
		F198A02E18A58DAD00A5165E /* GL2DVertexGroup.h */ = {isa = PBXFileReference; fileEncoding = 4; lastKnownFileType = sourcecode.c.h; name = GL2DVertexGroup.h; path = ../../source/GL2DVertexGroup.h; sourceTree = "<group>"; };
		F198A02F18A58DAD00A5165E /* GL3DProgram.cpp */ = {isa = PBXFileReference; fileEncoding = 4; lastKnownFileType = sourcecode.cpp.cpp; name = GL3DProgram.cpp; path = ../../source/GL3DProgram.cpp; sourceTree = "<group>"; };
		F198A03018A58DAD00A5165E /* GL3DProgram.h */ = {isa = PBXFileReference; fileEncoding = 4; lastKnownFileType = sourcecode.c.h; name = GL3DProgram.h; path = ../../source/GL3DProgram.h; sourceTree = "<group>"; };
		F198A03118A58DAD00A5165E /* GLCamera.cpp */ = {isa = PBXFileReference; fileEncoding = 4; lastKnownFileType = sourcecode.cpp.cpp; name = GLCamera.cpp; path = ../../source/GLCamera.cpp; sourceTree = "<group>"; };
		F198A03218A58DAD00A5165E /* GLCamera.h */ = {isa = PBXFileReference; fileEncoding = 4; lastKnownFileType = sourcecode.c.h; name = GLCamera.h; path = ../../source/GLCamera.h; sourceTree = "<group>"; };
		F198A03318A58DAD00A5165E /* GLClipping.cpp */ = {isa = PBXFileReference; fileEncoding = 4; lastKnownFileType = sourcecode.cpp.cpp; name = GLClipping.cpp; path = ../../source/GLClipping.cpp; sourceTree = "<group>"; };
		F198A03418A58DAD00A5165E /* GLClipping.h */ = {isa = PBXFileReference; fileEncoding = 4; lastKnownFileType = sourcecode.c.h; name = GLClipping.h; path = ../../source/GLClipping.h; sourceTree = "<group>"; };
		F198A03518A58DAD00A5165E /* GLFrameBuffer.cpp */ = {isa = PBXFileReference; fileEncoding = 4; lastKnownFileType = sourcecode.cpp.cpp; name = GLFrameBuffer.cpp; path = ../../source/GLFrameBuffer.cpp; sourceTree = "<group>"; };
		F198A03618A58DAD00A5165E /* GLFrameBuffer.h */ = {isa = PBXFileReference; fileEncoding = 4; lastKnownFileType = sourcecode.c.h; name = GLFrameBuffer.h; path = ../../source/GLFrameBuffer.h; sourceTree = "<group>"; };
		F198A03718A58DAD00A5165E /* GLLight.cpp */ = {isa = PBXFileReference; fileEncoding = 4; lastKnownFileType = sourcecode.cpp.cpp; name = GLLight.cpp; path = ../../source/GLLight.cpp; sourceTree = "<group>"; };
		F198A03818A58DAD00A5165E /* GLLight.h */ = {isa = PBXFileReference; fileEncoding = 4; lastKnownFileType = sourcecode.c.h; name = GLLight.h; path = ../../source/GLLight.h; sourceTree = "<group>"; };
		F198A03918A58DAD00A5165E /* GLLighting.cpp */ = {isa = PBXFileReference; fileEncoding = 4; lastKnownFileType = sourcecode.cpp.cpp; name = GLLighting.cpp; path = ../../source/GLLighting.cpp; sourceTree = "<group>"; };
		F198A03A18A58DAD00A5165E /* GLLighting.h */ = {isa = PBXFileReference; fileEncoding = 4; lastKnownFileType = sourcecode.c.h; name = GLLighting.h; path = ../../source/GLLighting.h; sourceTree = "<group>"; };
		F198A03B18A58DAD00A5165E /* GLLightProgram.h */ = {isa = PBXFileReference; fileEncoding = 4; lastKnownFileType = sourcecode.c.h; name = GLLightProgram.h; path = ../../source/GLLightProgram.h; sourceTree = "<group>"; };
		F198A03C18A58DAD00A5165E /* GLModel.cpp */ = {isa = PBXFileReference; fileEncoding = 4; lastKnownFileType = sourcecode.cpp.cpp; name = GLModel.cpp; path = ../../source/GLModel.cpp; sourceTree = "<group>"; };
		F198A03D18A58DAD00A5165E /* GLModel.h */ = {isa = PBXFileReference; fileEncoding = 4; lastKnownFileType = sourcecode.c.h; name = GLModel.h; path = ../../source/GLModel.h; sourceTree = "<group>"; };
		F198A03E18A58DAD00A5165E /* GLProgram.cpp */ = {isa = PBXFileReference; fileEncoding = 4; lastKnownFileType = sourcecode.cpp.cpp; name = GLProgram.cpp; path = ../../source/GLProgram.cpp; sourceTree = "<group>"; };
		F198A03F18A58DAD00A5165E /* GLProgram.h */ = {isa = PBXFileReference; fileEncoding = 4; lastKnownFileType = sourcecode.c.h; name = GLProgram.h; path = ../../source/GLProgram.h; sourceTree = "<group>"; };
		F198A04018A58DAD00A5165E /* GLShader.cpp */ = {isa = PBXFileReference; fileEncoding = 4; lastKnownFileType = sourcecode.cpp.cpp; name = GLShader.cpp; path = ../../source/GLShader.cpp; sourceTree = "<group>"; };
		F198A04118A58DAD00A5165E /* GLShader.h */ = {isa = PBXFileReference; fileEncoding = 4; lastKnownFileType = sourcecode.c.h; name = GLShader.h; path = ../../source/GLShader.h; sourceTree = "<group>"; };
		F198A04218A58DAD00A5165E /* GLStandardProgram.cpp */ = {isa = PBXFileReference; fileEncoding = 4; lastKnownFileType = sourcecode.cpp.cpp; name = GLStandardProgram.cpp; path = ../../source/GLStandardProgram.cpp; sourceTree = "<group>"; };
		F198A04318A58DAD00A5165E /* GLStandardProgram.h */ = {isa = PBXFileReference; fileEncoding = 4; lastKnownFileType = sourcecode.c.h; name = GLStandardProgram.h; path = ../../source/GLStandardProgram.h; sourceTree = "<group>"; };
		F198A04418A58DAD00A5165E /* GLTriangle.h */ = {isa = PBXFileReference; fileEncoding = 4; lastKnownFileType = sourcecode.c.h; name = GLTriangle.h; path = ../../source/GLTriangle.h; sourceTree = "<group>"; };
		F198A04518A58DAD00A5165E /* GObject.cpp */ = {isa = PBXFileReference; fileEncoding = 4; lastKnownFileType = sourcecode.cpp.cpp; name = GObject.cpp; path = ../../source/GObject.cpp; sourceTree = "<group>"; };
		F198A04618A58DAD00A5165E /* GObject.h */ = {isa = PBXFileReference; fileEncoding = 4; lastKnownFileType = sourcecode.c.h; name = GObject.h; path = ../../source/GObject.h; sourceTree = "<group>"; };
		F198A04718A58DAD00A5165E /* InputEvent.cpp */ = {isa = PBXFileReference; fileEncoding = 4; lastKnownFileType = sourcecode.cpp.cpp; name = InputEvent.cpp; path = ../../source/InputEvent.cpp; sourceTree = "<group>"; };
		F198A04818A58DAD00A5165E /* InputEvent.h */ = {isa = PBXFileReference; fileEncoding = 4; lastKnownFileType = sourcecode.c.h; name = InputEvent.h; path = ../../source/InputEvent.h; sourceTree = "<group>"; };
		F198A04918A58DAD00A5165E /* InstancedVoxelRenderSystem.cpp */ = {isa = PBXFileReference; fileEncoding = 4; lastKnownFileType = sourcecode.cpp.cpp; name = InstancedVoxelRenderSystem.cpp; path = ../../source/InstancedVoxelRenderSystem.cpp; sourceTree = "<group>"; };
		F198A04A18A58DAD00A5165E /* InstancedVoxelRenderSystem.h */ = {isa = PBXFileReference; fileEncoding = 4; lastKnownFileType = sourcecode.c.h; name = InstancedVoxelRenderSystem.h; path = ../../source/InstancedVoxelRenderSystem.h; sourceTree = "<group>"; };
		F198A04B18A58DAD00A5165E /* InterfaceGlobals.cpp */ = {isa = PBXFileReference; fileEncoding = 4; lastKnownFileType = sourcecode.cpp.cpp; name = InterfaceGlobals.cpp; path = ../../source/InterfaceGlobals.cpp; sourceTree = "<group>"; };
		F198A04C18A58DAD00A5165E /* InterfaceGlobals.h */ = {isa = PBXFileReference; fileEncoding = 4; lastKnownFileType = sourcecode.c.h; name = InterfaceGlobals.h; path = ../../source/InterfaceGlobals.h; sourceTree = "<group>"; };
		F198A04D18A58DAD00A5165E /* Label.cpp */ = {isa = PBXFileReference; fileEncoding = 4; lastKnownFileType = sourcecode.cpp.cpp; name = Label.cpp; path = ../../source/Label.cpp; sourceTree = "<group>"; };
		F198A04E18A58DAD00A5165E /* Label.h */ = {isa = PBXFileReference; fileEncoding = 4; lastKnownFileType = sourcecode.c.h; name = Label.h; path = ../../source/Label.h; sourceTree = "<group>"; };
		F198A04F18A58DAD00A5165E /* Letter.h */ = {isa = PBXFileReference; fileEncoding = 4; lastKnownFileType = sourcecode.c.h; name = Letter.h; path = ../../source/Letter.h; sourceTree = "<group>"; };
		F198A05018A58DAD00A5165E /* Listbox.cpp */ = {isa = PBXFileReference; fileEncoding = 4; lastKnownFileType = sourcecode.cpp.cpp; name = Listbox.cpp; path = ../../source/Listbox.cpp; sourceTree = "<group>"; };
		F198A05118A58DAD00A5165E /* Listbox.h */ = {isa = PBXFileReference; fileEncoding = 4; lastKnownFileType = sourcecode.c.h; name = Listbox.h; path = ../../source/Listbox.h; sourceTree = "<group>"; };
		F198A05218A58DAD00A5165E /* lodepng.cpp */ = {isa = PBXFileReference; fileEncoding = 4; lastKnownFileType = sourcecode.cpp.cpp; name = lodepng.cpp; path = ../../source/lodepng.cpp; sourceTree = "<group>"; };
		F198A05318A58DAD00A5165E /* lodepng.h */ = {isa = PBXFileReference; fileEncoding = 4; lastKnownFileType = sourcecode.c.h; name = lodepng.h; path = ../../source/lodepng.h; sourceTree = "<group>"; };
		F198A05418A58DAD00A5165E /* MaxDistanceFog.cpp */ = {isa = PBXFileReference; fileEncoding = 4; lastKnownFileType = sourcecode.cpp.cpp; name = MaxDistanceFog.cpp; path = ../../source/MaxDistanceFog.cpp; sourceTree = "<group>"; };
		F198A05518A58DAD00A5165E /* MaxDistanceFog.h */ = {isa = PBXFileReference; fileEncoding = 4; lastKnownFileType = sourcecode.c.h; name = MaxDistanceFog.h; path = ../../source/MaxDistanceFog.h; sourceTree = "<group>"; };
		F198A05618A58DAD00A5165E /* NinePatchBinary.cpp */ = {isa = PBXFileReference; fileEncoding = 4; lastKnownFileType = sourcecode.cpp.cpp; name = NinePatchBinary.cpp; path = ../../source/NinePatchBinary.cpp; sourceTree = "<group>"; };
		F198A05718A58DAD00A5165E /* NinePatchBinary.h */ = {isa = PBXFileReference; fileEncoding = 4; lastKnownFileType = sourcecode.c.h; name = NinePatchBinary.h; path = ../../source/NinePatchBinary.h; sourceTree = "<group>"; };
		F198A05818A58DAD00A5165E /* OS.cpp */ = {isa = PBXFileReference; fileEncoding = 4; lastKnownFileType = sourcecode.cpp.cpp; name = OS.cpp; path = ../../source/OS.cpp; sourceTree = "<group>"; };
		F198A05918A58DAD00A5165E /* OS.h */ = {isa = PBXFileReference; fileEncoding = 4; lastKnownFileType = sourcecode.c.h; name = OS.h; path = ../../source/OS.h; sourceTree = "<group>"; };
		F198A05A18A58DAD00A5165E /* RasterizedText.cpp */ = {isa = PBXFileReference; fileEncoding = 4; lastKnownFileType = sourcecode.cpp.cpp; name = RasterizedText.cpp; path = ../../source/RasterizedText.cpp; sourceTree = "<group>"; };
		F198A05B18A58DAD00A5165E /* RasterizedText.h */ = {isa = PBXFileReference; fileEncoding = 4; lastKnownFileType = sourcecode.c.h; name = RasterizedText.h; path = ../../source/RasterizedText.h; sourceTree = "<group>"; };
		F198A05C18A58DAD00A5165E /* Rect.cpp */ = {isa = PBXFileReference; fileEncoding = 4; lastKnownFileType = sourcecode.cpp.cpp; name = Rect.cpp; path = ../../source/Rect.cpp; sourceTree = "<group>"; };
		F198A05D18A58DAD00A5165E /* Rect.h */ = {isa = PBXFileReference; fileEncoding = 4; lastKnownFileType = sourcecode.c.h; name = Rect.h; path = ../../source/Rect.h; sourceTree = "<group>"; };
		F198A05E18A58DAD00A5165E /* ReflectionData.cpp */ = {isa = PBXFileReference; fileEncoding = 4; lastKnownFileType = sourcecode.cpp.cpp; name = ReflectionData.cpp; path = ../../source/ReflectionData.cpp; sourceTree = "<group>"; };
		F198A05F18A58DAD00A5165E /* ReflectionData.h */ = {isa = PBXFileReference; fileEncoding = 4; lastKnownFileType = sourcecode.c.h; name = ReflectionData.h; path = ../../source/ReflectionData.h; sourceTree = "<group>"; };
		F198A06018A58DAD00A5165E /* Resource.h */ = {isa = PBXFileReference; fileEncoding = 4; lastKnownFileType = sourcecode.c.h; name = Resource.h; path = ../../source/Resource.h; sourceTree = "<group>"; };
		F198A06118A58DAD00A5165E /* ShaderGroup.cpp */ = {isa = PBXFileReference; fileEncoding = 4; lastKnownFileType = sourcecode.cpp.cpp; name = ShaderGroup.cpp; path = ../../source/ShaderGroup.cpp; sourceTree = "<group>"; };
		F198A06218A58DAD00A5165E /* ShaderGroup.h */ = {isa = PBXFileReference; fileEncoding = 4; lastKnownFileType = sourcecode.c.h; name = ShaderGroup.h; path = ../../source/ShaderGroup.h; sourceTree = "<group>"; };
		F198A06318A58DAD00A5165E /* Shape.cpp */ = {isa = PBXFileReference; fileEncoding = 4; lastKnownFileType = sourcecode.cpp.cpp; name = Shape.cpp; path = ../../source/Shape.cpp; sourceTree = "<group>"; };
		F198A06418A58DAD00A5165E /* Shape.h */ = {isa = PBXFileReference; fileEncoding = 4; lastKnownFileType = sourcecode.c.h; name = Shape.h; path = ../../source/Shape.h; sourceTree = "<group>"; };
		F198A06518A58DAD00A5165E /* stdafx.cpp */ = {isa = PBXFileReference; fileEncoding = 4; lastKnownFileType = sourcecode.cpp.cpp; name = stdafx.cpp; path = ../../source/stdafx.cpp; sourceTree = "<group>"; };
		F198A06618A58DAD00A5165E /* stdafx.h */ = {isa = PBXFileReference; fileEncoding = 4; lastKnownFileType = sourcecode.c.h; name = stdafx.h; path = ../../source/stdafx.h; sourceTree = "<group>"; };
		F198A06718A58DAD00A5165E /* Textbox.cpp */ = {isa = PBXFileReference; fileEncoding = 4; lastKnownFileType = sourcecode.cpp.cpp; name = Textbox.cpp; path = ../../source/Textbox.cpp; sourceTree = "<group>"; };
		F198A06818A58DAD00A5165E /* Textbox.h */ = {isa = PBXFileReference; fileEncoding = 4; lastKnownFileType = sourcecode.c.h; name = Textbox.h; path = ../../source/Textbox.h; sourceTree = "<group>"; };
		F198A06918A58DAD00A5165E /* TileCell.h */ = {isa = PBXFileReference; fileEncoding = 4; lastKnownFileType = sourcecode.c.h; name = TileCell.h; path = ../../source/TileCell.h; sourceTree = "<group>"; };
		F198A06A18A58DAD00A5165E /* Utilities.cpp */ = {isa = PBXFileReference; fileEncoding = 4; lastKnownFileType = sourcecode.cpp.cpp; name = Utilities.cpp; path = ../../source/Utilities.cpp; sourceTree = "<group>"; };
		F198A06B18A58DAD00A5165E /* Utilities.h */ = {isa = PBXFileReference; fileEncoding = 4; lastKnownFileType = sourcecode.c.h; name = Utilities.h; path = ../../source/Utilities.h; sourceTree = "<group>"; };
		F198A06C18A58DAD00A5165E /* ViewDistanceCalc.cpp */ = {isa = PBXFileReference; fileEncoding = 4; lastKnownFileType = sourcecode.cpp.cpp; name = ViewDistanceCalc.cpp; path = ../../source/ViewDistanceCalc.cpp; sourceTree = "<group>"; };
		F198A06D18A58DAD00A5165E /* ViewDistanceCalc.h */ = {isa = PBXFileReference; fileEncoding = 4; lastKnownFileType = sourcecode.c.h; name = ViewDistanceCalc.h; path = ../../source/ViewDistanceCalc.h; sourceTree = "<group>"; };
		F198A06E18A58DAD00A5165E /* VoxelDrawSystem.cpp */ = {isa = PBXFileReference; fileEncoding = 4; lastKnownFileType = sourcecode.cpp.cpp; name = VoxelDrawSystem.cpp; path = ../../source/VoxelDrawSystem.cpp; sourceTree = "<group>"; };
		F198A06F18A58DAD00A5165E /* VoxelDrawSystem.h */ = {isa = PBXFileReference; fileEncoding = 4; lastKnownFileType = sourcecode.c.h; name = VoxelDrawSystem.h; path = ../../source/VoxelDrawSystem.h; sourceTree = "<group>"; };
		F198A07018A58DAD00A5165E /* VoxelSystem.cpp */ = {isa = PBXFileReference; fileEncoding = 4; lastKnownFileType = sourcecode.cpp.cpp; name = VoxelSystem.cpp; path = ../../source/VoxelSystem.cpp; sourceTree = "<group>"; };
		F198A07118A58DAD00A5165E /* VoxelSystem.h */ = {isa = PBXFileReference; fileEncoding = 4; lastKnownFileType = sourcecode.c.h; name = VoxelSystem.h; path = ../../source/VoxelSystem.h; sourceTree = "<group>"; };
		F198A07218A58DAD00A5165E /* VoxEngine.cpp */ = {isa = PBXFileReference; fileEncoding = 4; lastKnownFileType = sourcecode.cpp.cpp; name = VoxEngine.cpp; path = ../../source/VoxEngine.cpp; sourceTree = "<group>"; };
		F198A07318A58DAD00A5165E /* Window.cpp */ = {isa = PBXFileReference; fileEncoding = 4; lastKnownFileType = sourcecode.cpp.cpp; name = Window.cpp; path = ../../source/Window.cpp; sourceTree = "<group>"; };
		F198A07418A58DAD00A5165E /* Window.h */ = {isa = PBXFileReference; fileEncoding = 4; lastKnownFileType = sourcecode.c.h; name = Window.h; path = ../../source/Window.h; sourceTree = "<group>"; };
/* End PBXFileReference section */

/* Begin PBXFrameworksBuildPhase section */
		F1989FD118A58C3900A5165E /* Frameworks */ = {
			isa = PBXFrameworksBuildPhase;
			buildActionMask = 2147483647;
			files = (
				F1989FDA18A58C3900A5165E /* CoreGraphics.framework in Frameworks */,
				F1989FDC18A58C3900A5165E /* UIKit.framework in Frameworks */,
				F1989FD818A58C3900A5165E /* Foundation.framework in Frameworks */,
			);
			runOnlyForDeploymentPostprocessing = 0;
		};
/* End PBXFrameworksBuildPhase section */

/* Begin PBXGroup section */
		F1989FCB18A58C3900A5165E = {
			isa = PBXGroup;
			children = (
				F1989FDD18A58C3900A5165E /* VoxEngine */,
				F1989FDE18A58C3900A5165E /* Supporting Files */,
				F1989FD618A58C3900A5165E /* Frameworks */,
				F1989FD518A58C3900A5165E /* Products */,
			);
			sourceTree = "<group>";
		};
		F1989FD518A58C3900A5165E /* Products */ = {
			isa = PBXGroup;
			children = (
				F1989FD418A58C3900A5165E /* VoxEngine.app */,
			);
			name = Products;
			sourceTree = "<group>";
		};
		F1989FD618A58C3900A5165E /* Frameworks */ = {
			isa = PBXGroup;
			children = (
				F1989FD718A58C3900A5165E /* Foundation.framework */,
				F1989FD918A58C3900A5165E /* CoreGraphics.framework */,
				F1989FDB18A58C3900A5165E /* UIKit.framework */,
			);
			name = Frameworks;
			sourceTree = "<group>";
		};
		F1989FDD18A58C3900A5165E /* VoxEngine */ = {
			isa = PBXGroup;
			children = (
				F198A0AA18A58DB600A5165E /* include */,
				F198A0AB18A58DFE00A5165E /* src */,
			);
			path = VoxEngine;
			sourceTree = "<group>";
		};
		F1989FDE18A58C3900A5165E /* Supporting Files */ = {
			isa = PBXGroup;
			children = (
				F1989FE918A58C3900A5165E /* Images.xcassets */,
				F1989FDF18A58C3900A5165E /* VoxEngine-Info.plist */,
				F1989FE018A58C3900A5165E /* InfoPlist.strings */,
				F1989FE518A58C3900A5165E /* VoxEngine-Prefix.pch */,
			);
			name = "Supporting Files";
			path = VoxEngine;
			sourceTree = "<group>";
		};
		F198A0AA18A58DB600A5165E /* include */ = {
			isa = PBXGroup;
			children = (
				F198A00718A58DAD00A5165E /* AuxLogger.h */,
				F198A00918A58DAD00A5165E /* BaseFrame.h */,
				F198A00B18A58DAD00A5165E /* BasicVoxelRenderSystem.h */,
				F198A00D18A58DAD00A5165E /* Button.h */,
				F198A00F18A58DAD00A5165E /* ComboBox.h */,
				F198A01118A58DAD00A5165E /* Control.h */,
				F198A01318A58DAD00A5165E /* ControlBase.h */,
				F198A01518A58DAD00A5165E /* DebugWindow.h */,
				F198A01718A58DAD00A5165E /* ErrorWindow.h */,
				F198A01918A58DAD00A5165E /* Font.h */,
				F198A01B18A58DAD00A5165E /* FPSCounter.h */,
				F198A01D18A58DAD00A5165E /* Frames.h */,
				F198A01F18A58DAD00A5165E /* GameCamera.h */,
				F198A02118A58DAD00A5165E /* GameEvent.h */,
				F198A02218A58DAD00A5165E /* GameEventInterface.h */,
				F198A02418A58DAD00A5165E /* GameEventSubscriber.h */,
				F198A02618A58DAD00A5165E /* GameSave.h */,
				F198A02818A58DAD00A5165E /* GameSystem.h */,
				F198A02A18A58DAD00A5165E /* GameTile.h */,
				F198A02C18A58DAD00A5165E /* GL2DProgram.h */,
				F198A02E18A58DAD00A5165E /* GL2DVertexGroup.h */,
				F198A03018A58DAD00A5165E /* GL3DProgram.h */,
				F198A03218A58DAD00A5165E /* GLCamera.h */,
				F198A03418A58DAD00A5165E /* GLClipping.h */,
				F198A03618A58DAD00A5165E /* GLFrameBuffer.h */,
				F198A03818A58DAD00A5165E /* GLLight.h */,
				F198A03A18A58DAD00A5165E /* GLLighting.h */,
				F198A03B18A58DAD00A5165E /* GLLightProgram.h */,
				F198A03D18A58DAD00A5165E /* GLModel.h */,
				F198A03F18A58DAD00A5165E /* GLProgram.h */,
				F198A04118A58DAD00A5165E /* GLShader.h */,
				F198A04318A58DAD00A5165E /* GLStandardProgram.h */,
				F198A04418A58DAD00A5165E /* GLTriangle.h */,
				F198A04618A58DAD00A5165E /* GObject.h */,
				F198A04818A58DAD00A5165E /* InputEvent.h */,
				F198A04A18A58DAD00A5165E /* InstancedVoxelRenderSystem.h */,
				F198A04C18A58DAD00A5165E /* InterfaceGlobals.h */,
				F198A04E18A58DAD00A5165E /* Label.h */,
				F198A04F18A58DAD00A5165E /* Letter.h */,
				F198A05118A58DAD00A5165E /* Listbox.h */,
				F198A05318A58DAD00A5165E /* lodepng.h */,
				F198A05518A58DAD00A5165E /* MaxDistanceFog.h */,
				F198A05718A58DAD00A5165E /* NinePatchBinary.h */,
				F198A05918A58DAD00A5165E /* OS.h */,
				F198A05B18A58DAD00A5165E /* RasterizedText.h */,
				F198A05D18A58DAD00A5165E /* Rect.h */,
				F198A05F18A58DAD00A5165E /* ReflectionData.h */,
				F198A06018A58DAD00A5165E /* Resource.h */,
				F198A06218A58DAD00A5165E /* ShaderGroup.h */,
				F198A06418A58DAD00A5165E /* Shape.h */,
				F198A06618A58DAD00A5165E /* stdafx.h */,
				F198A06818A58DAD00A5165E /* Textbox.h */,
				F198A06918A58DAD00A5165E /* TileCell.h */,
				F198A06B18A58DAD00A5165E /* Utilities.h */,
				F198A06D18A58DAD00A5165E /* ViewDistanceCalc.h */,
				F198A06F18A58DAD00A5165E /* VoxelDrawSystem.h */,
				F198A07118A58DAD00A5165E /* VoxelSystem.h */,
				F198A07418A58DAD00A5165E /* Window.h */,
			);
			name = include;
			sourceTree = "<group>";
		};
		F198A0AB18A58DFE00A5165E /* src */ = {
			isa = PBXGroup;
			children = (
				F198A00618A58DAD00A5165E /* AuxLogger.cpp */,
				F198A00818A58DAD00A5165E /* BaseFrame.cpp */,
				F198A00A18A58DAD00A5165E /* BasicVoxelRenderSystem.cpp */,
				F198A00C18A58DAD00A5165E /* Button.cpp */,
				F198A00E18A58DAD00A5165E /* ComboBox.cpp */,
				F198A01018A58DAD00A5165E /* Control.cpp */,
				F198A01218A58DAD00A5165E /* ControlBase.cpp */,
				F198A01418A58DAD00A5165E /* DebugWindow.cpp */,
				F198A01618A58DAD00A5165E /* ErrorWindow.cpp */,
				F198A01818A58DAD00A5165E /* Font.cpp */,
				F198A01A18A58DAD00A5165E /* FPSCounter.cpp */,
				F198A01C18A58DAD00A5165E /* Frames.cpp */,
				F198A01E18A58DAD00A5165E /* GameCamera.cpp */,
				F198A02018A58DAD00A5165E /* GameEvent.cpp */,
				F198A02318A58DAD00A5165E /* GameEventSubscriber.cpp */,
				F198A02518A58DAD00A5165E /* GameSave.cpp */,
				F198A02718A58DAD00A5165E /* GameSystem.cpp */,
				F198A02918A58DAD00A5165E /* GameTile.cpp */,
				F198A02B18A58DAD00A5165E /* GL2DProgram.cpp */,
				F198A02D18A58DAD00A5165E /* GL2DVertexGroup.cpp */,
				F198A02F18A58DAD00A5165E /* GL3DProgram.cpp */,
				F198A03118A58DAD00A5165E /* GLCamera.cpp */,
				F198A03318A58DAD00A5165E /* GLClipping.cpp */,
				F198A03518A58DAD00A5165E /* GLFrameBuffer.cpp */,
				F198A03718A58DAD00A5165E /* GLLight.cpp */,
				F198A03918A58DAD00A5165E /* GLLighting.cpp */,
				F198A03C18A58DAD00A5165E /* GLModel.cpp */,
				F198A03E18A58DAD00A5165E /* GLProgram.cpp */,
				F198A04018A58DAD00A5165E /* GLShader.cpp */,
				F198A04218A58DAD00A5165E /* GLStandardProgram.cpp */,
				F198A04518A58DAD00A5165E /* GObject.cpp */,
				F198A04718A58DAD00A5165E /* InputEvent.cpp */,
				F198A04918A58DAD00A5165E /* InstancedVoxelRenderSystem.cpp */,
				F198A04B18A58DAD00A5165E /* InterfaceGlobals.cpp */,
				F198A04D18A58DAD00A5165E /* Label.cpp */,
				F198A05018A58DAD00A5165E /* Listbox.cpp */,
				F198A05218A58DAD00A5165E /* lodepng.cpp */,
				F198A05418A58DAD00A5165E /* MaxDistanceFog.cpp */,
				F198A05618A58DAD00A5165E /* NinePatchBinary.cpp */,
				F198A05818A58DAD00A5165E /* OS.cpp */,
				F198A05A18A58DAD00A5165E /* RasterizedText.cpp */,
				F198A05C18A58DAD00A5165E /* Rect.cpp */,
				F198A05E18A58DAD00A5165E /* ReflectionData.cpp */,
				F198A06118A58DAD00A5165E /* ShaderGroup.cpp */,
				F198A06318A58DAD00A5165E /* Shape.cpp */,
				F198A06518A58DAD00A5165E /* stdafx.cpp */,
				F198A06718A58DAD00A5165E /* Textbox.cpp */,
				F198A06A18A58DAD00A5165E /* Utilities.cpp */,
				F198A06C18A58DAD00A5165E /* ViewDistanceCalc.cpp */,
				F198A06E18A58DAD00A5165E /* VoxelDrawSystem.cpp */,
				F198A07018A58DAD00A5165E /* VoxelSystem.cpp */,
				F198A07218A58DAD00A5165E /* VoxEngine.cpp */,
				F198A07318A58DAD00A5165E /* Window.cpp */,
			);
			name = src;
			sourceTree = "<group>";
		};
/* End PBXGroup section */

/* Begin PBXNativeTarget section */
		F1989FD318A58C3900A5165E /* VoxEngine */ = {
			isa = PBXNativeTarget;
			buildConfigurationList = F198A00018A58C3900A5165E /* Build configuration list for PBXNativeTarget "VoxEngine" */;
			buildPhases = (
				F1989FD018A58C3900A5165E /* Sources */,
				F1989FD118A58C3900A5165E /* Frameworks */,
				F1989FD218A58C3900A5165E /* Resources */,
			);
			buildRules = (
			);
			dependencies = (
			);
			name = VoxEngine;
			productName = VoxEngine;
			productReference = F1989FD418A58C3900A5165E /* VoxEngine.app */;
			productType = "com.apple.product-type.application";
		};
/* End PBXNativeTarget section */

/* Begin PBXProject section */
		F1989FCC18A58C3900A5165E /* Project object */ = {
			isa = PBXProject;
			attributes = {
				LastUpgradeCheck = 0500;
				ORGANIZATIONNAME = HoodooNet;
			};
			buildConfigurationList = F1989FCF18A58C3900A5165E /* Build configuration list for PBXProject "VoxEngine" */;
			compatibilityVersion = "Xcode 3.2";
			developmentRegion = English;
			hasScannedForEncodings = 0;
			knownRegions = (
				en,
			);
			mainGroup = F1989FCB18A58C3900A5165E;
			productRefGroup = F1989FD518A58C3900A5165E /* Products */;
			projectDirPath = "";
			projectRoot = "";
			targets = (
				F1989FD318A58C3900A5165E /* VoxEngine */,
			);
		};
/* End PBXProject section */

/* Begin PBXResourcesBuildPhase section */
		F1989FD218A58C3900A5165E /* Resources */ = {
			isa = PBXResourcesBuildPhase;
			buildActionMask = 2147483647;
			files = (
				F1989FE218A58C3900A5165E /* InfoPlist.strings in Resources */,
				F1989FEA18A58C3900A5165E /* Images.xcassets in Resources */,
			);
			runOnlyForDeploymentPostprocessing = 0;
		};
/* End PBXResourcesBuildPhase section */

/* Begin PBXSourcesBuildPhase section */
		F1989FD018A58C3900A5165E /* Sources */ = {
			isa = PBXSourcesBuildPhase;
			buildActionMask = 2147483647;
			files = (
				F198A08218A58DAD00A5165E /* GameEvent.cpp in Sources */,
				F198A07918A58DAD00A5165E /* ComboBox.cpp in Sources */,
				F198A09518A58DAD00A5165E /* InstancedVoxelRenderSystem.cpp in Sources */,
				F198A08018A58DAD00A5165E /* Frames.cpp in Sources */,
				F198A0A018A58DAD00A5165E /* ShaderGroup.cpp in Sources */,
				F198A0A718A58DAD00A5165E /* VoxelSystem.cpp in Sources */,
				F198A08318A58DAD00A5165E /* GameEventSubscriber.cpp in Sources */,
				F198A08818A58DAD00A5165E /* GL2DVertexGroup.cpp in Sources */,
				F198A09718A58DAD00A5165E /* Label.cpp in Sources */,
				F198A07B18A58DAD00A5165E /* ControlBase.cpp in Sources */,
				F198A07618A58DAD00A5165E /* BaseFrame.cpp in Sources */,
				F198A09B18A58DAD00A5165E /* NinePatchBinary.cpp in Sources */,
				F198A08A18A58DAD00A5165E /* GLCamera.cpp in Sources */,
				F198A09A18A58DAD00A5165E /* MaxDistanceFog.cpp in Sources */,
				F198A08418A58DAD00A5165E /* GameSave.cpp in Sources */,
				F198A09118A58DAD00A5165E /* GLShader.cpp in Sources */,
				F198A09318A58DAD00A5165E /* GObject.cpp in Sources */,
				F198A0A818A58DAD00A5165E /* VoxEngine.cpp in Sources */,
				F198A09918A58DAD00A5165E /* lodepng.cpp in Sources */,
				F198A0A118A58DAD00A5165E /* Shape.cpp in Sources */,
				F198A07518A58DAD00A5165E /* AuxLogger.cpp in Sources */,
				F198A0A618A58DAD00A5165E /* VoxelDrawSystem.cpp in Sources */,
				F198A09D18A58DAD00A5165E /* RasterizedText.cpp in Sources */,
				F198A07E18A58DAD00A5165E /* Font.cpp in Sources */,
				F198A0A518A58DAD00A5165E /* ViewDistanceCalc.cpp in Sources */,
				F198A07718A58DAD00A5165E /* BasicVoxelRenderSystem.cpp in Sources */,
				F198A0A918A58DAD00A5165E /* Window.cpp in Sources */,
				F198A08E18A58DAD00A5165E /* GLLighting.cpp in Sources */,
				F198A09818A58DAD00A5165E /* Listbox.cpp in Sources */,
				F198A07D18A58DAD00A5165E /* ErrorWindow.cpp in Sources */,
				F198A07818A58DAD00A5165E /* Button.cpp in Sources */,
				F198A0A418A58DAD00A5165E /* Utilities.cpp in Sources */,
				F198A09618A58DAD00A5165E /* InterfaceGlobals.cpp in Sources */,
				F198A09418A58DAD00A5165E /* InputEvent.cpp in Sources */,
				F198A09C18A58DAD00A5165E /* OS.cpp in Sources */,
				F198A08B18A58DAD00A5165E /* GLClipping.cpp in Sources */,
				F198A08918A58DAD00A5165E /* GL3DProgram.cpp in Sources */,
				F198A0A218A58DAD00A5165E /* stdafx.cpp in Sources */,
				F198A09018A58DAD00A5165E /* GLProgram.cpp in Sources */,
				F198A08518A58DAD00A5165E /* GameSystem.cpp in Sources */,
				F198A07F18A58DAD00A5165E /* FPSCounter.cpp in Sources */,
				F198A08C18A58DAD00A5165E /* GLFrameBuffer.cpp in Sources */,
				F198A09E18A58DAD00A5165E /* Rect.cpp in Sources */,
				F198A08118A58DAD00A5165E /* GameCamera.cpp in Sources */,
				F198A08D18A58DAD00A5165E /* GLLight.cpp in Sources */,
				F198A07A18A58DAD00A5165E /* Control.cpp in Sources */,
				F198A0A318A58DAD00A5165E /* Textbox.cpp in Sources */,
				F198A07C18A58DAD00A5165E /* DebugWindow.cpp in Sources */,
				F198A08618A58DAD00A5165E /* GameTile.cpp in Sources */,
				F198A08718A58DAD00A5165E /* GL2DProgram.cpp in Sources */,
				F198A09F18A58DAD00A5165E /* ReflectionData.cpp in Sources */,
				F198A09218A58DAD00A5165E /* GLStandardProgram.cpp in Sources */,
				F198A08F18A58DAD00A5165E /* GLModel.cpp in Sources */,
			);
			runOnlyForDeploymentPostprocessing = 0;
		};
/* End PBXSourcesBuildPhase section */

/* Begin PBXVariantGroup section */
		F1989FE018A58C3900A5165E /* InfoPlist.strings */ = {
			isa = PBXVariantGroup;
			children = (
				F1989FE118A58C3900A5165E /* en */,
			);
			name = InfoPlist.strings;
			sourceTree = "<group>";
		};
/* End PBXVariantGroup section */

/* Begin XCBuildConfiguration section */
		F1989FFE18A58C3900A5165E /* Debug */ = {
			isa = XCBuildConfiguration;
			buildSettings = {
				ALWAYS_SEARCH_USER_PATHS = NO;
				ARCHS = "$(ARCHS_STANDARD_INCLUDING_64_BIT)";
				CLANG_CXX_LANGUAGE_STANDARD = "c++11";
				CLANG_CXX_LIBRARY = "libc++";
				CLANG_ENABLE_MODULES = YES;
				CLANG_ENABLE_OBJC_ARC = YES;
				CLANG_WARN_BOOL_CONVERSION = YES;
				CLANG_WARN_CONSTANT_CONVERSION = YES;
				CLANG_WARN_DIRECT_OBJC_ISA_USAGE = YES_ERROR;
				CLANG_WARN_EMPTY_BODY = YES;
				CLANG_WARN_ENUM_CONVERSION = YES;
				CLANG_WARN_INT_CONVERSION = YES;
				CLANG_WARN_OBJC_ROOT_CLASS = YES_ERROR;
				CLANG_WARN__DUPLICATE_METHOD_MATCH = YES;
				"CODE_SIGN_IDENTITY[sdk=iphoneos*]" = "iPhone Developer";
				COPY_PHASE_STRIP = NO;
				GCC_C_LANGUAGE_STANDARD = gnu99;
				GCC_DYNAMIC_NO_PIC = NO;
				GCC_OPTIMIZATION_LEVEL = 0;
				GCC_PREPROCESSOR_DEFINITIONS = (
					"DEBUG=1",
					"$(inherited)",
				);
				GCC_SYMBOLS_PRIVATE_EXTERN = NO;
				GCC_WARN_64_TO_32_BIT_CONVERSION = YES;
				GCC_WARN_ABOUT_RETURN_TYPE = YES_ERROR;
				GCC_WARN_UNDECLARED_SELECTOR = YES;
				GCC_WARN_UNINITIALIZED_AUTOS = YES;
				GCC_WARN_UNUSED_FUNCTION = YES;
				GCC_WARN_UNUSED_VARIABLE = YES;
				IPHONEOS_DEPLOYMENT_TARGET = 7.0;
				ONLY_ACTIVE_ARCH = YES;
				OTHER_CFLAGS = "-D__IPHONEOS__";
				SDKROOT = iphoneos;
				TARGETED_DEVICE_FAMILY = "1,2";
			};
			name = Debug;
		};
		F1989FFF18A58C3900A5165E /* Release */ = {
			isa = XCBuildConfiguration;
			buildSettings = {
				ALWAYS_SEARCH_USER_PATHS = NO;
				ARCHS = "$(ARCHS_STANDARD_INCLUDING_64_BIT)";
				CLANG_CXX_LANGUAGE_STANDARD = "c++11";
				CLANG_CXX_LIBRARY = "libc++";
				CLANG_ENABLE_MODULES = YES;
				CLANG_ENABLE_OBJC_ARC = YES;
				CLANG_WARN_BOOL_CONVERSION = YES;
				CLANG_WARN_CONSTANT_CONVERSION = YES;
				CLANG_WARN_DIRECT_OBJC_ISA_USAGE = YES_ERROR;
				CLANG_WARN_EMPTY_BODY = YES;
				CLANG_WARN_ENUM_CONVERSION = YES;
				CLANG_WARN_INT_CONVERSION = YES;
				CLANG_WARN_OBJC_ROOT_CLASS = YES_ERROR;
				CLANG_WARN__DUPLICATE_METHOD_MATCH = YES;
				"CODE_SIGN_IDENTITY[sdk=iphoneos*]" = "iPhone Distribution";
				COPY_PHASE_STRIP = YES;
				ENABLE_NS_ASSERTIONS = NO;
				GCC_C_LANGUAGE_STANDARD = gnu99;
				GCC_WARN_64_TO_32_BIT_CONVERSION = YES;
				GCC_WARN_ABOUT_RETURN_TYPE = YES_ERROR;
				GCC_WARN_UNDECLARED_SELECTOR = YES;
				GCC_WARN_UNINITIALIZED_AUTOS = YES;
				GCC_WARN_UNUSED_FUNCTION = YES;
				GCC_WARN_UNUSED_VARIABLE = YES;
				IPHONEOS_DEPLOYMENT_TARGET = 7.0;
				ONLY_ACTIVE_ARCH = NO;
				OTHER_CFLAGS = "-D__IPHONEOS__";
				SDKROOT = iphoneos;
				TARGETED_DEVICE_FAMILY = "1,2";
				VALIDATE_PRODUCT = YES;
			};
			name = Release;
		};
		F198A00118A58C3900A5165E /* Debug */ = {
			isa = XCBuildConfiguration;
			buildSettings = {
				ASSETCATALOG_COMPILER_APPICON_NAME = AppIcon;
				ASSETCATALOG_COMPILER_LAUNCHIMAGE_NAME = LaunchImage;
				GCC_PRECOMPILE_PREFIX_HEADER = YES;
				GCC_PREFIX_HEADER = "VoxEngine/VoxEngine-Prefix.pch";
				INFOPLIST_FILE = "VoxEngine/VoxEngine-Info.plist";
				PRODUCT_NAME = "$(TARGET_NAME)";
				WRAPPER_EXTENSION = app;
			};
			name = Debug;
		};
		F198A00218A58C3900A5165E /* Release */ = {
			isa = XCBuildConfiguration;
			buildSettings = {
				ASSETCATALOG_COMPILER_APPICON_NAME = AppIcon;
				ASSETCATALOG_COMPILER_LAUNCHIMAGE_NAME = LaunchImage;
				GCC_PRECOMPILE_PREFIX_HEADER = YES;
				GCC_PREFIX_HEADER = "VoxEngine/VoxEngine-Prefix.pch";
				INFOPLIST_FILE = "VoxEngine/VoxEngine-Info.plist";
				PRODUCT_NAME = "$(TARGET_NAME)";
				WRAPPER_EXTENSION = app;
			};
			name = Release;
		};
/* End XCBuildConfiguration section */

/* Begin XCConfigurationList section */
		F1989FCF18A58C3900A5165E /* Build configuration list for PBXProject "VoxEngine" */ = {
			isa = XCConfigurationList;
			buildConfigurations = (
				F1989FFE18A58C3900A5165E /* Debug */,
				F1989FFF18A58C3900A5165E /* Release */,
			);
			defaultConfigurationIsVisible = 0;
			defaultConfigurationName = Release;
		};
		F198A00018A58C3900A5165E /* Build configuration list for PBXNativeTarget "VoxEngine" */ = {
			isa = XCConfigurationList;
			buildConfigurations = (
				F198A00118A58C3900A5165E /* Debug */,
				F198A00218A58C3900A5165E /* Release */,
			);
			defaultConfigurationIsVisible = 0;
			defaultConfigurationName = Release;
		};
/* End XCConfigurationList section */
	};
	rootObject = F1989FCC18A58C3900A5165E /* Project object */;
}
