// !$*UTF8*$!
{
	archiveVersion = 1;
	classes = {
	};
	objectVersion = 46;
	objects = {

/* Begin PBXBuildFile section */
		F11C7EF818A8A7F9004BC84B /* latlon.cpp in Sources */ = {isa = PBXBuildFile; fileRef = F13517E418A8A5A20078FDA4 /* latlon.cpp */; };
		F11C7EF918A8A7F9004BC84B /* noisegen.cpp in Sources */ = {isa = PBXBuildFile; fileRef = F13517E518A8A5A20078FDA4 /* noisegen.cpp */; };
		F11C7EFA18A8A7F9004BC84B /* cylinder.cpp in Sources */ = {isa = PBXBuildFile; fileRef = F13517E818A8A5AF0078FDA4 /* cylinder.cpp */; };
		F11C7EFB18A8A7F9004BC84B /* line.cpp in Sources */ = {isa = PBXBuildFile; fileRef = F13517E918A8A5AF0078FDA4 /* line.cpp */; };
		F11C7EFC18A8A7F9004BC84B /* plane.cpp in Sources */ = {isa = PBXBuildFile; fileRef = F13517EA18A8A5AF0078FDA4 /* plane.cpp */; };
		F11C7EFD18A8A7F9004BC84B /* sphere.cpp in Sources */ = {isa = PBXBuildFile; fileRef = F13517EB18A8A5AF0078FDA4 /* sphere.cpp */; };
		F11C7EFE18A8A7F9004BC84B /* abs.cpp in Sources */ = {isa = PBXBuildFile; fileRef = F13517F018A8A5D60078FDA4 /* abs.cpp */; };
		F11C7EFF18A8A7F9004BC84B /* add.cpp in Sources */ = {isa = PBXBuildFile; fileRef = F13517F118A8A5D60078FDA4 /* add.cpp */; };
		F11C7F0018A8A7F9004BC84B /* billow.cpp in Sources */ = {isa = PBXBuildFile; fileRef = F13517F218A8A5D60078FDA4 /* billow.cpp */; };
		F11C7F0118A8A7F9004BC84B /* blend.cpp in Sources */ = {isa = PBXBuildFile; fileRef = F13517F318A8A5D60078FDA4 /* blend.cpp */; };
		F11C7F0218A8A7F9004BC84B /* cache.cpp in Sources */ = {isa = PBXBuildFile; fileRef = F13517F418A8A5D60078FDA4 /* cache.cpp */; };
		F11C7F0318A8A7F9004BC84B /* checkerboard.cpp in Sources */ = {isa = PBXBuildFile; fileRef = F13517F518A8A5D60078FDA4 /* checkerboard.cpp */; };
		F11C7F0418A8A7F9004BC84B /* clamp.cpp in Sources */ = {isa = PBXBuildFile; fileRef = F13517F618A8A5D60078FDA4 /* clamp.cpp */; };
		F11C7F0518A8A7F9004BC84B /* const.cpp in Sources */ = {isa = PBXBuildFile; fileRef = F13517F718A8A5D60078FDA4 /* const.cpp */; };
		F11C7F0618A8A7F9004BC84B /* curve.cpp in Sources */ = {isa = PBXBuildFile; fileRef = F13517F818A8A5D60078FDA4 /* curve.cpp */; };
		F11C7F0718A8A7F9004BC84B /* cylinders.cpp in Sources */ = {isa = PBXBuildFile; fileRef = F13517F918A8A5D60078FDA4 /* cylinders.cpp */; };
		F11C7F0818A8A7F9004BC84B /* displace.cpp in Sources */ = {isa = PBXBuildFile; fileRef = F13517FA18A8A5D60078FDA4 /* displace.cpp */; };
		F11C7F0918A8A7F9004BC84B /* exponent.cpp in Sources */ = {isa = PBXBuildFile; fileRef = F13517FB18A8A5D60078FDA4 /* exponent.cpp */; };
		F11C7F0A18A8A7F9004BC84B /* invert.cpp in Sources */ = {isa = PBXBuildFile; fileRef = F13517FC18A8A5D60078FDA4 /* invert.cpp */; };
		F11C7F0B18A8A7F9004BC84B /* max.cpp in Sources */ = {isa = PBXBuildFile; fileRef = F13517FD18A8A5D60078FDA4 /* max.cpp */; };
		F11C7F0C18A8A7F9004BC84B /* min.cpp in Sources */ = {isa = PBXBuildFile; fileRef = F13517FE18A8A5D60078FDA4 /* min.cpp */; };
		F11C7F0D18A8A7F9004BC84B /* modulebase.cpp in Sources */ = {isa = PBXBuildFile; fileRef = F13517FF18A8A5D60078FDA4 /* modulebase.cpp */; };
		F11C7F0E18A8A7F9004BC84B /* multiply.cpp in Sources */ = {isa = PBXBuildFile; fileRef = F135180018A8A5D60078FDA4 /* multiply.cpp */; };
		F11C7F0F18A8A7F9004BC84B /* perlin.cpp in Sources */ = {isa = PBXBuildFile; fileRef = F135180118A8A5D60078FDA4 /* perlin.cpp */; };
		F11C7F1018A8A7F9004BC84B /* power.cpp in Sources */ = {isa = PBXBuildFile; fileRef = F135180218A8A5D60078FDA4 /* power.cpp */; };
		F11C7F1118A8A7F9004BC84B /* ridgedmulti.cpp in Sources */ = {isa = PBXBuildFile; fileRef = F135180318A8A5D60078FDA4 /* ridgedmulti.cpp */; };
		F11C7F1218A8A7F9004BC84B /* rotatepoint.cpp in Sources */ = {isa = PBXBuildFile; fileRef = F135180418A8A5D60078FDA4 /* rotatepoint.cpp */; };
		F11C7F1318A8A7F9004BC84B /* scalebias.cpp in Sources */ = {isa = PBXBuildFile; fileRef = F135180518A8A5D60078FDA4 /* scalebias.cpp */; };
		F11C7F1418A8A7F9004BC84B /* scalepoint.cpp in Sources */ = {isa = PBXBuildFile; fileRef = F135180618A8A5D60078FDA4 /* scalepoint.cpp */; };
		F11C7F1518A8A7F9004BC84B /* select.cpp in Sources */ = {isa = PBXBuildFile; fileRef = F135180718A8A5D60078FDA4 /* select.cpp */; };
		F11C7F1618A8A7F9004BC84B /* spheres.cpp in Sources */ = {isa = PBXBuildFile; fileRef = F135180818A8A5D60078FDA4 /* spheres.cpp */; };
		F11C7F1718A8A7F9004BC84B /* terrace.cpp in Sources */ = {isa = PBXBuildFile; fileRef = F135180918A8A5D60078FDA4 /* terrace.cpp */; };
		F11C7F1818A8A7F9004BC84B /* translatepoint.cpp in Sources */ = {isa = PBXBuildFile; fileRef = F135180A18A8A5D60078FDA4 /* translatepoint.cpp */; };
		F11C7F1918A8A7F9004BC84B /* turbulence.cpp in Sources */ = {isa = PBXBuildFile; fileRef = F135180B18A8A5D60078FDA4 /* turbulence.cpp */; };
		F11C7F1A18A8A7F9004BC84B /* voronoi.cpp in Sources */ = {isa = PBXBuildFile; fileRef = F135180C18A8A5D60078FDA4 /* voronoi.cpp */; };
		F136298F18A599CC0006A8BB /* OpenGLES.framework in Frameworks */ = {isa = PBXBuildFile; fileRef = F136298E18A599CC0006A8BB /* OpenGLES.framework */; };
		F136299118A599E20006A8BB /* CoreAudio.framework in Frameworks */ = {isa = PBXBuildFile; fileRef = F136299018A599E20006A8BB /* CoreAudio.framework */; };
		F136299318A599F60006A8BB /* CoreMedia.framework in Frameworks */ = {isa = PBXBuildFile; fileRef = F136299218A599F60006A8BB /* CoreMedia.framework */; };
		F136299518A59A050006A8BB /* AudioToolbox.framework in Frameworks */ = {isa = PBXBuildFile; fileRef = F136299418A59A050006A8BB /* AudioToolbox.framework */; };
		F136299B18A59BB40006A8BB /* CoreGraphics.framework in Frameworks */ = {isa = PBXBuildFile; fileRef = F1989FD918A58C3900A5165E /* CoreGraphics.framework */; };
		F136299C18A59BE70006A8BB /* QuartzCore.framework in Frameworks */ = {isa = PBXBuildFile; fileRef = F136299918A59B780006A8BB /* QuartzCore.framework */; };
		F1989FD818A58C3900A5165E /* Foundation.framework in Frameworks */ = {isa = PBXBuildFile; fileRef = F1989FD718A58C3900A5165E /* Foundation.framework */; };
		F1989FDC18A58C3900A5165E /* UIKit.framework in Frameworks */ = {isa = PBXBuildFile; fileRef = F1989FDB18A58C3900A5165E /* UIKit.framework */; };
		F1989FE218A58C3900A5165E /* InfoPlist.strings in Resources */ = {isa = PBXBuildFile; fileRef = F1989FE018A58C3900A5165E /* InfoPlist.strings */; };
		F1989FEA18A58C3900A5165E /* Images.xcassets in Resources */ = {isa = PBXBuildFile; fileRef = F1989FE918A58C3900A5165E /* Images.xcassets */; };
		F1C6999218A728FC00442752 /* basic-h.png in Resources */ = {isa = PBXBuildFile; fileRef = F1C6998E18A728FC00442752 /* basic-h.png */; };
		F1C6999318A728FC00442752 /* Interface in Resources */ = {isa = PBXBuildFile; fileRef = F1C6998F18A728FC00442752 /* Interface */; };
		F1C6999418A728FC00442752 /* loading.png in Resources */ = {isa = PBXBuildFile; fileRef = F1C6999018A728FC00442752 /* loading.png */; };
		F1C6999518A728FC00442752 /* terrain in Resources */ = {isa = PBXBuildFile; fileRef = F1C6999118A728FC00442752 /* terrain */; };
		F1DE040818B29A2800FA53AC /* sounds in Resources */ = {isa = PBXBuildFile; fileRef = F1DE040718B29A2800FA53AC /* sounds */; };
		F1E65A9818AA0BA300A799C9 /* libSDL2_mixer.a in Frameworks */ = {isa = PBXBuildFile; fileRef = F1E65A9218AA0BA300A799C9 /* libSDL2_mixer.a */; };
		F1E65A9A18AA0BA300A799C9 /* libSDL2_ttf.a in Frameworks */ = {isa = PBXBuildFile; fileRef = F1E65A9418AA0BA300A799C9 /* libSDL2_ttf.a */; };
		F1E65A9C18AA0BA300A799C9 /* libSDL2.a in Frameworks */ = {isa = PBXBuildFile; fileRef = F1E65A9618AA0BA300A799C9 /* libSDL2.a */; };
		F1E709A918B9BB13007E7ED2 /* Actor.cpp in Sources */ = {isa = PBXBuildFile; fileRef = F1E708FE18B9BB12007E7ED2 /* Actor.cpp */; };
		F1E709AA18B9BB13007E7ED2 /* ActorPlayer.cpp in Sources */ = {isa = PBXBuildFile; fileRef = F1E7090018B9BB12007E7ED2 /* ActorPlayer.cpp */; };
		F1E709AB18B9BB13007E7ED2 /* ActorSystem.cpp in Sources */ = {isa = PBXBuildFile; fileRef = F1E7090218B9BB12007E7ED2 /* ActorSystem.cpp */; };
		F1E709AC18B9BB13007E7ED2 /* Audio.cpp in Sources */ = {isa = PBXBuildFile; fileRef = F1E7090418B9BB12007E7ED2 /* Audio.cpp */; };
		F1E709AD18B9BB13007E7ED2 /* AuxLogger.cpp in Sources */ = {isa = PBXBuildFile; fileRef = F1E7090718B9BB12007E7ED2 /* AuxLogger.cpp */; };
		F1E709AE18B9BB13007E7ED2 /* BaseFrame.cpp in Sources */ = {isa = PBXBuildFile; fileRef = F1E7090918B9BB12007E7ED2 /* BaseFrame.cpp */; };
		F1E709AF18B9BB13007E7ED2 /* BasicVoxelRenderSystem.cpp in Sources */ = {isa = PBXBuildFile; fileRef = F1E7090B18B9BB12007E7ED2 /* BasicVoxelRenderSystem.cpp */; };
		F1E709B018B9BB13007E7ED2 /* Button.cpp in Sources */ = {isa = PBXBuildFile; fileRef = F1E7090D18B9BB12007E7ED2 /* Button.cpp */; };
		F1E709B118B9BB13007E7ED2 /* ComboBox.cpp in Sources */ = {isa = PBXBuildFile; fileRef = F1E7090F18B9BB12007E7ED2 /* ComboBox.cpp */; };
		F1E709B218B9BB13007E7ED2 /* Control.cpp in Sources */ = {isa = PBXBuildFile; fileRef = F1E7091218B9BB12007E7ED2 /* Control.cpp */; };
		F1E709B318B9BB13007E7ED2 /* ControlBase.cpp in Sources */ = {isa = PBXBuildFile; fileRef = F1E7091418B9BB12007E7ED2 /* ControlBase.cpp */; };
		F1E709B418B9BB13007E7ED2 /* DebugWindow.cpp in Sources */ = {isa = PBXBuildFile; fileRef = F1E7091618B9BB12007E7ED2 /* DebugWindow.cpp */; };
		F1E709B518B9BB13007E7ED2 /* Demo.cpp in Sources */ = {isa = PBXBuildFile; fileRef = F1E7091818B9BB12007E7ED2 /* Demo.cpp */; };
		F1E709B618B9BB13007E7ED2 /* Effect.cpp in Sources */ = {isa = PBXBuildFile; fileRef = F1E7091A18B9BB12007E7ED2 /* Effect.cpp */; };
		F1E709B718B9BB13007E7ED2 /* ErrorWindow.cpp in Sources */ = {isa = PBXBuildFile; fileRef = F1E7091C18B9BB12007E7ED2 /* ErrorWindow.cpp */; };
		F1E709B818B9BB13007E7ED2 /* FirstPersonMode.cpp in Sources */ = {isa = PBXBuildFile; fileRef = F1E7091E18B9BB12007E7ED2 /* FirstPersonMode.cpp */; };
		F1E709B918B9BB13007E7ED2 /* FirstPersonModeMobile.cpp in Sources */ = {isa = PBXBuildFile; fileRef = F1E7092018B9BB12007E7ED2 /* FirstPersonModeMobile.cpp */; };
		F1E709BA18B9BB13007E7ED2 /* Font.cpp in Sources */ = {isa = PBXBuildFile; fileRef = F1E7092218B9BB12007E7ED2 /* Font.cpp */; };
		F1E709BB18B9BB13007E7ED2 /* FPSCounter.cpp in Sources */ = {isa = PBXBuildFile; fileRef = F1E7092418B9BB12007E7ED2 /* FPSCounter.cpp */; };
		F1E709BC18B9BB13007E7ED2 /* Frames.cpp in Sources */ = {isa = PBXBuildFile; fileRef = F1E7092618B9BB12007E7ED2 /* Frames.cpp */; };
		F1E709BD18B9BB13007E7ED2 /* GameCamera.cpp in Sources */ = {isa = PBXBuildFile; fileRef = F1E7092818B9BB12007E7ED2 /* GameCamera.cpp */; };
		F1E709BE18B9BB13007E7ED2 /* GameEvent.cpp in Sources */ = {isa = PBXBuildFile; fileRef = F1E7092A18B9BB12007E7ED2 /* GameEvent.cpp */; };
		F1E709BF18B9BB13007E7ED2 /* GameEventSubscriber.cpp in Sources */ = {isa = PBXBuildFile; fileRef = F1E7092D18B9BB12007E7ED2 /* GameEventSubscriber.cpp */; };
		F1E709C018B9BB13007E7ED2 /* GameSave.cpp in Sources */ = {isa = PBXBuildFile; fileRef = F1E7092F18B9BB12007E7ED2 /* GameSave.cpp */; };
		F1E709C118B9BB13007E7ED2 /* GameSystem.cpp in Sources */ = {isa = PBXBuildFile; fileRef = F1E7093118B9BB12007E7ED2 /* GameSystem.cpp */; };
		F1E709C218B9BB13007E7ED2 /* GameTile.cpp in Sources */ = {isa = PBXBuildFile; fileRef = F1E7093318B9BB12007E7ED2 /* GameTile.cpp */; };
		F1E709C318B9BB13007E7ED2 /* GL2DProgram.cpp in Sources */ = {isa = PBXBuildFile; fileRef = F1E7093518B9BB12007E7ED2 /* GL2DProgram.cpp */; };
		F1E709C418B9BB13007E7ED2 /* GL2DVertexGroup.cpp in Sources */ = {isa = PBXBuildFile; fileRef = F1E7093718B9BB13007E7ED2 /* GL2DVertexGroup.cpp */; };
		F1E709C518B9BB13007E7ED2 /* GL3DProgram.cpp in Sources */ = {isa = PBXBuildFile; fileRef = F1E7093918B9BB13007E7ED2 /* GL3DProgram.cpp */; };
		F1E709C618B9BB13007E7ED2 /* GLAcidTab.cpp in Sources */ = {isa = PBXBuildFile; fileRef = F1E7093B18B9BB13007E7ED2 /* GLAcidTab.cpp */; };
		F1E709C718B9BB13007E7ED2 /* GLCamera.cpp in Sources */ = {isa = PBXBuildFile; fileRef = F1E7093D18B9BB13007E7ED2 /* GLCamera.cpp */; };
		F1E709C818B9BB13007E7ED2 /* GLClipping.cpp in Sources */ = {isa = PBXBuildFile; fileRef = F1E7093F18B9BB13007E7ED2 /* GLClipping.cpp */; };
		F1E709C918B9BB13007E7ED2 /* GLCombinedMatrix.cpp in Sources */ = {isa = PBXBuildFile; fileRef = F1E7094118B9BB13007E7ED2 /* GLCombinedMatrix.cpp */; };
		F1E709CA18B9BB13007E7ED2 /* GLCombinedModel.cpp in Sources */ = {isa = PBXBuildFile; fileRef = F1E7094318B9BB13007E7ED2 /* GLCombinedModel.cpp */; };
		F1E709CB18B9BB13007E7ED2 /* GLCommonShaderFile.cpp in Sources */ = {isa = PBXBuildFile; fileRef = F1E7094518B9BB13007E7ED2 /* GLCommonShaderFile.cpp */; };
		F1E709CC18B9BB13007E7ED2 /* GLDynamicVertexGroup.cpp in Sources */ = {isa = PBXBuildFile; fileRef = F1E7094718B9BB13007E7ED2 /* GLDynamicVertexGroup.cpp */; };
		F1E709CD18B9BB13007E7ED2 /* GLFrameBuffer.cpp in Sources */ = {isa = PBXBuildFile; fileRef = F1E7094918B9BB13007E7ED2 /* GLFrameBuffer.cpp */; };
		F1E709CE18B9BB13007E7ED2 /* GLLight.cpp in Sources */ = {isa = PBXBuildFile; fileRef = F1E7094B18B9BB13007E7ED2 /* GLLight.cpp */; };
		F1E709CF18B9BB13007E7ED2 /* GLLighting.cpp in Sources */ = {isa = PBXBuildFile; fileRef = F1E7094D18B9BB13007E7ED2 /* GLLighting.cpp */; };
		F1E709D018B9BB13007E7ED2 /* GLModel.cpp in Sources */ = {isa = PBXBuildFile; fileRef = F1E7095018B9BB13007E7ED2 /* GLModel.cpp */; };
		F1E709D118B9BB13007E7ED2 /* GLParticleProgram.cpp in Sources */ = {isa = PBXBuildFile; fileRef = F1E7095218B9BB13007E7ED2 /* GLParticleProgram.cpp */; };
		F1E709D218B9BB13007E7ED2 /* GLProgram.cpp in Sources */ = {isa = PBXBuildFile; fileRef = F1E7095418B9BB13007E7ED2 /* GLProgram.cpp */; };
		F1E709D318B9BB13007E7ED2 /* GLShader.cpp in Sources */ = {isa = PBXBuildFile; fileRef = F1E7095618B9BB13007E7ED2 /* GLShader.cpp */; };
		F1E709D418B9BB13007E7ED2 /* GLTexture.cpp in Sources */ = {isa = PBXBuildFile; fileRef = F1E7095818B9BB13007E7ED2 /* GLTexture.cpp */; };
		F1E709D518B9BB13007E7ED2 /* GObject.cpp in Sources */ = {isa = PBXBuildFile; fileRef = F1E7095B18B9BB13007E7ED2 /* GObject.cpp */; };
		F1E709D618B9BB13007E7ED2 /* InputEvent.cpp in Sources */ = {isa = PBXBuildFile; fileRef = F1E7095D18B9BB13007E7ED2 /* InputEvent.cpp */; };
		F1E709D718B9BB13007E7ED2 /* InstancedVoxelRenderSystem.cpp in Sources */ = {isa = PBXBuildFile; fileRef = F1E7095F18B9BB13007E7ED2 /* InstancedVoxelRenderSystem.cpp */; };
		F1E709D818B9BB13007E7ED2 /* InterfaceGlobals.cpp in Sources */ = {isa = PBXBuildFile; fileRef = F1E7096118B9BB13007E7ED2 /* InterfaceGlobals.cpp */; };
		F1E709D918B9BB13007E7ED2 /* Label.cpp in Sources */ = {isa = PBXBuildFile; fileRef = F1E7096718B9BB13007E7ED2 /* Label.cpp */; };
		F1E709DA18B9BB13007E7ED2 /* Listbox.cpp in Sources */ = {isa = PBXBuildFile; fileRef = F1E7096A18B9BB13007E7ED2 /* Listbox.cpp */; };
		F1E709DB18B9BB13007E7ED2 /* LoadingScreen.cpp in Sources */ = {isa = PBXBuildFile; fileRef = F1E7096C18B9BB13007E7ED2 /* LoadingScreen.cpp */; };
		F1E709DC18B9BB13007E7ED2 /* lodepng.cpp in Sources */ = {isa = PBXBuildFile; fileRef = F1E7096E18B9BB13007E7ED2 /* lodepng.cpp */; };
		F1E709DD18B9BB13007E7ED2 /* MaxDistanceFog.cpp in Sources */ = {isa = PBXBuildFile; fileRef = F1E7097018B9BB13007E7ED2 /* MaxDistanceFog.cpp */; };
		F1E709DE18B9BB13007E7ED2 /* Music.cpp in Sources */ = {isa = PBXBuildFile; fileRef = F1E7097218B9BB13007E7ED2 /* Music.cpp */; };
		F1E709DF18B9BB13007E7ED2 /* NinePatchBinary.cpp in Sources */ = {isa = PBXBuildFile; fileRef = F1E7097418B9BB13007E7ED2 /* NinePatchBinary.cpp */; };
		F1E709E018B9BB13007E7ED2 /* noiseutils.cpp in Sources */ = {isa = PBXBuildFile; fileRef = F1E7097618B9BB13007E7ED2 /* noiseutils.cpp */; };
		F1E709E118B9BB13007E7ED2 /* OS.cpp in Sources */ = {isa = PBXBuildFile; fileRef = F1E7097818B9BB13007E7ED2 /* OS.cpp */; };
		F1E709E218B9BB13007E7ED2 /* Particle.cpp in Sources */ = {isa = PBXBuildFile; fileRef = F1E7097A18B9BB13007E7ED2 /* Particle.cpp */; };
		F1E709E318B9BB13007E7ED2 /* ParticleCloud.cpp in Sources */ = {isa = PBXBuildFile; fileRef = F1E7097C18B9BB13007E7ED2 /* ParticleCloud.cpp */; };
		F1E709E418B9BB13007E7ED2 /* ParticleData.cpp in Sources */ = {isa = PBXBuildFile; fileRef = F1E7097E18B9BB13007E7ED2 /* ParticleData.cpp */; };
		F1E709E518B9BB13007E7ED2 /* ParticleRenderer.cpp in Sources */ = {isa = PBXBuildFile; fileRef = F1E7098018B9BB13007E7ED2 /* ParticleRenderer.cpp */; };
		F1E709E618B9BB13007E7ED2 /* ParticleSystem.cpp in Sources */ = {isa = PBXBuildFile; fileRef = F1E7098218B9BB13007E7ED2 /* ParticleSystem.cpp */; };
		F1E709E718B9BB13007E7ED2 /* PhysicsSystem.cpp in Sources */ = {isa = PBXBuildFile; fileRef = F1E7098418B9BB13007E7ED2 /* PhysicsSystem.cpp */; };
		F1E709E818B9BB13007E7ED2 /* PhysicsVoxel.cpp in Sources */ = {isa = PBXBuildFile; fileRef = F1E7098618B9BB13007E7ED2 /* PhysicsVoxel.cpp */; };
		F1E709E918B9BB13007E7ED2 /* RasterizedText.cpp in Sources */ = {isa = PBXBuildFile; fileRef = F1E7098818B9BB13007E7ED2 /* RasterizedText.cpp */; };
		F1E709EA18B9BB13007E7ED2 /* Rect.cpp in Sources */ = {isa = PBXBuildFile; fileRef = F1E7098A18B9BB13007E7ED2 /* Rect.cpp */; };
		F1E709EB18B9BB13007E7ED2 /* ReflectionData.cpp in Sources */ = {isa = PBXBuildFile; fileRef = F1E7098C18B9BB13007E7ED2 /* ReflectionData.cpp */; };
		F1E709EC18B9BB13007E7ED2 /* Semaphore.cpp in Sources */ = {isa = PBXBuildFile; fileRef = F1E7098E18B9BB13007E7ED2 /* Semaphore.cpp */; };
		F1E709ED18B9BB13007E7ED2 /* ShaderGroup.cpp in Sources */ = {isa = PBXBuildFile; fileRef = F1E7099018B9BB13007E7ED2 /* ShaderGroup.cpp */; };
		F1E709EE18B9BB13007E7ED2 /* Shape.cpp in Sources */ = {isa = PBXBuildFile; fileRef = F1E7099218B9BB13007E7ED2 /* Shape.cpp */; };
		F1E709EF18B9BB13007E7ED2 /* stdafx.cpp in Sources */ = {isa = PBXBuildFile; fileRef = F1E7099418B9BB13007E7ED2 /* stdafx.cpp */; };
		F1E709F018B9BB13007E7ED2 /* TerrainGen.cpp in Sources */ = {isa = PBXBuildFile; fileRef = F1E7099618B9BB13007E7ED2 /* TerrainGen.cpp */; };
		F1E709F118B9BB13007E7ED2 /* Textbox.cpp in Sources */ = {isa = PBXBuildFile; fileRef = F1E7099818B9BB13007E7ED2 /* Textbox.cpp */; };
		F1E709F218B9BB13007E7ED2 /* TextureCache.cpp in Sources */ = {isa = PBXBuildFile; fileRef = F1E7099A18B9BB13007E7ED2 /* TextureCache.cpp */; };
		F1E709F318B9BB13007E7ED2 /* Utilities.cpp in Sources */ = {isa = PBXBuildFile; fileRef = F1E7099D18B9BB13007E7ED2 /* Utilities.cpp */; };
		F1E709F418B9BB13007E7ED2 /* ViewDistanceCalc.cpp in Sources */ = {isa = PBXBuildFile; fileRef = F1E7099F18B9BB13007E7ED2 /* ViewDistanceCalc.cpp */; };
		F1E709F518B9BB13007E7ED2 /* VoxelDrawSystem.cpp in Sources */ = {isa = PBXBuildFile; fileRef = F1E709A118B9BB13007E7ED2 /* VoxelDrawSystem.cpp */; };
		F1E709F618B9BB13007E7ED2 /* VoxelSystem.cpp in Sources */ = {isa = PBXBuildFile; fileRef = F1E709A318B9BB13007E7ED2 /* VoxelSystem.cpp */; };
		F1E709F718B9BB13007E7ED2 /* VoxEngine.cpp in Sources */ = {isa = PBXBuildFile; fileRef = F1E709A518B9BB13007E7ED2 /* VoxEngine.cpp */; };
		F1E709F818B9BB13007E7ED2 /* Window.cpp in Sources */ = {isa = PBXBuildFile; fileRef = F1E709A718B9BB13007E7ED2 /* Window.cpp */; };
		F1E709FA18B9BB37007E7ED2 /* particles in Resources */ = {isa = PBXBuildFile; fileRef = F1E709F918B9BB37007E7ED2 /* particles */; };
		F1ED7BCE18AC687600DC9D69 /* libcurl.a in Frameworks */ = {isa = PBXBuildFile; fileRef = F1ED7BCD18AC687600DC9D69 /* libcurl.a */; };
		F1ED7BD018AC6FB400DC9D69 /* libz.dylib in Frameworks */ = {isa = PBXBuildFile; fileRef = F1ED7BCF18AC6FB400DC9D69 /* libz.dylib */; };
/* End PBXBuildFile section */

/* Begin PBXFileReference section */
		F13517E418A8A5A20078FDA4 /* latlon.cpp */ = {isa = PBXFileReference; fileEncoding = 4; lastKnownFileType = sourcecode.cpp.cpp; name = latlon.cpp; path = ../../includes/libnoise/noise/latlon.cpp; sourceTree = "<group>"; };
		F13517E518A8A5A20078FDA4 /* noisegen.cpp */ = {isa = PBXFileReference; fileEncoding = 4; lastKnownFileType = sourcecode.cpp.cpp; name = noisegen.cpp; path = ../../includes/libnoise/noise/noisegen.cpp; sourceTree = "<group>"; };
		F13517E818A8A5AF0078FDA4 /* cylinder.cpp */ = {isa = PBXFileReference; fileEncoding = 4; lastKnownFileType = sourcecode.cpp.cpp; name = cylinder.cpp; path = ../../includes/libnoise/noise/model/cylinder.cpp; sourceTree = "<group>"; };
		F13517E918A8A5AF0078FDA4 /* line.cpp */ = {isa = PBXFileReference; fileEncoding = 4; lastKnownFileType = sourcecode.cpp.cpp; name = line.cpp; path = ../../includes/libnoise/noise/model/line.cpp; sourceTree = "<group>"; };
		F13517EA18A8A5AF0078FDA4 /* plane.cpp */ = {isa = PBXFileReference; fileEncoding = 4; lastKnownFileType = sourcecode.cpp.cpp; name = plane.cpp; path = ../../includes/libnoise/noise/model/plane.cpp; sourceTree = "<group>"; };
		F13517EB18A8A5AF0078FDA4 /* sphere.cpp */ = {isa = PBXFileReference; fileEncoding = 4; lastKnownFileType = sourcecode.cpp.cpp; name = sphere.cpp; path = ../../includes/libnoise/noise/model/sphere.cpp; sourceTree = "<group>"; };
		F13517F018A8A5D60078FDA4 /* abs.cpp */ = {isa = PBXFileReference; fileEncoding = 4; lastKnownFileType = sourcecode.cpp.cpp; name = abs.cpp; path = ../../includes/libnoise/noise/module/abs.cpp; sourceTree = "<group>"; };
		F13517F118A8A5D60078FDA4 /* add.cpp */ = {isa = PBXFileReference; fileEncoding = 4; lastKnownFileType = sourcecode.cpp.cpp; name = add.cpp; path = ../../includes/libnoise/noise/module/add.cpp; sourceTree = "<group>"; };
		F13517F218A8A5D60078FDA4 /* billow.cpp */ = {isa = PBXFileReference; fileEncoding = 4; lastKnownFileType = sourcecode.cpp.cpp; name = billow.cpp; path = ../../includes/libnoise/noise/module/billow.cpp; sourceTree = "<group>"; };
		F13517F318A8A5D60078FDA4 /* blend.cpp */ = {isa = PBXFileReference; fileEncoding = 4; lastKnownFileType = sourcecode.cpp.cpp; name = blend.cpp; path = ../../includes/libnoise/noise/module/blend.cpp; sourceTree = "<group>"; };
		F13517F418A8A5D60078FDA4 /* cache.cpp */ = {isa = PBXFileReference; fileEncoding = 4; lastKnownFileType = sourcecode.cpp.cpp; name = cache.cpp; path = ../../includes/libnoise/noise/module/cache.cpp; sourceTree = "<group>"; };
		F13517F518A8A5D60078FDA4 /* checkerboard.cpp */ = {isa = PBXFileReference; fileEncoding = 4; lastKnownFileType = sourcecode.cpp.cpp; name = checkerboard.cpp; path = ../../includes/libnoise/noise/module/checkerboard.cpp; sourceTree = "<group>"; };
		F13517F618A8A5D60078FDA4 /* clamp.cpp */ = {isa = PBXFileReference; fileEncoding = 4; lastKnownFileType = sourcecode.cpp.cpp; name = clamp.cpp; path = ../../includes/libnoise/noise/module/clamp.cpp; sourceTree = "<group>"; };
		F13517F718A8A5D60078FDA4 /* const.cpp */ = {isa = PBXFileReference; fileEncoding = 4; lastKnownFileType = sourcecode.cpp.cpp; name = const.cpp; path = ../../includes/libnoise/noise/module/const.cpp; sourceTree = "<group>"; };
		F13517F818A8A5D60078FDA4 /* curve.cpp */ = {isa = PBXFileReference; fileEncoding = 4; lastKnownFileType = sourcecode.cpp.cpp; name = curve.cpp; path = ../../includes/libnoise/noise/module/curve.cpp; sourceTree = "<group>"; };
		F13517F918A8A5D60078FDA4 /* cylinders.cpp */ = {isa = PBXFileReference; fileEncoding = 4; lastKnownFileType = sourcecode.cpp.cpp; name = cylinders.cpp; path = ../../includes/libnoise/noise/module/cylinders.cpp; sourceTree = "<group>"; };
		F13517FA18A8A5D60078FDA4 /* displace.cpp */ = {isa = PBXFileReference; fileEncoding = 4; lastKnownFileType = sourcecode.cpp.cpp; name = displace.cpp; path = ../../includes/libnoise/noise/module/displace.cpp; sourceTree = "<group>"; };
		F13517FB18A8A5D60078FDA4 /* exponent.cpp */ = {isa = PBXFileReference; fileEncoding = 4; lastKnownFileType = sourcecode.cpp.cpp; name = exponent.cpp; path = ../../includes/libnoise/noise/module/exponent.cpp; sourceTree = "<group>"; };
		F13517FC18A8A5D60078FDA4 /* invert.cpp */ = {isa = PBXFileReference; fileEncoding = 4; lastKnownFileType = sourcecode.cpp.cpp; name = invert.cpp; path = ../../includes/libnoise/noise/module/invert.cpp; sourceTree = "<group>"; };
		F13517FD18A8A5D60078FDA4 /* max.cpp */ = {isa = PBXFileReference; fileEncoding = 4; lastKnownFileType = sourcecode.cpp.cpp; name = max.cpp; path = ../../includes/libnoise/noise/module/max.cpp; sourceTree = "<group>"; };
		F13517FE18A8A5D60078FDA4 /* min.cpp */ = {isa = PBXFileReference; fileEncoding = 4; lastKnownFileType = sourcecode.cpp.cpp; name = min.cpp; path = ../../includes/libnoise/noise/module/min.cpp; sourceTree = "<group>"; };
		F13517FF18A8A5D60078FDA4 /* modulebase.cpp */ = {isa = PBXFileReference; fileEncoding = 4; lastKnownFileType = sourcecode.cpp.cpp; name = modulebase.cpp; path = ../../includes/libnoise/noise/module/modulebase.cpp; sourceTree = "<group>"; };
		F135180018A8A5D60078FDA4 /* multiply.cpp */ = {isa = PBXFileReference; fileEncoding = 4; lastKnownFileType = sourcecode.cpp.cpp; name = multiply.cpp; path = ../../includes/libnoise/noise/module/multiply.cpp; sourceTree = "<group>"; };
		F135180118A8A5D60078FDA4 /* perlin.cpp */ = {isa = PBXFileReference; fileEncoding = 4; lastKnownFileType = sourcecode.cpp.cpp; name = perlin.cpp; path = ../../includes/libnoise/noise/module/perlin.cpp; sourceTree = "<group>"; };
		F135180218A8A5D60078FDA4 /* power.cpp */ = {isa = PBXFileReference; fileEncoding = 4; lastKnownFileType = sourcecode.cpp.cpp; name = power.cpp; path = ../../includes/libnoise/noise/module/power.cpp; sourceTree = "<group>"; };
		F135180318A8A5D60078FDA4 /* ridgedmulti.cpp */ = {isa = PBXFileReference; fileEncoding = 4; lastKnownFileType = sourcecode.cpp.cpp; name = ridgedmulti.cpp; path = ../../includes/libnoise/noise/module/ridgedmulti.cpp; sourceTree = "<group>"; };
		F135180418A8A5D60078FDA4 /* rotatepoint.cpp */ = {isa = PBXFileReference; fileEncoding = 4; lastKnownFileType = sourcecode.cpp.cpp; name = rotatepoint.cpp; path = ../../includes/libnoise/noise/module/rotatepoint.cpp; sourceTree = "<group>"; };
		F135180518A8A5D60078FDA4 /* scalebias.cpp */ = {isa = PBXFileReference; fileEncoding = 4; lastKnownFileType = sourcecode.cpp.cpp; name = scalebias.cpp; path = ../../includes/libnoise/noise/module/scalebias.cpp; sourceTree = "<group>"; };
		F135180618A8A5D60078FDA4 /* scalepoint.cpp */ = {isa = PBXFileReference; fileEncoding = 4; lastKnownFileType = sourcecode.cpp.cpp; name = scalepoint.cpp; path = ../../includes/libnoise/noise/module/scalepoint.cpp; sourceTree = "<group>"; };
		F135180718A8A5D60078FDA4 /* select.cpp */ = {isa = PBXFileReference; fileEncoding = 4; lastKnownFileType = sourcecode.cpp.cpp; name = select.cpp; path = ../../includes/libnoise/noise/module/select.cpp; sourceTree = "<group>"; };
		F135180818A8A5D60078FDA4 /* spheres.cpp */ = {isa = PBXFileReference; fileEncoding = 4; lastKnownFileType = sourcecode.cpp.cpp; name = spheres.cpp; path = ../../includes/libnoise/noise/module/spheres.cpp; sourceTree = "<group>"; };
		F135180918A8A5D60078FDA4 /* terrace.cpp */ = {isa = PBXFileReference; fileEncoding = 4; lastKnownFileType = sourcecode.cpp.cpp; name = terrace.cpp; path = ../../includes/libnoise/noise/module/terrace.cpp; sourceTree = "<group>"; };
		F135180A18A8A5D60078FDA4 /* translatepoint.cpp */ = {isa = PBXFileReference; fileEncoding = 4; lastKnownFileType = sourcecode.cpp.cpp; name = translatepoint.cpp; path = ../../includes/libnoise/noise/module/translatepoint.cpp; sourceTree = "<group>"; };
		F135180B18A8A5D60078FDA4 /* turbulence.cpp */ = {isa = PBXFileReference; fileEncoding = 4; lastKnownFileType = sourcecode.cpp.cpp; name = turbulence.cpp; path = ../../includes/libnoise/noise/module/turbulence.cpp; sourceTree = "<group>"; };
		F135180C18A8A5D60078FDA4 /* voronoi.cpp */ = {isa = PBXFileReference; fileEncoding = 4; lastKnownFileType = sourcecode.cpp.cpp; name = voronoi.cpp; path = ../../includes/libnoise/noise/module/voronoi.cpp; sourceTree = "<group>"; };
		F136298E18A599CC0006A8BB /* OpenGLES.framework */ = {isa = PBXFileReference; lastKnownFileType = wrapper.framework; name = OpenGLES.framework; path = System/Library/Frameworks/OpenGLES.framework; sourceTree = SDKROOT; };
		F136299018A599E20006A8BB /* CoreAudio.framework */ = {isa = PBXFileReference; lastKnownFileType = wrapper.framework; name = CoreAudio.framework; path = System/Library/Frameworks/CoreAudio.framework; sourceTree = SDKROOT; };
		F136299218A599F60006A8BB /* CoreMedia.framework */ = {isa = PBXFileReference; lastKnownFileType = wrapper.framework; name = CoreMedia.framework; path = System/Library/Frameworks/CoreMedia.framework; sourceTree = SDKROOT; };
		F136299418A59A050006A8BB /* AudioToolbox.framework */ = {isa = PBXFileReference; lastKnownFileType = wrapper.framework; name = AudioToolbox.framework; path = System/Library/Frameworks/AudioToolbox.framework; sourceTree = SDKROOT; };
		F136299618A59A0D0006A8BB /* AudioUnit.framework */ = {isa = PBXFileReference; lastKnownFileType = wrapper.framework; name = AudioUnit.framework; path = System/Library/Frameworks/AudioUnit.framework; sourceTree = SDKROOT; };
		F136299918A59B780006A8BB /* QuartzCore.framework */ = {isa = PBXFileReference; lastKnownFileType = wrapper.framework; name = QuartzCore.framework; path = System/Library/Frameworks/QuartzCore.framework; sourceTree = SDKROOT; };
		F1989FD418A58C3900A5165E /* VoxEngine.app */ = {isa = PBXFileReference; explicitFileType = wrapper.application; includeInIndex = 0; path = VoxEngine.app; sourceTree = BUILT_PRODUCTS_DIR; };
		F1989FD718A58C3900A5165E /* Foundation.framework */ = {isa = PBXFileReference; lastKnownFileType = wrapper.framework; name = Foundation.framework; path = System/Library/Frameworks/Foundation.framework; sourceTree = SDKROOT; };
		F1989FD918A58C3900A5165E /* CoreGraphics.framework */ = {isa = PBXFileReference; lastKnownFileType = wrapper.framework; name = CoreGraphics.framework; path = System/Library/Frameworks/CoreGraphics.framework; sourceTree = SDKROOT; };
		F1989FDB18A58C3900A5165E /* UIKit.framework */ = {isa = PBXFileReference; lastKnownFileType = wrapper.framework; name = UIKit.framework; path = System/Library/Frameworks/UIKit.framework; sourceTree = SDKROOT; };
		F1989FDF18A58C3900A5165E /* VoxEngine-Info.plist */ = {isa = PBXFileReference; lastKnownFileType = text.plist.xml; path = "VoxEngine-Info.plist"; sourceTree = "<group>"; };
		F1989FE118A58C3900A5165E /* en */ = {isa = PBXFileReference; lastKnownFileType = text.plist.strings; name = en; path = en.lproj/InfoPlist.strings; sourceTree = "<group>"; };
		F1989FE518A58C3900A5165E /* VoxEngine-Prefix.pch */ = {isa = PBXFileReference; lastKnownFileType = sourcecode.c.h; path = "VoxEngine-Prefix.pch"; sourceTree = "<group>"; };
		F1989FE918A58C3900A5165E /* Images.xcassets */ = {isa = PBXFileReference; lastKnownFileType = folder.assetcatalog; path = Images.xcassets; sourceTree = "<group>"; };
		F1C6998E18A728FC00442752 /* basic-h.png */ = {isa = PBXFileReference; lastKnownFileType = image.png; name = "basic-h.png"; path = "../source/game/basic-h.png"; sourceTree = "<group>"; };
		F1C6998F18A728FC00442752 /* Interface */ = {isa = PBXFileReference; lastKnownFileType = folder; name = Interface; path = ../source/game/Interface; sourceTree = "<group>"; };
		F1C6999018A728FC00442752 /* loading.png */ = {isa = PBXFileReference; lastKnownFileType = image.png; name = loading.png; path = ../source/game/loading.png; sourceTree = "<group>"; };
		F1C6999118A728FC00442752 /* terrain */ = {isa = PBXFileReference; lastKnownFileType = folder; name = terrain; path = ../source/game/terrain; sourceTree = "<group>"; };
		F1DE040718B29A2800FA53AC /* sounds */ = {isa = PBXFileReference; lastKnownFileType = folder; name = sounds; path = ../source/game/sounds; sourceTree = "<group>"; };
		F1E65A9218AA0BA300A799C9 /* libSDL2_mixer.a */ = {isa = PBXFileReference; lastKnownFileType = archive.ar; name = libSDL2_mixer.a; path = ../libs/ios/SDL2/libSDL2_mixer.a; sourceTree = "<group>"; };
		F1E65A9418AA0BA300A799C9 /* libSDL2_ttf.a */ = {isa = PBXFileReference; lastKnownFileType = archive.ar; name = libSDL2_ttf.a; path = ../libs/ios/SDL2/libSDL2_ttf.a; sourceTree = "<group>"; };
		F1E65A9618AA0BA300A799C9 /* libSDL2.a */ = {isa = PBXFileReference; lastKnownFileType = archive.ar; name = libSDL2.a; path = ../libs/ios/SDL2/libSDL2.a; sourceTree = "<group>"; };
		F1E708FE18B9BB12007E7ED2 /* Actor.cpp */ = {isa = PBXFileReference; fileEncoding = 4; lastKnownFileType = sourcecode.cpp.cpp; name = Actor.cpp; path = ../../source/Actor.cpp; sourceTree = "<group>"; };
		F1E708FF18B9BB12007E7ED2 /* Actor.h */ = {isa = PBXFileReference; fileEncoding = 4; lastKnownFileType = sourcecode.c.h; name = Actor.h; path = ../../source/Actor.h; sourceTree = "<group>"; };
		F1E7090018B9BB12007E7ED2 /* ActorPlayer.cpp */ = {isa = PBXFileReference; fileEncoding = 4; lastKnownFileType = sourcecode.cpp.cpp; name = ActorPlayer.cpp; path = ../../source/ActorPlayer.cpp; sourceTree = "<group>"; };
		F1E7090118B9BB12007E7ED2 /* ActorPlayer.h */ = {isa = PBXFileReference; fileEncoding = 4; lastKnownFileType = sourcecode.c.h; name = ActorPlayer.h; path = ../../source/ActorPlayer.h; sourceTree = "<group>"; };
		F1E7090218B9BB12007E7ED2 /* ActorSystem.cpp */ = {isa = PBXFileReference; fileEncoding = 4; lastKnownFileType = sourcecode.cpp.cpp; name = ActorSystem.cpp; path = ../../source/ActorSystem.cpp; sourceTree = "<group>"; };
		F1E7090318B9BB12007E7ED2 /* ActorSystem.h */ = {isa = PBXFileReference; fileEncoding = 4; lastKnownFileType = sourcecode.c.h; name = ActorSystem.h; path = ../../source/ActorSystem.h; sourceTree = "<group>"; };
		F1E7090418B9BB12007E7ED2 /* Audio.cpp */ = {isa = PBXFileReference; fileEncoding = 4; lastKnownFileType = sourcecode.cpp.cpp; name = Audio.cpp; path = ../../source/Audio.cpp; sourceTree = "<group>"; };
		F1E7090518B9BB12007E7ED2 /* Audio.h */ = {isa = PBXFileReference; fileEncoding = 4; lastKnownFileType = sourcecode.c.h; name = Audio.h; path = ../../source/Audio.h; sourceTree = "<group>"; };
		F1E7090618B9BB12007E7ED2 /* AudioHeader.h */ = {isa = PBXFileReference; fileEncoding = 4; lastKnownFileType = sourcecode.c.h; name = AudioHeader.h; path = ../../source/AudioHeader.h; sourceTree = "<group>"; };
		F1E7090718B9BB12007E7ED2 /* AuxLogger.cpp */ = {isa = PBXFileReference; fileEncoding = 4; lastKnownFileType = sourcecode.cpp.cpp; name = AuxLogger.cpp; path = ../../source/AuxLogger.cpp; sourceTree = "<group>"; };
		F1E7090818B9BB12007E7ED2 /* AuxLogger.h */ = {isa = PBXFileReference; fileEncoding = 4; lastKnownFileType = sourcecode.c.h; name = AuxLogger.h; path = ../../source/AuxLogger.h; sourceTree = "<group>"; };
		F1E7090918B9BB12007E7ED2 /* BaseFrame.cpp */ = {isa = PBXFileReference; fileEncoding = 4; lastKnownFileType = sourcecode.cpp.cpp; name = BaseFrame.cpp; path = ../../source/BaseFrame.cpp; sourceTree = "<group>"; };
		F1E7090A18B9BB12007E7ED2 /* BaseFrame.h */ = {isa = PBXFileReference; fileEncoding = 4; lastKnownFileType = sourcecode.c.h; name = BaseFrame.h; path = ../../source/BaseFrame.h; sourceTree = "<group>"; };
		F1E7090B18B9BB12007E7ED2 /* BasicVoxelRenderSystem.cpp */ = {isa = PBXFileReference; fileEncoding = 4; lastKnownFileType = sourcecode.cpp.cpp; name = BasicVoxelRenderSystem.cpp; path = ../../source/BasicVoxelRenderSystem.cpp; sourceTree = "<group>"; };
		F1E7090C18B9BB12007E7ED2 /* BasicVoxelRenderSystem.h */ = {isa = PBXFileReference; fileEncoding = 4; lastKnownFileType = sourcecode.c.h; name = BasicVoxelRenderSystem.h; path = ../../source/BasicVoxelRenderSystem.h; sourceTree = "<group>"; };
		F1E7090D18B9BB12007E7ED2 /* Button.cpp */ = {isa = PBXFileReference; fileEncoding = 4; lastKnownFileType = sourcecode.cpp.cpp; name = Button.cpp; path = ../../source/Button.cpp; sourceTree = "<group>"; };
		F1E7090E18B9BB12007E7ED2 /* Button.h */ = {isa = PBXFileReference; fileEncoding = 4; lastKnownFileType = sourcecode.c.h; name = Button.h; path = ../../source/Button.h; sourceTree = "<group>"; };
		F1E7090F18B9BB12007E7ED2 /* ComboBox.cpp */ = {isa = PBXFileReference; fileEncoding = 4; lastKnownFileType = sourcecode.cpp.cpp; name = ComboBox.cpp; path = ../../source/ComboBox.cpp; sourceTree = "<group>"; };
		F1E7091018B9BB12007E7ED2 /* ComboBox.h */ = {isa = PBXFileReference; fileEncoding = 4; lastKnownFileType = sourcecode.c.h; name = ComboBox.h; path = ../../source/ComboBox.h; sourceTree = "<group>"; };
		F1E7091118B9BB12007E7ED2 /* ContiguousList.h */ = {isa = PBXFileReference; fileEncoding = 4; lastKnownFileType = sourcecode.c.h; name = ContiguousList.h; path = ../../source/ContiguousList.h; sourceTree = "<group>"; };
		F1E7091218B9BB12007E7ED2 /* Control.cpp */ = {isa = PBXFileReference; fileEncoding = 4; lastKnownFileType = sourcecode.cpp.cpp; name = Control.cpp; path = ../../source/Control.cpp; sourceTree = "<group>"; };
		F1E7091318B9BB12007E7ED2 /* Control.h */ = {isa = PBXFileReference; fileEncoding = 4; lastKnownFileType = sourcecode.c.h; name = Control.h; path = ../../source/Control.h; sourceTree = "<group>"; };
		F1E7091418B9BB12007E7ED2 /* ControlBase.cpp */ = {isa = PBXFileReference; fileEncoding = 4; lastKnownFileType = sourcecode.cpp.cpp; name = ControlBase.cpp; path = ../../source/ControlBase.cpp; sourceTree = "<group>"; };
		F1E7091518B9BB12007E7ED2 /* ControlBase.h */ = {isa = PBXFileReference; fileEncoding = 4; lastKnownFileType = sourcecode.c.h; name = ControlBase.h; path = ../../source/ControlBase.h; sourceTree = "<group>"; };
		F1E7091618B9BB12007E7ED2 /* DebugWindow.cpp */ = {isa = PBXFileReference; fileEncoding = 4; lastKnownFileType = sourcecode.cpp.cpp; name = DebugWindow.cpp; path = ../../source/DebugWindow.cpp; sourceTree = "<group>"; };
		F1E7091718B9BB12007E7ED2 /* DebugWindow.h */ = {isa = PBXFileReference; fileEncoding = 4; lastKnownFileType = sourcecode.c.h; name = DebugWindow.h; path = ../../source/DebugWindow.h; sourceTree = "<group>"; };
		F1E7091818B9BB12007E7ED2 /* Demo.cpp */ = {isa = PBXFileReference; fileEncoding = 4; lastKnownFileType = sourcecode.cpp.cpp; name = Demo.cpp; path = ../../source/Demo.cpp; sourceTree = "<group>"; };
		F1E7091918B9BB12007E7ED2 /* Demo.h */ = {isa = PBXFileReference; fileEncoding = 4; lastKnownFileType = sourcecode.c.h; name = Demo.h; path = ../../source/Demo.h; sourceTree = "<group>"; };
		F1E7091A18B9BB12007E7ED2 /* Effect.cpp */ = {isa = PBXFileReference; fileEncoding = 4; lastKnownFileType = sourcecode.cpp.cpp; name = Effect.cpp; path = ../../source/Effect.cpp; sourceTree = "<group>"; };
		F1E7091B18B9BB12007E7ED2 /* Effect.h */ = {isa = PBXFileReference; fileEncoding = 4; lastKnownFileType = sourcecode.c.h; name = Effect.h; path = ../../source/Effect.h; sourceTree = "<group>"; };
		F1E7091C18B9BB12007E7ED2 /* ErrorWindow.cpp */ = {isa = PBXFileReference; fileEncoding = 4; lastKnownFileType = sourcecode.cpp.cpp; name = ErrorWindow.cpp; path = ../../source/ErrorWindow.cpp; sourceTree = "<group>"; };
		F1E7091D18B9BB12007E7ED2 /* ErrorWindow.h */ = {isa = PBXFileReference; fileEncoding = 4; lastKnownFileType = sourcecode.c.h; name = ErrorWindow.h; path = ../../source/ErrorWindow.h; sourceTree = "<group>"; };
		F1E7091E18B9BB12007E7ED2 /* FirstPersonMode.cpp */ = {isa = PBXFileReference; fileEncoding = 4; lastKnownFileType = sourcecode.cpp.cpp; name = FirstPersonMode.cpp; path = ../../source/FirstPersonMode.cpp; sourceTree = "<group>"; };
		F1E7091F18B9BB12007E7ED2 /* FirstPersonMode.h */ = {isa = PBXFileReference; fileEncoding = 4; lastKnownFileType = sourcecode.c.h; name = FirstPersonMode.h; path = ../../source/FirstPersonMode.h; sourceTree = "<group>"; };
		F1E7092018B9BB12007E7ED2 /* FirstPersonModeMobile.cpp */ = {isa = PBXFileReference; fileEncoding = 4; lastKnownFileType = sourcecode.cpp.cpp; name = FirstPersonModeMobile.cpp; path = ../../source/FirstPersonModeMobile.cpp; sourceTree = "<group>"; };
		F1E7092118B9BB12007E7ED2 /* FirstPersonModeMobile.h */ = {isa = PBXFileReference; fileEncoding = 4; lastKnownFileType = sourcecode.c.h; name = FirstPersonModeMobile.h; path = ../../source/FirstPersonModeMobile.h; sourceTree = "<group>"; };
		F1E7092218B9BB12007E7ED2 /* Font.cpp */ = {isa = PBXFileReference; fileEncoding = 4; lastKnownFileType = sourcecode.cpp.cpp; name = Font.cpp; path = ../../source/Font.cpp; sourceTree = "<group>"; };
		F1E7092318B9BB12007E7ED2 /* Font.h */ = {isa = PBXFileReference; fileEncoding = 4; lastKnownFileType = sourcecode.c.h; name = Font.h; path = ../../source/Font.h; sourceTree = "<group>"; };
		F1E7092418B9BB12007E7ED2 /* FPSCounter.cpp */ = {isa = PBXFileReference; fileEncoding = 4; lastKnownFileType = sourcecode.cpp.cpp; name = FPSCounter.cpp; path = ../../source/FPSCounter.cpp; sourceTree = "<group>"; };
		F1E7092518B9BB12007E7ED2 /* FPSCounter.h */ = {isa = PBXFileReference; fileEncoding = 4; lastKnownFileType = sourcecode.c.h; name = FPSCounter.h; path = ../../source/FPSCounter.h; sourceTree = "<group>"; };
		F1E7092618B9BB12007E7ED2 /* Frames.cpp */ = {isa = PBXFileReference; fileEncoding = 4; lastKnownFileType = sourcecode.cpp.cpp; name = Frames.cpp; path = ../../source/Frames.cpp; sourceTree = "<group>"; };
		F1E7092718B9BB12007E7ED2 /* Frames.h */ = {isa = PBXFileReference; fileEncoding = 4; lastKnownFileType = sourcecode.c.h; name = Frames.h; path = ../../source/Frames.h; sourceTree = "<group>"; };
		F1E7092818B9BB12007E7ED2 /* GameCamera.cpp */ = {isa = PBXFileReference; fileEncoding = 4; lastKnownFileType = sourcecode.cpp.cpp; name = GameCamera.cpp; path = ../../source/GameCamera.cpp; sourceTree = "<group>"; };
		F1E7092918B9BB12007E7ED2 /* GameCamera.h */ = {isa = PBXFileReference; fileEncoding = 4; lastKnownFileType = sourcecode.c.h; name = GameCamera.h; path = ../../source/GameCamera.h; sourceTree = "<group>"; };
		F1E7092A18B9BB12007E7ED2 /* GameEvent.cpp */ = {isa = PBXFileReference; fileEncoding = 4; lastKnownFileType = sourcecode.cpp.cpp; name = GameEvent.cpp; path = ../../source/GameEvent.cpp; sourceTree = "<group>"; };
		F1E7092B18B9BB12007E7ED2 /* GameEvent.h */ = {isa = PBXFileReference; fileEncoding = 4; lastKnownFileType = sourcecode.c.h; name = GameEvent.h; path = ../../source/GameEvent.h; sourceTree = "<group>"; };
		F1E7092C18B9BB12007E7ED2 /* GameEventInterface.h */ = {isa = PBXFileReference; fileEncoding = 4; lastKnownFileType = sourcecode.c.h; name = GameEventInterface.h; path = ../../source/GameEventInterface.h; sourceTree = "<group>"; };
		F1E7092D18B9BB12007E7ED2 /* GameEventSubscriber.cpp */ = {isa = PBXFileReference; fileEncoding = 4; lastKnownFileType = sourcecode.cpp.cpp; name = GameEventSubscriber.cpp; path = ../../source/GameEventSubscriber.cpp; sourceTree = "<group>"; };
		F1E7092E18B9BB12007E7ED2 /* GameEventSubscriber.h */ = {isa = PBXFileReference; fileEncoding = 4; lastKnownFileType = sourcecode.c.h; name = GameEventSubscriber.h; path = ../../source/GameEventSubscriber.h; sourceTree = "<group>"; };
		F1E7092F18B9BB12007E7ED2 /* GameSave.cpp */ = {isa = PBXFileReference; fileEncoding = 4; lastKnownFileType = sourcecode.cpp.cpp; name = GameSave.cpp; path = ../../source/GameSave.cpp; sourceTree = "<group>"; };
		F1E7093018B9BB12007E7ED2 /* GameSave.h */ = {isa = PBXFileReference; fileEncoding = 4; lastKnownFileType = sourcecode.c.h; name = GameSave.h; path = ../../source/GameSave.h; sourceTree = "<group>"; };
		F1E7093118B9BB12007E7ED2 /* GameSystem.cpp */ = {isa = PBXFileReference; fileEncoding = 4; lastKnownFileType = sourcecode.cpp.cpp; name = GameSystem.cpp; path = ../../source/GameSystem.cpp; sourceTree = "<group>"; };
		F1E7093218B9BB12007E7ED2 /* GameSystem.h */ = {isa = PBXFileReference; fileEncoding = 4; lastKnownFileType = sourcecode.c.h; name = GameSystem.h; path = ../../source/GameSystem.h; sourceTree = "<group>"; };
		F1E7093318B9BB12007E7ED2 /* GameTile.cpp */ = {isa = PBXFileReference; fileEncoding = 4; lastKnownFileType = sourcecode.cpp.cpp; name = GameTile.cpp; path = ../../source/GameTile.cpp; sourceTree = "<group>"; };
		F1E7093418B9BB12007E7ED2 /* GameTile.h */ = {isa = PBXFileReference; fileEncoding = 4; lastKnownFileType = sourcecode.c.h; name = GameTile.h; path = ../../source/GameTile.h; sourceTree = "<group>"; };
		F1E7093518B9BB12007E7ED2 /* GL2DProgram.cpp */ = {isa = PBXFileReference; fileEncoding = 4; lastKnownFileType = sourcecode.cpp.cpp; name = GL2DProgram.cpp; path = ../../source/GL2DProgram.cpp; sourceTree = "<group>"; };
		F1E7093618B9BB13007E7ED2 /* GL2DProgram.h */ = {isa = PBXFileReference; fileEncoding = 4; lastKnownFileType = sourcecode.c.h; name = GL2DProgram.h; path = ../../source/GL2DProgram.h; sourceTree = "<group>"; };
		F1E7093718B9BB13007E7ED2 /* GL2DVertexGroup.cpp */ = {isa = PBXFileReference; fileEncoding = 4; lastKnownFileType = sourcecode.cpp.cpp; name = GL2DVertexGroup.cpp; path = ../../source/GL2DVertexGroup.cpp; sourceTree = "<group>"; };
		F1E7093818B9BB13007E7ED2 /* GL2DVertexGroup.h */ = {isa = PBXFileReference; fileEncoding = 4; lastKnownFileType = sourcecode.c.h; name = GL2DVertexGroup.h; path = ../../source/GL2DVertexGroup.h; sourceTree = "<group>"; };
		F1E7093918B9BB13007E7ED2 /* GL3DProgram.cpp */ = {isa = PBXFileReference; fileEncoding = 4; lastKnownFileType = sourcecode.cpp.cpp; name = GL3DProgram.cpp; path = ../../source/GL3DProgram.cpp; sourceTree = "<group>"; };
		F1E7093A18B9BB13007E7ED2 /* GL3DProgram.h */ = {isa = PBXFileReference; fileEncoding = 4; lastKnownFileType = sourcecode.c.h; name = GL3DProgram.h; path = ../../source/GL3DProgram.h; sourceTree = "<group>"; };
		F1E7093B18B9BB13007E7ED2 /* GLAcidTab.cpp */ = {isa = PBXFileReference; fileEncoding = 4; lastKnownFileType = sourcecode.cpp.cpp; name = GLAcidTab.cpp; path = ../../source/GLAcidTab.cpp; sourceTree = "<group>"; };
		F1E7093C18B9BB13007E7ED2 /* GLAcidTab.h */ = {isa = PBXFileReference; fileEncoding = 4; lastKnownFileType = sourcecode.c.h; name = GLAcidTab.h; path = ../../source/GLAcidTab.h; sourceTree = "<group>"; };
		F1E7093D18B9BB13007E7ED2 /* GLCamera.cpp */ = {isa = PBXFileReference; fileEncoding = 4; lastKnownFileType = sourcecode.cpp.cpp; name = GLCamera.cpp; path = ../../source/GLCamera.cpp; sourceTree = "<group>"; };
		F1E7093E18B9BB13007E7ED2 /* GLCamera.h */ = {isa = PBXFileReference; fileEncoding = 4; lastKnownFileType = sourcecode.c.h; name = GLCamera.h; path = ../../source/GLCamera.h; sourceTree = "<group>"; };
		F1E7093F18B9BB13007E7ED2 /* GLClipping.cpp */ = {isa = PBXFileReference; fileEncoding = 4; lastKnownFileType = sourcecode.cpp.cpp; name = GLClipping.cpp; path = ../../source/GLClipping.cpp; sourceTree = "<group>"; };
		F1E7094018B9BB13007E7ED2 /* GLClipping.h */ = {isa = PBXFileReference; fileEncoding = 4; lastKnownFileType = sourcecode.c.h; name = GLClipping.h; path = ../../source/GLClipping.h; sourceTree = "<group>"; };
		F1E7094118B9BB13007E7ED2 /* GLCombinedMatrix.cpp */ = {isa = PBXFileReference; fileEncoding = 4; lastKnownFileType = sourcecode.cpp.cpp; name = GLCombinedMatrix.cpp; path = ../../source/GLCombinedMatrix.cpp; sourceTree = "<group>"; };
		F1E7094218B9BB13007E7ED2 /* GLCombinedMatrix.h */ = {isa = PBXFileReference; fileEncoding = 4; lastKnownFileType = sourcecode.c.h; name = GLCombinedMatrix.h; path = ../../source/GLCombinedMatrix.h; sourceTree = "<group>"; };
		F1E7094318B9BB13007E7ED2 /* GLCombinedModel.cpp */ = {isa = PBXFileReference; fileEncoding = 4; lastKnownFileType = sourcecode.cpp.cpp; name = GLCombinedModel.cpp; path = ../../source/GLCombinedModel.cpp; sourceTree = "<group>"; };
		F1E7094418B9BB13007E7ED2 /* GLCombinedModel.h */ = {isa = PBXFileReference; fileEncoding = 4; lastKnownFileType = sourcecode.c.h; name = GLCombinedModel.h; path = ../../source/GLCombinedModel.h; sourceTree = "<group>"; };
		F1E7094518B9BB13007E7ED2 /* GLCommonShaderFile.cpp */ = {isa = PBXFileReference; fileEncoding = 4; lastKnownFileType = sourcecode.cpp.cpp; name = GLCommonShaderFile.cpp; path = ../../source/GLCommonShaderFile.cpp; sourceTree = "<group>"; };
		F1E7094618B9BB13007E7ED2 /* GLCommonShaderFile.h */ = {isa = PBXFileReference; fileEncoding = 4; lastKnownFileType = sourcecode.c.h; name = GLCommonShaderFile.h; path = ../../source/GLCommonShaderFile.h; sourceTree = "<group>"; };
		F1E7094718B9BB13007E7ED2 /* GLDynamicVertexGroup.cpp */ = {isa = PBXFileReference; fileEncoding = 4; lastKnownFileType = sourcecode.cpp.cpp; name = GLDynamicVertexGroup.cpp; path = ../../source/GLDynamicVertexGroup.cpp; sourceTree = "<group>"; };
		F1E7094818B9BB13007E7ED2 /* GLDynamicVertexGroup.h */ = {isa = PBXFileReference; fileEncoding = 4; lastKnownFileType = sourcecode.c.h; name = GLDynamicVertexGroup.h; path = ../../source/GLDynamicVertexGroup.h; sourceTree = "<group>"; };
		F1E7094918B9BB13007E7ED2 /* GLFrameBuffer.cpp */ = {isa = PBXFileReference; fileEncoding = 4; lastKnownFileType = sourcecode.cpp.cpp; name = GLFrameBuffer.cpp; path = ../../source/GLFrameBuffer.cpp; sourceTree = "<group>"; };
		F1E7094A18B9BB13007E7ED2 /* GLFrameBuffer.h */ = {isa = PBXFileReference; fileEncoding = 4; lastKnownFileType = sourcecode.c.h; name = GLFrameBuffer.h; path = ../../source/GLFrameBuffer.h; sourceTree = "<group>"; };
		F1E7094B18B9BB13007E7ED2 /* GLLight.cpp */ = {isa = PBXFileReference; fileEncoding = 4; lastKnownFileType = sourcecode.cpp.cpp; name = GLLight.cpp; path = ../../source/GLLight.cpp; sourceTree = "<group>"; };
		F1E7094C18B9BB13007E7ED2 /* GLLight.h */ = {isa = PBXFileReference; fileEncoding = 4; lastKnownFileType = sourcecode.c.h; name = GLLight.h; path = ../../source/GLLight.h; sourceTree = "<group>"; };
		F1E7094D18B9BB13007E7ED2 /* GLLighting.cpp */ = {isa = PBXFileReference; fileEncoding = 4; lastKnownFileType = sourcecode.cpp.cpp; name = GLLighting.cpp; path = ../../source/GLLighting.cpp; sourceTree = "<group>"; };
		F1E7094E18B9BB13007E7ED2 /* GLLighting.h */ = {isa = PBXFileReference; fileEncoding = 4; lastKnownFileType = sourcecode.c.h; name = GLLighting.h; path = ../../source/GLLighting.h; sourceTree = "<group>"; };
		F1E7094F18B9BB13007E7ED2 /* GLLightProgram.h */ = {isa = PBXFileReference; fileEncoding = 4; lastKnownFileType = sourcecode.c.h; name = GLLightProgram.h; path = ../../source/GLLightProgram.h; sourceTree = "<group>"; };
		F1E7095018B9BB13007E7ED2 /* GLModel.cpp */ = {isa = PBXFileReference; fileEncoding = 4; lastKnownFileType = sourcecode.cpp.cpp; name = GLModel.cpp; path = ../../source/GLModel.cpp; sourceTree = "<group>"; };
		F1E7095118B9BB13007E7ED2 /* GLModel.h */ = {isa = PBXFileReference; fileEncoding = 4; lastKnownFileType = sourcecode.c.h; name = GLModel.h; path = ../../source/GLModel.h; sourceTree = "<group>"; };
		F1E7095218B9BB13007E7ED2 /* GLParticleProgram.cpp */ = {isa = PBXFileReference; fileEncoding = 4; lastKnownFileType = sourcecode.cpp.cpp; name = GLParticleProgram.cpp; path = ../../source/GLParticleProgram.cpp; sourceTree = "<group>"; };
		F1E7095318B9BB13007E7ED2 /* GLParticleProgram.h */ = {isa = PBXFileReference; fileEncoding = 4; lastKnownFileType = sourcecode.c.h; name = GLParticleProgram.h; path = ../../source/GLParticleProgram.h; sourceTree = "<group>"; };
		F1E7095418B9BB13007E7ED2 /* GLProgram.cpp */ = {isa = PBXFileReference; fileEncoding = 4; lastKnownFileType = sourcecode.cpp.cpp; name = GLProgram.cpp; path = ../../source/GLProgram.cpp; sourceTree = "<group>"; };
		F1E7095518B9BB13007E7ED2 /* GLProgram.h */ = {isa = PBXFileReference; fileEncoding = 4; lastKnownFileType = sourcecode.c.h; name = GLProgram.h; path = ../../source/GLProgram.h; sourceTree = "<group>"; };
		F1E7095618B9BB13007E7ED2 /* GLShader.cpp */ = {isa = PBXFileReference; fileEncoding = 4; lastKnownFileType = sourcecode.cpp.cpp; name = GLShader.cpp; path = ../../source/GLShader.cpp; sourceTree = "<group>"; };
		F1E7095718B9BB13007E7ED2 /* GLShader.h */ = {isa = PBXFileReference; fileEncoding = 4; lastKnownFileType = sourcecode.c.h; name = GLShader.h; path = ../../source/GLShader.h; sourceTree = "<group>"; };
		F1E7095818B9BB13007E7ED2 /* GLTexture.cpp */ = {isa = PBXFileReference; fileEncoding = 4; lastKnownFileType = sourcecode.cpp.cpp; name = GLTexture.cpp; path = ../../source/GLTexture.cpp; sourceTree = "<group>"; };
		F1E7095918B9BB13007E7ED2 /* GLTexture.h */ = {isa = PBXFileReference; fileEncoding = 4; lastKnownFileType = sourcecode.c.h; name = GLTexture.h; path = ../../source/GLTexture.h; sourceTree = "<group>"; };
		F1E7095A18B9BB13007E7ED2 /* GLTriangle.h */ = {isa = PBXFileReference; fileEncoding = 4; lastKnownFileType = sourcecode.c.h; name = GLTriangle.h; path = ../../source/GLTriangle.h; sourceTree = "<group>"; };
		F1E7095B18B9BB13007E7ED2 /* GObject.cpp */ = {isa = PBXFileReference; fileEncoding = 4; lastKnownFileType = sourcecode.cpp.cpp; name = GObject.cpp; path = ../../source/GObject.cpp; sourceTree = "<group>"; };
		F1E7095C18B9BB13007E7ED2 /* GObject.h */ = {isa = PBXFileReference; fileEncoding = 4; lastKnownFileType = sourcecode.c.h; name = GObject.h; path = ../../source/GObject.h; sourceTree = "<group>"; };
		F1E7095D18B9BB13007E7ED2 /* InputEvent.cpp */ = {isa = PBXFileReference; fileEncoding = 4; lastKnownFileType = sourcecode.cpp.cpp; name = InputEvent.cpp; path = ../../source/InputEvent.cpp; sourceTree = "<group>"; };
		F1E7095E18B9BB13007E7ED2 /* InputEvent.h */ = {isa = PBXFileReference; fileEncoding = 4; lastKnownFileType = sourcecode.c.h; name = InputEvent.h; path = ../../source/InputEvent.h; sourceTree = "<group>"; };
		F1E7095F18B9BB13007E7ED2 /* InstancedVoxelRenderSystem.cpp */ = {isa = PBXFileReference; fileEncoding = 4; lastKnownFileType = sourcecode.cpp.cpp; name = InstancedVoxelRenderSystem.cpp; path = ../../source/InstancedVoxelRenderSystem.cpp; sourceTree = "<group>"; };
		F1E7096018B9BB13007E7ED2 /* InstancedVoxelRenderSystem.h */ = {isa = PBXFileReference; fileEncoding = 4; lastKnownFileType = sourcecode.c.h; name = InstancedVoxelRenderSystem.h; path = ../../source/InstancedVoxelRenderSystem.h; sourceTree = "<group>"; };
		F1E7096118B9BB13007E7ED2 /* InterfaceGlobals.cpp */ = {isa = PBXFileReference; fileEncoding = 4; lastKnownFileType = sourcecode.cpp.cpp; name = InterfaceGlobals.cpp; path = ../../source/InterfaceGlobals.cpp; sourceTree = "<group>"; };
		F1E7096218B9BB13007E7ED2 /* InterfaceGlobals.h */ = {isa = PBXFileReference; fileEncoding = 4; lastKnownFileType = sourcecode.c.h; name = InterfaceGlobals.h; path = ../../source/InterfaceGlobals.h; sourceTree = "<group>"; };
		F1E7096318B9BB13007E7ED2 /* Interop.h */ = {isa = PBXFileReference; fileEncoding = 4; lastKnownFileType = sourcecode.c.h; name = Interop.h; path = ../../source/Interop.h; sourceTree = "<group>"; };
		F1E7096418B9BB13007E7ED2 /* InteropChain.h */ = {isa = PBXFileReference; fileEncoding = 4; lastKnownFileType = sourcecode.c.h; name = InteropChain.h; path = ../../source/InteropChain.h; sourceTree = "<group>"; };
		F1E7096518B9BB13007E7ED2 /* InteropDecoders.h */ = {isa = PBXFileReference; fileEncoding = 4; lastKnownFileType = sourcecode.c.h; name = InteropDecoders.h; path = ../../source/InteropDecoders.h; sourceTree = "<group>"; };
		F1E7096618B9BB13007E7ED2 /* IOSGL.h */ = {isa = PBXFileReference; fileEncoding = 4; lastKnownFileType = sourcecode.c.h; name = IOSGL.h; path = ../../source/IOSGL.h; sourceTree = "<group>"; };
		F1E7096718B9BB13007E7ED2 /* Label.cpp */ = {isa = PBXFileReference; fileEncoding = 4; lastKnownFileType = sourcecode.cpp.cpp; name = Label.cpp; path = ../../source/Label.cpp; sourceTree = "<group>"; };
		F1E7096818B9BB13007E7ED2 /* Label.h */ = {isa = PBXFileReference; fileEncoding = 4; lastKnownFileType = sourcecode.c.h; name = Label.h; path = ../../source/Label.h; sourceTree = "<group>"; };
		F1E7096918B9BB13007E7ED2 /* LinearInterop.h */ = {isa = PBXFileReference; fileEncoding = 4; lastKnownFileType = sourcecode.c.h; name = LinearInterop.h; path = ../../source/LinearInterop.h; sourceTree = "<group>"; };
		F1E7096A18B9BB13007E7ED2 /* Listbox.cpp */ = {isa = PBXFileReference; fileEncoding = 4; lastKnownFileType = sourcecode.cpp.cpp; name = Listbox.cpp; path = ../../source/Listbox.cpp; sourceTree = "<group>"; };
		F1E7096B18B9BB13007E7ED2 /* Listbox.h */ = {isa = PBXFileReference; fileEncoding = 4; lastKnownFileType = sourcecode.c.h; name = Listbox.h; path = ../../source/Listbox.h; sourceTree = "<group>"; };
		F1E7096C18B9BB13007E7ED2 /* LoadingScreen.cpp */ = {isa = PBXFileReference; fileEncoding = 4; lastKnownFileType = sourcecode.cpp.cpp; name = LoadingScreen.cpp; path = ../../source/LoadingScreen.cpp; sourceTree = "<group>"; };
		F1E7096D18B9BB13007E7ED2 /* LoadingScreen.h */ = {isa = PBXFileReference; fileEncoding = 4; lastKnownFileType = sourcecode.c.h; name = LoadingScreen.h; path = ../../source/LoadingScreen.h; sourceTree = "<group>"; };
		F1E7096E18B9BB13007E7ED2 /* lodepng.cpp */ = {isa = PBXFileReference; fileEncoding = 4; lastKnownFileType = sourcecode.cpp.cpp; name = lodepng.cpp; path = ../../source/lodepng.cpp; sourceTree = "<group>"; };
		F1E7096F18B9BB13007E7ED2 /* lodepng.h */ = {isa = PBXFileReference; fileEncoding = 4; lastKnownFileType = sourcecode.c.h; name = lodepng.h; path = ../../source/lodepng.h; sourceTree = "<group>"; };
		F1E7097018B9BB13007E7ED2 /* MaxDistanceFog.cpp */ = {isa = PBXFileReference; fileEncoding = 4; lastKnownFileType = sourcecode.cpp.cpp; name = MaxDistanceFog.cpp; path = ../../source/MaxDistanceFog.cpp; sourceTree = "<group>"; };
		F1E7097118B9BB13007E7ED2 /* MaxDistanceFog.h */ = {isa = PBXFileReference; fileEncoding = 4; lastKnownFileType = sourcecode.c.h; name = MaxDistanceFog.h; path = ../../source/MaxDistanceFog.h; sourceTree = "<group>"; };
		F1E7097218B9BB13007E7ED2 /* Music.cpp */ = {isa = PBXFileReference; fileEncoding = 4; lastKnownFileType = sourcecode.cpp.cpp; name = Music.cpp; path = ../../source/Music.cpp; sourceTree = "<group>"; };
		F1E7097318B9BB13007E7ED2 /* Music.h */ = {isa = PBXFileReference; fileEncoding = 4; lastKnownFileType = sourcecode.c.h; name = Music.h; path = ../../source/Music.h; sourceTree = "<group>"; };
		F1E7097418B9BB13007E7ED2 /* NinePatchBinary.cpp */ = {isa = PBXFileReference; fileEncoding = 4; lastKnownFileType = sourcecode.cpp.cpp; name = NinePatchBinary.cpp; path = ../../source/NinePatchBinary.cpp; sourceTree = "<group>"; };
		F1E7097518B9BB13007E7ED2 /* NinePatchBinary.h */ = {isa = PBXFileReference; fileEncoding = 4; lastKnownFileType = sourcecode.c.h; name = NinePatchBinary.h; path = ../../source/NinePatchBinary.h; sourceTree = "<group>"; };
		F1E7097618B9BB13007E7ED2 /* noiseutils.cpp */ = {isa = PBXFileReference; fileEncoding = 4; lastKnownFileType = sourcecode.cpp.cpp; name = noiseutils.cpp; path = ../../source/noiseutils.cpp; sourceTree = "<group>"; };
		F1E7097718B9BB13007E7ED2 /* noiseutils.h */ = {isa = PBXFileReference; fileEncoding = 4; lastKnownFileType = sourcecode.c.h; name = noiseutils.h; path = ../../source/noiseutils.h; sourceTree = "<group>"; };
		F1E7097818B9BB13007E7ED2 /* OS.cpp */ = {isa = PBXFileReference; fileEncoding = 4; lastKnownFileType = sourcecode.cpp.cpp; name = OS.cpp; path = ../../source/OS.cpp; sourceTree = "<group>"; };
		F1E7097918B9BB13007E7ED2 /* OS.h */ = {isa = PBXFileReference; fileEncoding = 4; lastKnownFileType = sourcecode.c.h; name = OS.h; path = ../../source/OS.h; sourceTree = "<group>"; };
		F1E7097A18B9BB13007E7ED2 /* Particle.cpp */ = {isa = PBXFileReference; fileEncoding = 4; lastKnownFileType = sourcecode.cpp.cpp; name = Particle.cpp; path = ../../source/Particle.cpp; sourceTree = "<group>"; };
		F1E7097B18B9BB13007E7ED2 /* Particle.h */ = {isa = PBXFileReference; fileEncoding = 4; lastKnownFileType = sourcecode.c.h; name = Particle.h; path = ../../source/Particle.h; sourceTree = "<group>"; };
		F1E7097C18B9BB13007E7ED2 /* ParticleCloud.cpp */ = {isa = PBXFileReference; fileEncoding = 4; lastKnownFileType = sourcecode.cpp.cpp; name = ParticleCloud.cpp; path = ../../source/ParticleCloud.cpp; sourceTree = "<group>"; };
		F1E7097D18B9BB13007E7ED2 /* ParticleCloud.h */ = {isa = PBXFileReference; fileEncoding = 4; lastKnownFileType = sourcecode.c.h; name = ParticleCloud.h; path = ../../source/ParticleCloud.h; sourceTree = "<group>"; };
		F1E7097E18B9BB13007E7ED2 /* ParticleData.cpp */ = {isa = PBXFileReference; fileEncoding = 4; lastKnownFileType = sourcecode.cpp.cpp; name = ParticleData.cpp; path = ../../source/ParticleData.cpp; sourceTree = "<group>"; };
		F1E7097F18B9BB13007E7ED2 /* ParticleData.h */ = {isa = PBXFileReference; fileEncoding = 4; lastKnownFileType = sourcecode.c.h; name = ParticleData.h; path = ../../source/ParticleData.h; sourceTree = "<group>"; };
		F1E7098018B9BB13007E7ED2 /* ParticleRenderer.cpp */ = {isa = PBXFileReference; fileEncoding = 4; lastKnownFileType = sourcecode.cpp.cpp; name = ParticleRenderer.cpp; path = ../../source/ParticleRenderer.cpp; sourceTree = "<group>"; };
		F1E7098118B9BB13007E7ED2 /* ParticleRenderer.h */ = {isa = PBXFileReference; fileEncoding = 4; lastKnownFileType = sourcecode.c.h; name = ParticleRenderer.h; path = ../../source/ParticleRenderer.h; sourceTree = "<group>"; };
		F1E7098218B9BB13007E7ED2 /* ParticleSystem.cpp */ = {isa = PBXFileReference; fileEncoding = 4; lastKnownFileType = sourcecode.cpp.cpp; name = ParticleSystem.cpp; path = ../../source/ParticleSystem.cpp; sourceTree = "<group>"; };
		F1E7098318B9BB13007E7ED2 /* ParticleSystem.h */ = {isa = PBXFileReference; fileEncoding = 4; lastKnownFileType = sourcecode.c.h; name = ParticleSystem.h; path = ../../source/ParticleSystem.h; sourceTree = "<group>"; };
		F1E7098418B9BB13007E7ED2 /* PhysicsSystem.cpp */ = {isa = PBXFileReference; fileEncoding = 4; lastKnownFileType = sourcecode.cpp.cpp; name = PhysicsSystem.cpp; path = ../../source/PhysicsSystem.cpp; sourceTree = "<group>"; };
		F1E7098518B9BB13007E7ED2 /* PhysicsSystem.h */ = {isa = PBXFileReference; fileEncoding = 4; lastKnownFileType = sourcecode.c.h; name = PhysicsSystem.h; path = ../../source/PhysicsSystem.h; sourceTree = "<group>"; };
		F1E7098618B9BB13007E7ED2 /* PhysicsVoxel.cpp */ = {isa = PBXFileReference; fileEncoding = 4; lastKnownFileType = sourcecode.cpp.cpp; name = PhysicsVoxel.cpp; path = ../../source/PhysicsVoxel.cpp; sourceTree = "<group>"; };
		F1E7098718B9BB13007E7ED2 /* PhysicsVoxel.h */ = {isa = PBXFileReference; fileEncoding = 4; lastKnownFileType = sourcecode.c.h; name = PhysicsVoxel.h; path = ../../source/PhysicsVoxel.h; sourceTree = "<group>"; };
		F1E7098818B9BB13007E7ED2 /* RasterizedText.cpp */ = {isa = PBXFileReference; fileEncoding = 4; lastKnownFileType = sourcecode.cpp.cpp; name = RasterizedText.cpp; path = ../../source/RasterizedText.cpp; sourceTree = "<group>"; };
		F1E7098918B9BB13007E7ED2 /* RasterizedText.h */ = {isa = PBXFileReference; fileEncoding = 4; lastKnownFileType = sourcecode.c.h; name = RasterizedText.h; path = ../../source/RasterizedText.h; sourceTree = "<group>"; };
		F1E7098A18B9BB13007E7ED2 /* Rect.cpp */ = {isa = PBXFileReference; fileEncoding = 4; lastKnownFileType = sourcecode.cpp.cpp; name = Rect.cpp; path = ../../source/Rect.cpp; sourceTree = "<group>"; };
		F1E7098B18B9BB13007E7ED2 /* Rect.h */ = {isa = PBXFileReference; fileEncoding = 4; lastKnownFileType = sourcecode.c.h; name = Rect.h; path = ../../source/Rect.h; sourceTree = "<group>"; };
		F1E7098C18B9BB13007E7ED2 /* ReflectionData.cpp */ = {isa = PBXFileReference; fileEncoding = 4; lastKnownFileType = sourcecode.cpp.cpp; name = ReflectionData.cpp; path = ../../source/ReflectionData.cpp; sourceTree = "<group>"; };
		F1E7098D18B9BB13007E7ED2 /* ReflectionData.h */ = {isa = PBXFileReference; fileEncoding = 4; lastKnownFileType = sourcecode.c.h; name = ReflectionData.h; path = ../../source/ReflectionData.h; sourceTree = "<group>"; };
		F1E7098E18B9BB13007E7ED2 /* Semaphore.cpp */ = {isa = PBXFileReference; fileEncoding = 4; lastKnownFileType = sourcecode.cpp.cpp; name = Semaphore.cpp; path = ../../source/Semaphore.cpp; sourceTree = "<group>"; };
		F1E7098F18B9BB13007E7ED2 /* Semaphore.h */ = {isa = PBXFileReference; fileEncoding = 4; lastKnownFileType = sourcecode.c.h; name = Semaphore.h; path = ../../source/Semaphore.h; sourceTree = "<group>"; };
		F1E7099018B9BB13007E7ED2 /* ShaderGroup.cpp */ = {isa = PBXFileReference; fileEncoding = 4; lastKnownFileType = sourcecode.cpp.cpp; name = ShaderGroup.cpp; path = ../../source/ShaderGroup.cpp; sourceTree = "<group>"; };
		F1E7099118B9BB13007E7ED2 /* ShaderGroup.h */ = {isa = PBXFileReference; fileEncoding = 4; lastKnownFileType = sourcecode.c.h; name = ShaderGroup.h; path = ../../source/ShaderGroup.h; sourceTree = "<group>"; };
		F1E7099218B9BB13007E7ED2 /* Shape.cpp */ = {isa = PBXFileReference; fileEncoding = 4; lastKnownFileType = sourcecode.cpp.cpp; name = Shape.cpp; path = ../../source/Shape.cpp; sourceTree = "<group>"; };
		F1E7099318B9BB13007E7ED2 /* Shape.h */ = {isa = PBXFileReference; fileEncoding = 4; lastKnownFileType = sourcecode.c.h; name = Shape.h; path = ../../source/Shape.h; sourceTree = "<group>"; };
		F1E7099418B9BB13007E7ED2 /* stdafx.cpp */ = {isa = PBXFileReference; fileEncoding = 4; lastKnownFileType = sourcecode.cpp.cpp; name = stdafx.cpp; path = ../../source/stdafx.cpp; sourceTree = "<group>"; };
		F1E7099518B9BB13007E7ED2 /* stdafx.h */ = {isa = PBXFileReference; fileEncoding = 4; lastKnownFileType = sourcecode.c.h; name = stdafx.h; path = ../../source/stdafx.h; sourceTree = "<group>"; };
		F1E7099618B9BB13007E7ED2 /* TerrainGen.cpp */ = {isa = PBXFileReference; fileEncoding = 4; lastKnownFileType = sourcecode.cpp.cpp; name = TerrainGen.cpp; path = ../../source/TerrainGen.cpp; sourceTree = "<group>"; };
		F1E7099718B9BB13007E7ED2 /* TerrainGen.h */ = {isa = PBXFileReference; fileEncoding = 4; lastKnownFileType = sourcecode.c.h; name = TerrainGen.h; path = ../../source/TerrainGen.h; sourceTree = "<group>"; };
		F1E7099818B9BB13007E7ED2 /* Textbox.cpp */ = {isa = PBXFileReference; fileEncoding = 4; lastKnownFileType = sourcecode.cpp.cpp; name = Textbox.cpp; path = ../../source/Textbox.cpp; sourceTree = "<group>"; };
		F1E7099918B9BB13007E7ED2 /* Textbox.h */ = {isa = PBXFileReference; fileEncoding = 4; lastKnownFileType = sourcecode.c.h; name = Textbox.h; path = ../../source/Textbox.h; sourceTree = "<group>"; };
		F1E7099A18B9BB13007E7ED2 /* TextureCache.cpp */ = {isa = PBXFileReference; fileEncoding = 4; lastKnownFileType = sourcecode.cpp.cpp; name = TextureCache.cpp; path = ../../source/TextureCache.cpp; sourceTree = "<group>"; };
		F1E7099B18B9BB13007E7ED2 /* TextureCache.h */ = {isa = PBXFileReference; fileEncoding = 4; lastKnownFileType = sourcecode.c.h; name = TextureCache.h; path = ../../source/TextureCache.h; sourceTree = "<group>"; };
		F1E7099C18B9BB13007E7ED2 /* TileCell.h */ = {isa = PBXFileReference; fileEncoding = 4; lastKnownFileType = sourcecode.c.h; name = TileCell.h; path = ../../source/TileCell.h; sourceTree = "<group>"; };
		F1E7099D18B9BB13007E7ED2 /* Utilities.cpp */ = {isa = PBXFileReference; fileEncoding = 4; lastKnownFileType = sourcecode.cpp.cpp; name = Utilities.cpp; path = ../../source/Utilities.cpp; sourceTree = "<group>"; };
		F1E7099E18B9BB13007E7ED2 /* Utilities.h */ = {isa = PBXFileReference; fileEncoding = 4; lastKnownFileType = sourcecode.c.h; name = Utilities.h; path = ../../source/Utilities.h; sourceTree = "<group>"; };
		F1E7099F18B9BB13007E7ED2 /* ViewDistanceCalc.cpp */ = {isa = PBXFileReference; fileEncoding = 4; lastKnownFileType = sourcecode.cpp.cpp; name = ViewDistanceCalc.cpp; path = ../../source/ViewDistanceCalc.cpp; sourceTree = "<group>"; };
		F1E709A018B9BB13007E7ED2 /* ViewDistanceCalc.h */ = {isa = PBXFileReference; fileEncoding = 4; lastKnownFileType = sourcecode.c.h; name = ViewDistanceCalc.h; path = ../../source/ViewDistanceCalc.h; sourceTree = "<group>"; };
		F1E709A118B9BB13007E7ED2 /* VoxelDrawSystem.cpp */ = {isa = PBXFileReference; fileEncoding = 4; lastKnownFileType = sourcecode.cpp.cpp; name = VoxelDrawSystem.cpp; path = ../../source/VoxelDrawSystem.cpp; sourceTree = "<group>"; };
		F1E709A218B9BB13007E7ED2 /* VoxelDrawSystem.h */ = {isa = PBXFileReference; fileEncoding = 4; lastKnownFileType = sourcecode.c.h; name = VoxelDrawSystem.h; path = ../../source/VoxelDrawSystem.h; sourceTree = "<group>"; };
		F1E709A318B9BB13007E7ED2 /* VoxelSystem.cpp */ = {isa = PBXFileReference; fileEncoding = 4; lastKnownFileType = sourcecode.cpp.cpp; name = VoxelSystem.cpp; path = ../../source/VoxelSystem.cpp; sourceTree = "<group>"; };
		F1E709A418B9BB13007E7ED2 /* VoxelSystem.h */ = {isa = PBXFileReference; fileEncoding = 4; lastKnownFileType = sourcecode.c.h; name = VoxelSystem.h; path = ../../source/VoxelSystem.h; sourceTree = "<group>"; };
		F1E709A518B9BB13007E7ED2 /* VoxEngine.cpp */ = {isa = PBXFileReference; fileEncoding = 4; lastKnownFileType = sourcecode.cpp.cpp; name = VoxEngine.cpp; path = ../../source/VoxEngine.cpp; sourceTree = "<group>"; };
		F1E709A618B9BB13007E7ED2 /* VoxEngine.h */ = {isa = PBXFileReference; fileEncoding = 4; lastKnownFileType = sourcecode.c.h; name = VoxEngine.h; path = ../../source/VoxEngine.h; sourceTree = "<group>"; };
		F1E709A718B9BB13007E7ED2 /* Window.cpp */ = {isa = PBXFileReference; fileEncoding = 4; lastKnownFileType = sourcecode.cpp.cpp; name = Window.cpp; path = ../../source/Window.cpp; sourceTree = "<group>"; };
		F1E709A818B9BB13007E7ED2 /* Window.h */ = {isa = PBXFileReference; fileEncoding = 4; lastKnownFileType = sourcecode.c.h; name = Window.h; path = ../../source/Window.h; sourceTree = "<group>"; };
		F1E709F918B9BB37007E7ED2 /* particles */ = {isa = PBXFileReference; lastKnownFileType = folder; name = particles; path = ../source/game/particles; sourceTree = "<group>"; };
		F1ED7BCD18AC687600DC9D69 /* libcurl.a */ = {isa = PBXFileReference; lastKnownFileType = archive.ar; name = libcurl.a; path = ../libs/ios/curl/libcurl.a; sourceTree = "<group>"; };
		F1ED7BCF18AC6FB400DC9D69 /* libz.dylib */ = {isa = PBXFileReference; lastKnownFileType = "compiled.mach-o.dylib"; name = libz.dylib; path = usr/lib/libz.dylib; sourceTree = SDKROOT; };
/* End PBXFileReference section */

/* Begin PBXFrameworksBuildPhase section */
		F1989FD118A58C3900A5165E /* Frameworks */ = {
			isa = PBXFrameworksBuildPhase;
			buildActionMask = 2147483647;
			files = (
				F1ED7BD018AC6FB400DC9D69 /* libz.dylib in Frameworks */,
				F1E65A9C18AA0BA300A799C9 /* libSDL2.a in Frameworks */,
				F1E65A9A18AA0BA300A799C9 /* libSDL2_ttf.a in Frameworks */,
				F1E65A9818AA0BA300A799C9 /* libSDL2_mixer.a in Frameworks */,
				F1ED7BCE18AC687600DC9D69 /* libcurl.a in Frameworks */,
				F136299C18A59BE70006A8BB /* QuartzCore.framework in Frameworks */,
				F136299B18A59BB40006A8BB /* CoreGraphics.framework in Frameworks */,
				F136299118A599E20006A8BB /* CoreAudio.framework in Frameworks */,
				F136299518A59A050006A8BB /* AudioToolbox.framework in Frameworks */,
				F136299318A599F60006A8BB /* CoreMedia.framework in Frameworks */,
				F136298F18A599CC0006A8BB /* OpenGLES.framework in Frameworks */,
				F1989FDC18A58C3900A5165E /* UIKit.framework in Frameworks */,
				F1989FD818A58C3900A5165E /* Foundation.framework in Frameworks */,
			);
			runOnlyForDeploymentPostprocessing = 0;
		};
/* End PBXFrameworksBuildPhase section */

/* Begin PBXGroup section */
		F13516B618A8A2CD0078FDA4 /* noise */ = {
			isa = PBXGroup;
			children = (
				F13517E418A8A5A20078FDA4 /* latlon.cpp */,
				F13517E518A8A5A20078FDA4 /* noisegen.cpp */,
				F13517E818A8A5AF0078FDA4 /* cylinder.cpp */,
				F13517E918A8A5AF0078FDA4 /* line.cpp */,
				F13517EA18A8A5AF0078FDA4 /* plane.cpp */,
				F13517EB18A8A5AF0078FDA4 /* sphere.cpp */,
				F13517F018A8A5D60078FDA4 /* abs.cpp */,
				F13517F118A8A5D60078FDA4 /* add.cpp */,
				F13517F218A8A5D60078FDA4 /* billow.cpp */,
				F13517F318A8A5D60078FDA4 /* blend.cpp */,
				F13517F418A8A5D60078FDA4 /* cache.cpp */,
				F13517F518A8A5D60078FDA4 /* checkerboard.cpp */,
				F13517F618A8A5D60078FDA4 /* clamp.cpp */,
				F13517F718A8A5D60078FDA4 /* const.cpp */,
				F13517F818A8A5D60078FDA4 /* curve.cpp */,
				F13517F918A8A5D60078FDA4 /* cylinders.cpp */,
				F13517FA18A8A5D60078FDA4 /* displace.cpp */,
				F13517FB18A8A5D60078FDA4 /* exponent.cpp */,
				F13517FC18A8A5D60078FDA4 /* invert.cpp */,
				F13517FD18A8A5D60078FDA4 /* max.cpp */,
				F13517FE18A8A5D60078FDA4 /* min.cpp */,
				F13517FF18A8A5D60078FDA4 /* modulebase.cpp */,
				F135180018A8A5D60078FDA4 /* multiply.cpp */,
				F135180118A8A5D60078FDA4 /* perlin.cpp */,
				F135180218A8A5D60078FDA4 /* power.cpp */,
				F135180318A8A5D60078FDA4 /* ridgedmulti.cpp */,
				F135180418A8A5D60078FDA4 /* rotatepoint.cpp */,
				F135180518A8A5D60078FDA4 /* scalebias.cpp */,
				F135180618A8A5D60078FDA4 /* scalepoint.cpp */,
				F135180718A8A5D60078FDA4 /* select.cpp */,
				F135180818A8A5D60078FDA4 /* spheres.cpp */,
				F135180918A8A5D60078FDA4 /* terrace.cpp */,
				F135180A18A8A5D60078FDA4 /* translatepoint.cpp */,
				F135180B18A8A5D60078FDA4 /* turbulence.cpp */,
				F135180C18A8A5D60078FDA4 /* voronoi.cpp */,
			);
			name = noise;
			path = libnoise;
			sourceTree = "<group>";
		};
		F13517DF18A8A54E0078FDA4 /* libs */ = {
			isa = PBXGroup;
			children = (
				F13516B618A8A2CD0078FDA4 /* noise */,
			);
			name = libs;
			sourceTree = "<group>";
		};
		F1989FCB18A58C3900A5165E = {
			isa = PBXGroup;
			children = (
				F1989FDD18A58C3900A5165E /* VoxEngine */,
				F13517DF18A8A54E0078FDA4 /* libs */,
				F1C6998518A7187800442752 /* Resources */,
				F1989FDE18A58C3900A5165E /* Supporting Files */,
				F1989FD618A58C3900A5165E /* Frameworks */,
				F1989FD518A58C3900A5165E /* Products */,
			);
			sourceTree = "<group>";
		};
		F1989FD518A58C3900A5165E /* Products */ = {
			isa = PBXGroup;
			children = (
				F1989FD418A58C3900A5165E /* VoxEngine.app */,
			);
			name = Products;
			sourceTree = "<group>";
		};
		F1989FD618A58C3900A5165E /* Frameworks */ = {
			isa = PBXGroup;
			children = (
				F1ED7BCF18AC6FB400DC9D69 /* libz.dylib */,
				F1E65A9618AA0BA300A799C9 /* libSDL2.a */,
				F1E65A9418AA0BA300A799C9 /* libSDL2_ttf.a */,
				F1E65A9218AA0BA300A799C9 /* libSDL2_mixer.a */,
				F1ED7BCD18AC687600DC9D69 /* libcurl.a */,
				F136299918A59B780006A8BB /* QuartzCore.framework */,
				F136299618A59A0D0006A8BB /* AudioUnit.framework */,
				F136299418A59A050006A8BB /* AudioToolbox.framework */,
				F136299218A599F60006A8BB /* CoreMedia.framework */,
				F136299018A599E20006A8BB /* CoreAudio.framework */,
				F136298E18A599CC0006A8BB /* OpenGLES.framework */,
				F1989FD718A58C3900A5165E /* Foundation.framework */,
				F1989FD918A58C3900A5165E /* CoreGraphics.framework */,
				F1989FDB18A58C3900A5165E /* UIKit.framework */,
			);
			name = Frameworks;
			sourceTree = "<group>";
		};
		F1989FDD18A58C3900A5165E /* VoxEngine */ = {
			isa = PBXGroup;
			children = (
				F1E708FE18B9BB12007E7ED2 /* Actor.cpp */,
				F1E708FF18B9BB12007E7ED2 /* Actor.h */,
				F1E7090018B9BB12007E7ED2 /* ActorPlayer.cpp */,
				F1E7090118B9BB12007E7ED2 /* ActorPlayer.h */,
				F1E7090218B9BB12007E7ED2 /* ActorSystem.cpp */,
				F1E7090318B9BB12007E7ED2 /* ActorSystem.h */,
				F1E7090418B9BB12007E7ED2 /* Audio.cpp */,
				F1E7090518B9BB12007E7ED2 /* Audio.h */,
				F1E7090618B9BB12007E7ED2 /* AudioHeader.h */,
				F1E7090718B9BB12007E7ED2 /* AuxLogger.cpp */,
				F1E7090818B9BB12007E7ED2 /* AuxLogger.h */,
				F1E7090918B9BB12007E7ED2 /* BaseFrame.cpp */,
				F1E7090A18B9BB12007E7ED2 /* BaseFrame.h */,
				F1E7090B18B9BB12007E7ED2 /* BasicVoxelRenderSystem.cpp */,
				F1E7090C18B9BB12007E7ED2 /* BasicVoxelRenderSystem.h */,
				F1E7090D18B9BB12007E7ED2 /* Button.cpp */,
				F1E7090E18B9BB12007E7ED2 /* Button.h */,
				F1E7090F18B9BB12007E7ED2 /* ComboBox.cpp */,
				F1E7091018B9BB12007E7ED2 /* ComboBox.h */,
				F1E7091118B9BB12007E7ED2 /* ContiguousList.h */,
				F1E7091218B9BB12007E7ED2 /* Control.cpp */,
				F1E7091318B9BB12007E7ED2 /* Control.h */,
				F1E7091418B9BB12007E7ED2 /* ControlBase.cpp */,
				F1E7091518B9BB12007E7ED2 /* ControlBase.h */,
				F1E7091618B9BB12007E7ED2 /* DebugWindow.cpp */,
				F1E7091718B9BB12007E7ED2 /* DebugWindow.h */,
				F1E7091818B9BB12007E7ED2 /* Demo.cpp */,
				F1E7091918B9BB12007E7ED2 /* Demo.h */,
				F1E7091A18B9BB12007E7ED2 /* Effect.cpp */,
				F1E7091B18B9BB12007E7ED2 /* Effect.h */,
				F1E7091C18B9BB12007E7ED2 /* ErrorWindow.cpp */,
				F1E7091D18B9BB12007E7ED2 /* ErrorWindow.h */,
				F1E7091E18B9BB12007E7ED2 /* FirstPersonMode.cpp */,
				F1E7091F18B9BB12007E7ED2 /* FirstPersonMode.h */,
				F1E7092018B9BB12007E7ED2 /* FirstPersonModeMobile.cpp */,
				F1E7092118B9BB12007E7ED2 /* FirstPersonModeMobile.h */,
				F1E7092218B9BB12007E7ED2 /* Font.cpp */,
				F1E7092318B9BB12007E7ED2 /* Font.h */,
				F1E7092418B9BB12007E7ED2 /* FPSCounter.cpp */,
				F1E7092518B9BB12007E7ED2 /* FPSCounter.h */,
				F1E7092618B9BB12007E7ED2 /* Frames.cpp */,
				F1E7092718B9BB12007E7ED2 /* Frames.h */,
				F1E7092818B9BB12007E7ED2 /* GameCamera.cpp */,
				F1E7092918B9BB12007E7ED2 /* GameCamera.h */,
				F1E7092A18B9BB12007E7ED2 /* GameEvent.cpp */,
				F1E7092B18B9BB12007E7ED2 /* GameEvent.h */,
				F1E7092C18B9BB12007E7ED2 /* GameEventInterface.h */,
				F1E7092D18B9BB12007E7ED2 /* GameEventSubscriber.cpp */,
				F1E7092E18B9BB12007E7ED2 /* GameEventSubscriber.h */,
				F1E7092F18B9BB12007E7ED2 /* GameSave.cpp */,
				F1E7093018B9BB12007E7ED2 /* GameSave.h */,
				F1E7093118B9BB12007E7ED2 /* GameSystem.cpp */,
				F1E7093218B9BB12007E7ED2 /* GameSystem.h */,
				F1E7093318B9BB12007E7ED2 /* GameTile.cpp */,
				F1E7093418B9BB12007E7ED2 /* GameTile.h */,
				F1E7093518B9BB12007E7ED2 /* GL2DProgram.cpp */,
				F1E7093618B9BB13007E7ED2 /* GL2DProgram.h */,
				F1E7093718B9BB13007E7ED2 /* GL2DVertexGroup.cpp */,
				F1E7093818B9BB13007E7ED2 /* GL2DVertexGroup.h */,
				F1E7093918B9BB13007E7ED2 /* GL3DProgram.cpp */,
				F1E7093A18B9BB13007E7ED2 /* GL3DProgram.h */,
				F1E7093B18B9BB13007E7ED2 /* GLAcidTab.cpp */,
				F1E7093C18B9BB13007E7ED2 /* GLAcidTab.h */,
				F1E7093D18B9BB13007E7ED2 /* GLCamera.cpp */,
				F1E7093E18B9BB13007E7ED2 /* GLCamera.h */,
				F1E7093F18B9BB13007E7ED2 /* GLClipping.cpp */,
				F1E7094018B9BB13007E7ED2 /* GLClipping.h */,
				F1E7094118B9BB13007E7ED2 /* GLCombinedMatrix.cpp */,
				F1E7094218B9BB13007E7ED2 /* GLCombinedMatrix.h */,
				F1E7094318B9BB13007E7ED2 /* GLCombinedModel.cpp */,
				F1E7094418B9BB13007E7ED2 /* GLCombinedModel.h */,
				F1E7094518B9BB13007E7ED2 /* GLCommonShaderFile.cpp */,
				F1E7094618B9BB13007E7ED2 /* GLCommonShaderFile.h */,
				F1E7094718B9BB13007E7ED2 /* GLDynamicVertexGroup.cpp */,
				F1E7094818B9BB13007E7ED2 /* GLDynamicVertexGroup.h */,
				F1E7094918B9BB13007E7ED2 /* GLFrameBuffer.cpp */,
				F1E7094A18B9BB13007E7ED2 /* GLFrameBuffer.h */,
				F1E7094B18B9BB13007E7ED2 /* GLLight.cpp */,
				F1E7094C18B9BB13007E7ED2 /* GLLight.h */,
				F1E7094D18B9BB13007E7ED2 /* GLLighting.cpp */,
				F1E7094E18B9BB13007E7ED2 /* GLLighting.h */,
				F1E7094F18B9BB13007E7ED2 /* GLLightProgram.h */,
				F1E7095018B9BB13007E7ED2 /* GLModel.cpp */,
				F1E7095118B9BB13007E7ED2 /* GLModel.h */,
				F1E7095218B9BB13007E7ED2 /* GLParticleProgram.cpp */,
				F1E7095318B9BB13007E7ED2 /* GLParticleProgram.h */,
				F1E7095418B9BB13007E7ED2 /* GLProgram.cpp */,
				F1E7095518B9BB13007E7ED2 /* GLProgram.h */,
				F1E7095618B9BB13007E7ED2 /* GLShader.cpp */,
				F1E7095718B9BB13007E7ED2 /* GLShader.h */,
				F1E7095818B9BB13007E7ED2 /* GLTexture.cpp */,
				F1E7095918B9BB13007E7ED2 /* GLTexture.h */,
				F1E7095A18B9BB13007E7ED2 /* GLTriangle.h */,
				F1E7095B18B9BB13007E7ED2 /* GObject.cpp */,
				F1E7095C18B9BB13007E7ED2 /* GObject.h */,
				F1E7095D18B9BB13007E7ED2 /* InputEvent.cpp */,
				F1E7095E18B9BB13007E7ED2 /* InputEvent.h */,
				F1E7095F18B9BB13007E7ED2 /* InstancedVoxelRenderSystem.cpp */,
				F1E7096018B9BB13007E7ED2 /* InstancedVoxelRenderSystem.h */,
				F1E7096118B9BB13007E7ED2 /* InterfaceGlobals.cpp */,
				F1E7096218B9BB13007E7ED2 /* InterfaceGlobals.h */,
				F1E7096318B9BB13007E7ED2 /* Interop.h */,
				F1E7096418B9BB13007E7ED2 /* InteropChain.h */,
				F1E7096518B9BB13007E7ED2 /* InteropDecoders.h */,
				F1E7096618B9BB13007E7ED2 /* IOSGL.h */,
				F1E7096718B9BB13007E7ED2 /* Label.cpp */,
				F1E7096818B9BB13007E7ED2 /* Label.h */,
				F1E7096918B9BB13007E7ED2 /* LinearInterop.h */,
				F1E7096A18B9BB13007E7ED2 /* Listbox.cpp */,
				F1E7096B18B9BB13007E7ED2 /* Listbox.h */,
				F1E7096C18B9BB13007E7ED2 /* LoadingScreen.cpp */,
				F1E7096D18B9BB13007E7ED2 /* LoadingScreen.h */,
				F1E7096E18B9BB13007E7ED2 /* lodepng.cpp */,
				F1E7096F18B9BB13007E7ED2 /* lodepng.h */,
				F1E7097018B9BB13007E7ED2 /* MaxDistanceFog.cpp */,
				F1E7097118B9BB13007E7ED2 /* MaxDistanceFog.h */,
				F1E7097218B9BB13007E7ED2 /* Music.cpp */,
				F1E7097318B9BB13007E7ED2 /* Music.h */,
				F1E7097418B9BB13007E7ED2 /* NinePatchBinary.cpp */,
				F1E7097518B9BB13007E7ED2 /* NinePatchBinary.h */,
				F1E7097618B9BB13007E7ED2 /* noiseutils.cpp */,
				F1E7097718B9BB13007E7ED2 /* noiseutils.h */,
				F1E7097818B9BB13007E7ED2 /* OS.cpp */,
				F1E7097918B9BB13007E7ED2 /* OS.h */,
				F1E7097A18B9BB13007E7ED2 /* Particle.cpp */,
				F1E7097B18B9BB13007E7ED2 /* Particle.h */,
				F1E7097C18B9BB13007E7ED2 /* ParticleCloud.cpp */,
				F1E7097D18B9BB13007E7ED2 /* ParticleCloud.h */,
				F1E7097E18B9BB13007E7ED2 /* ParticleData.cpp */,
				F1E7097F18B9BB13007E7ED2 /* ParticleData.h */,
				F1E7098018B9BB13007E7ED2 /* ParticleRenderer.cpp */,
				F1E7098118B9BB13007E7ED2 /* ParticleRenderer.h */,
				F1E7098218B9BB13007E7ED2 /* ParticleSystem.cpp */,
				F1E7098318B9BB13007E7ED2 /* ParticleSystem.h */,
				F1E7098418B9BB13007E7ED2 /* PhysicsSystem.cpp */,
				F1E7098518B9BB13007E7ED2 /* PhysicsSystem.h */,
				F1E7098618B9BB13007E7ED2 /* PhysicsVoxel.cpp */,
				F1E7098718B9BB13007E7ED2 /* PhysicsVoxel.h */,
				F1E7098818B9BB13007E7ED2 /* RasterizedText.cpp */,
				F1E7098918B9BB13007E7ED2 /* RasterizedText.h */,
				F1E7098A18B9BB13007E7ED2 /* Rect.cpp */,
				F1E7098B18B9BB13007E7ED2 /* Rect.h */,
				F1E7098C18B9BB13007E7ED2 /* ReflectionData.cpp */,
				F1E7098D18B9BB13007E7ED2 /* ReflectionData.h */,
				F1E7098E18B9BB13007E7ED2 /* Semaphore.cpp */,
				F1E7098F18B9BB13007E7ED2 /* Semaphore.h */,
				F1E7099018B9BB13007E7ED2 /* ShaderGroup.cpp */,
				F1E7099118B9BB13007E7ED2 /* ShaderGroup.h */,
				F1E7099218B9BB13007E7ED2 /* Shape.cpp */,
				F1E7099318B9BB13007E7ED2 /* Shape.h */,
				F1E7099418B9BB13007E7ED2 /* stdafx.cpp */,
				F1E7099518B9BB13007E7ED2 /* stdafx.h */,
				F1E7099618B9BB13007E7ED2 /* TerrainGen.cpp */,
				F1E7099718B9BB13007E7ED2 /* TerrainGen.h */,
				F1E7099818B9BB13007E7ED2 /* Textbox.cpp */,
				F1E7099918B9BB13007E7ED2 /* Textbox.h */,
				F1E7099A18B9BB13007E7ED2 /* TextureCache.cpp */,
				F1E7099B18B9BB13007E7ED2 /* TextureCache.h */,
				F1E7099C18B9BB13007E7ED2 /* TileCell.h */,
				F1E7099D18B9BB13007E7ED2 /* Utilities.cpp */,
				F1E7099E18B9BB13007E7ED2 /* Utilities.h */,
				F1E7099F18B9BB13007E7ED2 /* ViewDistanceCalc.cpp */,
				F1E709A018B9BB13007E7ED2 /* ViewDistanceCalc.h */,
				F1E709A118B9BB13007E7ED2 /* VoxelDrawSystem.cpp */,
				F1E709A218B9BB13007E7ED2 /* VoxelDrawSystem.h */,
				F1E709A318B9BB13007E7ED2 /* VoxelSystem.cpp */,
				F1E709A418B9BB13007E7ED2 /* VoxelSystem.h */,
				F1E709A518B9BB13007E7ED2 /* VoxEngine.cpp */,
				F1E709A618B9BB13007E7ED2 /* VoxEngine.h */,
				F1E709A718B9BB13007E7ED2 /* Window.cpp */,
				F1E709A818B9BB13007E7ED2 /* Window.h */,
			);
			path = VoxEngine;
			sourceTree = "<group>";
		};
		F1989FDE18A58C3900A5165E /* Supporting Files */ = {
			isa = PBXGroup;
			children = (
				F1989FE918A58C3900A5165E /* Images.xcassets */,
				F1989FDF18A58C3900A5165E /* VoxEngine-Info.plist */,
				F1989FE018A58C3900A5165E /* InfoPlist.strings */,
				F1989FE518A58C3900A5165E /* VoxEngine-Prefix.pch */,
			);
			name = "Supporting Files";
			path = VoxEngine;
			sourceTree = "<group>";
		};
		F1C6998518A7187800442752 /* Resources */ = {
			isa = PBXGroup;
			children = (
				F1E709F918B9BB37007E7ED2 /* particles */,
				F1DE040718B29A2800FA53AC /* sounds */,
				F1C6998F18A728FC00442752 /* Interface */,
				F1C6999118A728FC00442752 /* terrain */,
				F1C6998E18A728FC00442752 /* basic-h.png */,
				F1C6999018A728FC00442752 /* loading.png */,
			);
			name = Resources;
			sourceTree = "<group>";
		};
/* End PBXGroup section */

/* Begin PBXNativeTarget section */
		F1989FD318A58C3900A5165E /* VoxEngine */ = {
			isa = PBXNativeTarget;
			buildConfigurationList = F198A00018A58C3900A5165E /* Build configuration list for PBXNativeTarget "VoxEngine" */;
			buildPhases = (
				F1989FD018A58C3900A5165E /* Sources */,
				F1989FD118A58C3900A5165E /* Frameworks */,
				F1989FD218A58C3900A5165E /* Resources */,
			);
			buildRules = (
			);
			dependencies = (
			);
			name = VoxEngine;
			productName = VoxEngine;
			productReference = F1989FD418A58C3900A5165E /* VoxEngine.app */;
			productType = "com.apple.product-type.application";
		};
/* End PBXNativeTarget section */

/* Begin PBXProject section */
		F1989FCC18A58C3900A5165E /* Project object */ = {
			isa = PBXProject;
			attributes = {
				LastUpgradeCheck = 0500;
				ORGANIZATIONNAME = HoodooNet;
			};
			buildConfigurationList = F1989FCF18A58C3900A5165E /* Build configuration list for PBXProject "VoxEngine" */;
			compatibilityVersion = "Xcode 3.2";
			developmentRegion = English;
			hasScannedForEncodings = 0;
			knownRegions = (
				en,
			);
			mainGroup = F1989FCB18A58C3900A5165E;
			productRefGroup = F1989FD518A58C3900A5165E /* Products */;
			projectDirPath = "";
			projectRoot = "";
			targets = (
				F1989FD318A58C3900A5165E /* VoxEngine */,
			);
		};
/* End PBXProject section */

/* Begin PBXResourcesBuildPhase section */
		F1989FD218A58C3900A5165E /* Resources */ = {
			isa = PBXResourcesBuildPhase;
			buildActionMask = 2147483647;
			files = (
				F1E709FA18B9BB37007E7ED2 /* particles in Resources */,
				F1C6999518A728FC00442752 /* terrain in Resources */,
				F1C6999418A728FC00442752 /* loading.png in Resources */,
				F1DE040818B29A2800FA53AC /* sounds in Resources */,
				F1C6999218A728FC00442752 /* basic-h.png in Resources */,
				F1989FE218A58C3900A5165E /* InfoPlist.strings in Resources */,
				F1C6999318A728FC00442752 /* Interface in Resources */,
				F1989FEA18A58C3900A5165E /* Images.xcassets in Resources */,
			);
			runOnlyForDeploymentPostprocessing = 0;
		};
/* End PBXResourcesBuildPhase section */

/* Begin PBXSourcesBuildPhase section */
		F1989FD018A58C3900A5165E /* Sources */ = {
			isa = PBXSourcesBuildPhase;
			buildActionMask = 2147483647;
			files = (
				F1E709B418B9BB13007E7ED2 /* DebugWindow.cpp in Sources */,
				F1E709D118B9BB13007E7ED2 /* GLParticleProgram.cpp in Sources */,
				F1E709E718B9BB13007E7ED2 /* PhysicsSystem.cpp in Sources */,
				F11C7EF818A8A7F9004BC84B /* latlon.cpp in Sources */,
				F1E709F418B9BB13007E7ED2 /* ViewDistanceCalc.cpp in Sources */,
				F1E709DF18B9BB13007E7ED2 /* NinePatchBinary.cpp in Sources */,
				F11C7EF918A8A7F9004BC84B /* noisegen.cpp in Sources */,
				F1E709E118B9BB13007E7ED2 /* OS.cpp in Sources */,
				F1E709AB18B9BB13007E7ED2 /* ActorSystem.cpp in Sources */,
				F1E709D418B9BB13007E7ED2 /* GLTexture.cpp in Sources */,
				F1E709D918B9BB13007E7ED2 /* Label.cpp in Sources */,
				F1E709CA18B9BB13007E7ED2 /* GLCombinedModel.cpp in Sources */,
				F11C7EFA18A8A7F9004BC84B /* cylinder.cpp in Sources */,
				F1E709AD18B9BB13007E7ED2 /* AuxLogger.cpp in Sources */,
				F11C7EFB18A8A7F9004BC84B /* line.cpp in Sources */,
				F1E709AC18B9BB13007E7ED2 /* Audio.cpp in Sources */,
				F1E709D218B9BB13007E7ED2 /* GLProgram.cpp in Sources */,
				F1E709CC18B9BB13007E7ED2 /* GLDynamicVertexGroup.cpp in Sources */,
				F1E709E918B9BB13007E7ED2 /* RasterizedText.cpp in Sources */,
				F11C7EFC18A8A7F9004BC84B /* plane.cpp in Sources */,
				F11C7EFD18A8A7F9004BC84B /* sphere.cpp in Sources */,
				F1E709F518B9BB13007E7ED2 /* VoxelDrawSystem.cpp in Sources */,
				F11C7EFE18A8A7F9004BC84B /* abs.cpp in Sources */,
				F1E709F618B9BB13007E7ED2 /* VoxelSystem.cpp in Sources */,
				F11C7EFF18A8A7F9004BC84B /* add.cpp in Sources */,
				F1E709AA18B9BB13007E7ED2 /* ActorPlayer.cpp in Sources */,
				F1E709D618B9BB13007E7ED2 /* InputEvent.cpp in Sources */,
				F11C7F0018A8A7F9004BC84B /* billow.cpp in Sources */,
				F1E709DA18B9BB13007E7ED2 /* Listbox.cpp in Sources */,
				F1E709DB18B9BB13007E7ED2 /* LoadingScreen.cpp in Sources */,
				F1E709F018B9BB13007E7ED2 /* TerrainGen.cpp in Sources */,
				F1E709C418B9BB13007E7ED2 /* GL2DVertexGroup.cpp in Sources */,
				F1E709EA18B9BB13007E7ED2 /* Rect.cpp in Sources */,
				F1E709F118B9BB13007E7ED2 /* Textbox.cpp in Sources */,
				F1E709DD18B9BB13007E7ED2 /* MaxDistanceFog.cpp in Sources */,
				F1E709C018B9BB13007E7ED2 /* GameSave.cpp in Sources */,
				F1E709BF18B9BB13007E7ED2 /* GameEventSubscriber.cpp in Sources */,
				F1E709F318B9BB13007E7ED2 /* Utilities.cpp in Sources */,
				F1E709DE18B9BB13007E7ED2 /* Music.cpp in Sources */,
				F1E709C218B9BB13007E7ED2 /* GameTile.cpp in Sources */,
				F1E709B718B9BB13007E7ED2 /* ErrorWindow.cpp in Sources */,
				F1E709D818B9BB13007E7ED2 /* InterfaceGlobals.cpp in Sources */,
				F1E709F218B9BB13007E7ED2 /* TextureCache.cpp in Sources */,
				F11C7F0118A8A7F9004BC84B /* blend.cpp in Sources */,
				F1E709C118B9BB13007E7ED2 /* GameSystem.cpp in Sources */,
				F1E709D318B9BB13007E7ED2 /* GLShader.cpp in Sources */,
				F1E709D018B9BB13007E7ED2 /* GLModel.cpp in Sources */,
				F11C7F0218A8A7F9004BC84B /* cache.cpp in Sources */,
				F1E709B618B9BB13007E7ED2 /* Effect.cpp in Sources */,
				F11C7F0318A8A7F9004BC84B /* checkerboard.cpp in Sources */,
				F1E709CF18B9BB13007E7ED2 /* GLLighting.cpp in Sources */,
				F11C7F0418A8A7F9004BC84B /* clamp.cpp in Sources */,
				F11C7F0518A8A7F9004BC84B /* const.cpp in Sources */,
				F11C7F0618A8A7F9004BC84B /* curve.cpp in Sources */,
				F11C7F0718A8A7F9004BC84B /* cylinders.cpp in Sources */,
				F1E709EC18B9BB13007E7ED2 /* Semaphore.cpp in Sources */,
				F1E709AE18B9BB13007E7ED2 /* BaseFrame.cpp in Sources */,
				F1E709C718B9BB13007E7ED2 /* GLCamera.cpp in Sources */,
				F11C7F0818A8A7F9004BC84B /* displace.cpp in Sources */,
				F1E709E618B9BB13007E7ED2 /* ParticleSystem.cpp in Sources */,
				F1E709EB18B9BB13007E7ED2 /* ReflectionData.cpp in Sources */,
				F1E709F718B9BB13007E7ED2 /* VoxEngine.cpp in Sources */,
				F1E709E518B9BB13007E7ED2 /* ParticleRenderer.cpp in Sources */,
				F1E709CB18B9BB13007E7ED2 /* GLCommonShaderFile.cpp in Sources */,
				F1E709B118B9BB13007E7ED2 /* ComboBox.cpp in Sources */,
				F11C7F0918A8A7F9004BC84B /* exponent.cpp in Sources */,
				F1E709B018B9BB13007E7ED2 /* Button.cpp in Sources */,
				F11C7F0A18A8A7F9004BC84B /* invert.cpp in Sources */,
				F1E709C518B9BB13007E7ED2 /* GL3DProgram.cpp in Sources */,
				F1E709C318B9BB13007E7ED2 /* GL2DProgram.cpp in Sources */,
				F1E709B218B9BB13007E7ED2 /* Control.cpp in Sources */,
				F11C7F0B18A8A7F9004BC84B /* max.cpp in Sources */,
				F1E709CD18B9BB13007E7ED2 /* GLFrameBuffer.cpp in Sources */,
				F1E709C818B9BB13007E7ED2 /* GLClipping.cpp in Sources */,
				F11C7F0C18A8A7F9004BC84B /* min.cpp in Sources */,
				F1E709CE18B9BB13007E7ED2 /* GLLight.cpp in Sources */,
				F1E709E418B9BB13007E7ED2 /* ParticleData.cpp in Sources */,
				F1E709DC18B9BB13007E7ED2 /* lodepng.cpp in Sources */,
				F1E709B518B9BB13007E7ED2 /* Demo.cpp in Sources */,
				F11C7F0D18A8A7F9004BC84B /* modulebase.cpp in Sources */,
				F11C7F0E18A8A7F9004BC84B /* multiply.cpp in Sources */,
				F1E709F818B9BB13007E7ED2 /* Window.cpp in Sources */,
				F1E709E318B9BB13007E7ED2 /* ParticleCloud.cpp in Sources */,
				F11C7F0F18A8A7F9004BC84B /* perlin.cpp in Sources */,
				F11C7F1018A8A7F9004BC84B /* power.cpp in Sources */,
				F1E709C618B9BB13007E7ED2 /* GLAcidTab.cpp in Sources */,
				F11C7F1118A8A7F9004BC84B /* ridgedmulti.cpp in Sources */,
				F1E709E818B9BB13007E7ED2 /* PhysicsVoxel.cpp in Sources */,
				F1E709BB18B9BB13007E7ED2 /* FPSCounter.cpp in Sources */,
				F11C7F1218A8A7F9004BC84B /* rotatepoint.cpp in Sources */,
				F1E709EF18B9BB13007E7ED2 /* stdafx.cpp in Sources */,
				F1E709C918B9BB13007E7ED2 /* GLCombinedMatrix.cpp in Sources */,
				F1E709A918B9BB13007E7ED2 /* Actor.cpp in Sources */,
				F11C7F1318A8A7F9004BC84B /* scalebias.cpp in Sources */,
				F1E709D718B9BB13007E7ED2 /* InstancedVoxelRenderSystem.cpp in Sources */,
				F11C7F1418A8A7F9004BC84B /* scalepoint.cpp in Sources */,
				F1E709E218B9BB13007E7ED2 /* Particle.cpp in Sources */,
				F1E709B918B9BB13007E7ED2 /* FirstPersonModeMobile.cpp in Sources */,
				F11C7F1518A8A7F9004BC84B /* select.cpp in Sources */,
				F11C7F1618A8A7F9004BC84B /* spheres.cpp in Sources */,
				F1E709B318B9BB13007E7ED2 /* ControlBase.cpp in Sources */,
				F11C7F1718A8A7F9004BC84B /* terrace.cpp in Sources */,
				F1E709EE18B9BB13007E7ED2 /* Shape.cpp in Sources */,
				F1E709ED18B9BB13007E7ED2 /* ShaderGroup.cpp in Sources */,
				F1E709AF18B9BB13007E7ED2 /* BasicVoxelRenderSystem.cpp in Sources */,
				F1E709BE18B9BB13007E7ED2 /* GameEvent.cpp in Sources */,
				F11C7F1818A8A7F9004BC84B /* translatepoint.cpp in Sources */,
				F1E709BD18B9BB13007E7ED2 /* GameCamera.cpp in Sources */,
				F1E709E018B9BB13007E7ED2 /* noiseutils.cpp in Sources */,
				F1E709D518B9BB13007E7ED2 /* GObject.cpp in Sources */,
				F11C7F1918A8A7F9004BC84B /* turbulence.cpp in Sources */,
				F11C7F1A18A8A7F9004BC84B /* voronoi.cpp in Sources */,
				F1E709B818B9BB13007E7ED2 /* FirstPersonMode.cpp in Sources */,
				F1E709BA18B9BB13007E7ED2 /* Font.cpp in Sources */,
				F1E709BC18B9BB13007E7ED2 /* Frames.cpp in Sources */,
			);
			runOnlyForDeploymentPostprocessing = 0;
		};
/* End PBXSourcesBuildPhase section */

/* Begin PBXVariantGroup section */
		F1989FE018A58C3900A5165E /* InfoPlist.strings */ = {
			isa = PBXVariantGroup;
			children = (
				F1989FE118A58C3900A5165E /* en */,
			);
			name = InfoPlist.strings;
			sourceTree = "<group>";
		};
/* End PBXVariantGroup section */

/* Begin XCBuildConfiguration section */
		F1989FFE18A58C3900A5165E /* Debug */ = {
			isa = XCBuildConfiguration;
			buildSettings = {
				ALWAYS_SEARCH_USER_PATHS = YES;
				ARCHS = "$(ARCHS_STANDARD_INCLUDING_64_BIT)";
				CLANG_CXX_LANGUAGE_STANDARD = "c++11";
				CLANG_CXX_LIBRARY = "libc++";
				CLANG_ENABLE_MODULES = YES;
				CLANG_ENABLE_OBJC_ARC = YES;
				CLANG_WARN_BOOL_CONVERSION = YES;
				CLANG_WARN_CONSTANT_CONVERSION = YES;
				CLANG_WARN_DIRECT_OBJC_ISA_USAGE = YES_ERROR;
				CLANG_WARN_EMPTY_BODY = YES;
				CLANG_WARN_ENUM_CONVERSION = YES;
				CLANG_WARN_INT_CONVERSION = YES;
				CLANG_WARN_OBJC_ROOT_CLASS = YES_ERROR;
				CLANG_WARN__DUPLICATE_METHOD_MATCH = YES;
				"CODE_SIGN_IDENTITY[sdk=iphoneos*]" = "iPhone Developer";
				COMPRESS_PNG_FILES = NO;
				COPY_PHASE_STRIP = NO;
				GCC_C_LANGUAGE_STANDARD = gnu99;
				GCC_DYNAMIC_NO_PIC = NO;
				GCC_OPTIMIZATION_LEVEL = 1;
				GCC_PREPROCESSOR_DEFINITIONS = (
					"DEBUG=1",
					"$(inherited)",
				);
				GCC_SYMBOLS_PRIVATE_EXTERN = NO;
				GCC_WARN_64_TO_32_BIT_CONVERSION = YES;
				GCC_WARN_ABOUT_RETURN_TYPE = YES_ERROR;
				GCC_WARN_UNDECLARED_SELECTOR = YES;
				GCC_WARN_UNINITIALIZED_AUTOS = YES;
				GCC_WARN_UNUSED_FUNCTION = YES;
				GCC_WARN_UNUSED_VARIABLE = YES;
				IPHONEOS_DEPLOYMENT_TARGET = 7.0;
				LIBRARY_SEARCH_PATHS = (
					../libs/ios/SDL2,
					../libs/ios/curl,
				);
				ONLY_ACTIVE_ARCH = YES;
				OTHER_CFLAGS = "-D__IPHONEOS__";
				SDKROOT = iphoneos;
				TARGETED_DEVICE_FAMILY = "1,2";
				USER_HEADER_SEARCH_PATHS = "../includes/SDL ../includes/glm-0.9.4.4 ../includes/libnoise ../includes/curl/ios";
			};
			name = Debug;
		};
		F1989FFF18A58C3900A5165E /* Release */ = {
			isa = XCBuildConfiguration;
			buildSettings = {
				ALWAYS_SEARCH_USER_PATHS = YES;
				ARCHS = "$(ARCHS_STANDARD_INCLUDING_64_BIT)";
				CLANG_CXX_LANGUAGE_STANDARD = "c++11";
				CLANG_CXX_LIBRARY = "libc++";
				CLANG_ENABLE_MODULES = YES;
				CLANG_ENABLE_OBJC_ARC = YES;
				CLANG_WARN_BOOL_CONVERSION = YES;
				CLANG_WARN_CONSTANT_CONVERSION = YES;
				CLANG_WARN_DIRECT_OBJC_ISA_USAGE = YES_ERROR;
				CLANG_WARN_EMPTY_BODY = YES;
				CLANG_WARN_ENUM_CONVERSION = YES;
				CLANG_WARN_INT_CONVERSION = YES;
				CLANG_WARN_OBJC_ROOT_CLASS = YES_ERROR;
				CLANG_WARN__DUPLICATE_METHOD_MATCH = YES;
				"CODE_SIGN_IDENTITY[sdk=iphoneos*]" = "iPhone Distribution";
				COMPRESS_PNG_FILES = NO;
				COPY_PHASE_STRIP = YES;
				ENABLE_NS_ASSERTIONS = NO;
				GCC_C_LANGUAGE_STANDARD = gnu99;
				GCC_OPTIMIZATION_LEVEL = 3;
				GCC_WARN_64_TO_32_BIT_CONVERSION = YES;
				GCC_WARN_ABOUT_RETURN_TYPE = YES_ERROR;
				GCC_WARN_UNDECLARED_SELECTOR = YES;
				GCC_WARN_UNINITIALIZED_AUTOS = YES;
				GCC_WARN_UNUSED_FUNCTION = YES;
				GCC_WARN_UNUSED_VARIABLE = YES;
				IPHONEOS_DEPLOYMENT_TARGET = 7.0;
				LIBRARY_SEARCH_PATHS = (
					../libs/ios/SDL2,
					../libs/ios/curl,
				);
				ONLY_ACTIVE_ARCH = NO;
				OTHER_CFLAGS = "-D__IPHONEOS__";
				SDKROOT = iphoneos;
				TARGETED_DEVICE_FAMILY = "1,2";
				USER_HEADER_SEARCH_PATHS = "../includes/SDL ../includes/glm-0.9.4.4 ../includes/libnoise ../includes/curl/ios";
				VALIDATE_PRODUCT = YES;
			};
			name = Release;
		};
		F198A00118A58C3900A5165E /* Debug */ = {
			isa = XCBuildConfiguration;
			buildSettings = {
				ASSETCATALOG_COMPILER_APPICON_NAME = AppIcon;
				ASSETCATALOG_COMPILER_LAUNCHIMAGE_NAME = LaunchImage;
				COMPRESS_PNG_FILES = NO;
				GCC_PRECOMPILE_PREFIX_HEADER = YES;
				GCC_PREFIX_HEADER = "VoxEngine/VoxEngine-Prefix.pch";
				INFOPLIST_FILE = "VoxEngine/VoxEngine-Info.plist";
				LIBRARY_SEARCH_PATHS = (
					"$(inherited)",
					"/Users/nathaniel/Desktop/main-client/Sample/libs/ios/curl",
				);
				PRODUCT_NAME = "$(TARGET_NAME)";
				WRAPPER_EXTENSION = app;
			};
			name = Debug;
		};
		F198A00218A58C3900A5165E /* Release */ = {
			isa = XCBuildConfiguration;
			buildSettings = {
				ASSETCATALOG_COMPILER_APPICON_NAME = AppIcon;
				ASSETCATALOG_COMPILER_LAUNCHIMAGE_NAME = LaunchImage;
				COMPRESS_PNG_FILES = NO;
				GCC_PRECOMPILE_PREFIX_HEADER = YES;
				GCC_PREFIX_HEADER = "VoxEngine/VoxEngine-Prefix.pch";
				INFOPLIST_FILE = "VoxEngine/VoxEngine-Info.plist";
				LIBRARY_SEARCH_PATHS = (
					"$(inherited)",
					"/Users/nathaniel/Desktop/main-client/Sample/libs/ios/curl",
				);
				PRODUCT_NAME = "$(TARGET_NAME)";
				WRAPPER_EXTENSION = app;
			};
			name = Release;
		};
/* End XCBuildConfiguration section */

/* Begin XCConfigurationList section */
		F1989FCF18A58C3900A5165E /* Build configuration list for PBXProject "VoxEngine" */ = {
			isa = XCConfigurationList;
			buildConfigurations = (
				F1989FFE18A58C3900A5165E /* Debug */,
				F1989FFF18A58C3900A5165E /* Release */,
			);
			defaultConfigurationIsVisible = 0;
			defaultConfigurationName = Release;
		};
		F198A00018A58C3900A5165E /* Build configuration list for PBXNativeTarget "VoxEngine" */ = {
			isa = XCConfigurationList;
			buildConfigurations = (
				F198A00118A58C3900A5165E /* Debug */,
				F198A00218A58C3900A5165E /* Release */,
			);
			defaultConfigurationIsVisible = 0;
			defaultConfigurationName = Release;
		};
/* End XCConfigurationList section */
	};
	rootObject = F1989FCC18A58C3900A5165E /* Project object */;
}
