// !$*UTF8*$!
{
	archiveVersion = 1;
	classes = {
	};
	objectVersion = 46;
	objects = {

/* Begin PBXBuildFile section */
		1D60589F0D05DD5A006BFB54 /* Foundation.framework in Frameworks */ = {isa = PBXBuildFile; fileRef = 1D30AB110D05D00D00671497 /* Foundation.framework */; };
		1DF5F4E00D08C38300B7A737 /* UIKit.framework in Frameworks */ = {isa = PBXBuildFile; fileRef = 1DF5F4DF0D08C38300B7A737 /* UIKit.framework */; };
		28FD15000DC6FC520079059D /* OpenGLES.framework in Frameworks */ = {isa = PBXBuildFile; fileRef = 28FD14FF0DC6FC520079059D /* OpenGLES.framework */; };
		28FD15080DC6FC5B0079059D /* QuartzCore.framework in Frameworks */ = {isa = PBXBuildFile; fileRef = 28FD15070DC6FC5B0079059D /* QuartzCore.framework */; };
		F185383718931CEC00301716 /* main.cpp in Sources */ = {isa = PBXBuildFile; fileRef = F185383418931CEC00301716 /* main.cpp */; };
		F185383B18931F5600301716 /* Default-big.png in Resources */ = {isa = PBXBuildFile; fileRef = F185383918931F5600301716 /* Default-big.png */; };
		F185383C18931F5600301716 /* Default.png in Resources */ = {isa = PBXBuildFile; fileRef = F185383A18931F5600301716 /* Default.png */; };
		F1F26BBF18A2FE3400AFDE05 /* Buffer.cpp in Sources */ = {isa = PBXBuildFile; fileRef = F1F26B5118A2FE3400AFDE05 /* Buffer.cpp */; };
		F1F26BC018A2FE3400AFDE05 /* Exception.cpp in Sources */ = {isa = PBXBuildFile; fileRef = F1F26B5218A2FE3400AFDE05 /* Exception.cpp */; };
		F1F26BC118A2FE3400AFDE05 /* Program.cpp in Sources */ = {isa = PBXBuildFile; fileRef = F1F26B5318A2FE3400AFDE05 /* Program.cpp */; };
		F1F26BC218A2FE3400AFDE05 /* Shader.cpp in Sources */ = {isa = PBXBuildFile; fileRef = F1F26B5418A2FE3400AFDE05 /* Shader.cpp */; };
		F1F26BC518A3009B00AFDE05 /* libSDL2-simulator.a in Frameworks */ = {isa = PBXBuildFile; fileRef = F1F26BC318A3009B00AFDE05 /* libSDL2-simulator.a */; };
		F1F26BC618A3009B00AFDE05 /* libSDL2.a in Frameworks */ = {isa = PBXBuildFile; fileRef = F1F26BC418A3009B00AFDE05 /* libSDL2.a */; };
		F1F26BC918A3016100AFDE05 /* util.mm in Sources */ = {isa = PBXBuildFile; fileRef = F1F26BC818A3016100AFDE05 /* util.mm */; };
		F1F26BD118A304D100AFDE05 /* Shader.vsh in Resources */ = {isa = PBXBuildFile; fileRef = F1F26BCE18A3046100AFDE05 /* Shader.vsh */; };
		F1F26BD218A304D100AFDE05 /* Shader.fsh in Resources */ = {isa = PBXBuildFile; fileRef = F1F26BCD18A3046100AFDE05 /* Shader.fsh */; };
		FD779EDE0E26BA1200F39101 /* CoreAudio.framework in Frameworks */ = {isa = PBXBuildFile; fileRef = FD779EDD0E26BA1200F39101 /* CoreAudio.framework */; };
		FD77A07D0E26BD8C00F39101 /* Icon.png in Resources */ = {isa = PBXBuildFile; fileRef = FD77A07C0E26BD8C00F39101 /* Icon.png */; };
		FD77A0850E26BDB800F39101 /* AudioToolbox.framework in Frameworks */ = {isa = PBXBuildFile; fileRef = FD77A0840E26BDB800F39101 /* AudioToolbox.framework */; };
		FDB8BFC60E5A0F6A00980157 /* CoreGraphics.framework in Frameworks */ = {isa = PBXBuildFile; fileRef = FDB8BFC50E5A0F6A00980157 /* CoreGraphics.framework */; };
/* End PBXBuildFile section */

/* Begin PBXFileReference section */
		1D30AB110D05D00D00671497 /* Foundation.framework */ = {isa = PBXFileReference; lastKnownFileType = wrapper.framework; name = Foundation.framework; path = System/Library/Frameworks/Foundation.framework; sourceTree = SDKROOT; };
		1D6058910D05DD3D006BFB54 /* SDL Test.app */ = {isa = PBXFileReference; explicitFileType = wrapper.application; includeInIndex = 0; path = "SDL Test.app"; sourceTree = BUILT_PRODUCTS_DIR; };
		1DF5F4DF0D08C38300B7A737 /* UIKit.framework */ = {isa = PBXFileReference; lastKnownFileType = wrapper.framework; name = UIKit.framework; path = System/Library/Frameworks/UIKit.framework; sourceTree = SDKROOT; };
		28FD14FF0DC6FC520079059D /* OpenGLES.framework */ = {isa = PBXFileReference; lastKnownFileType = wrapper.framework; name = OpenGLES.framework; path = System/Library/Frameworks/OpenGLES.framework; sourceTree = SDKROOT; };
		28FD15070DC6FC5B0079059D /* QuartzCore.framework */ = {isa = PBXFileReference; lastKnownFileType = wrapper.framework; name = QuartzCore.framework; path = System/Library/Frameworks/QuartzCore.framework; sourceTree = SDKROOT; };
		8D1107310486CEB800E47090 /* Info.plist */ = {isa = PBXFileReference; fileEncoding = 4; lastKnownFileType = text.plist.xml; path = Info.plist; sourceTree = "<group>"; };
		F185383418931CEC00301716 /* main.cpp */ = {isa = PBXFileReference; fileEncoding = 4; lastKnownFileType = sourcecode.cpp.cpp; path = main.cpp; sourceTree = "<group>"; };
		F185383918931F5600301716 /* Default-big.png */ = {isa = PBXFileReference; lastKnownFileType = image.png; path = "Default-big.png"; sourceTree = "<group>"; };
		F185383A18931F5600301716 /* Default.png */ = {isa = PBXFileReference; lastKnownFileType = image.png; path = Default.png; sourceTree = "<group>"; };
		F1F26B4A18A2FE3400AFDE05 /* Buffer.hpp */ = {isa = PBXFileReference; fileEncoding = 4; lastKnownFileType = sourcecode.cpp.h; path = Buffer.hpp; sourceTree = "<group>"; };
		F1F26B4B18A2FE3400AFDE05 /* Exception.hpp */ = {isa = PBXFileReference; fileEncoding = 4; lastKnownFileType = sourcecode.cpp.h; path = Exception.hpp; sourceTree = "<group>"; };
		F1F26B4C18A2FE3400AFDE05 /* gl_includes.hpp */ = {isa = PBXFileReference; fileEncoding = 4; lastKnownFileType = sourcecode.cpp.h; path = gl_includes.hpp; sourceTree = "<group>"; };
		F1F26B4D18A2FE3400AFDE05 /* Program.hpp */ = {isa = PBXFileReference; fileEncoding = 4; lastKnownFileType = sourcecode.cpp.h; path = Program.hpp; sourceTree = "<group>"; };
		F1F26B4E18A2FE3400AFDE05 /* Shader.hpp */ = {isa = PBXFileReference; fileEncoding = 4; lastKnownFileType = sourcecode.cpp.h; path = Shader.hpp; sourceTree = "<group>"; };
		F1F26B5118A2FE3400AFDE05 /* Buffer.cpp */ = {isa = PBXFileReference; fileEncoding = 4; lastKnownFileType = sourcecode.cpp.cpp; path = Buffer.cpp; sourceTree = "<group>"; };
		F1F26B5218A2FE3400AFDE05 /* Exception.cpp */ = {isa = PBXFileReference; fileEncoding = 4; lastKnownFileType = sourcecode.cpp.cpp; path = Exception.cpp; sourceTree = "<group>"; };
		F1F26B5318A2FE3400AFDE05 /* Program.cpp */ = {isa = PBXFileReference; fileEncoding = 4; lastKnownFileType = sourcecode.cpp.cpp; path = Program.cpp; sourceTree = "<group>"; };
		F1F26B5418A2FE3400AFDE05 /* Shader.cpp */ = {isa = PBXFileReference; fileEncoding = 4; lastKnownFileType = sourcecode.cpp.cpp; path = Shader.cpp; sourceTree = "<group>"; };
		F1F26BC318A3009B00AFDE05 /* libSDL2-simulator.a */ = {isa = PBXFileReference; lastKnownFileType = archive.ar; name = "libSDL2-simulator.a"; path = "libs/SDL2/libSDL2-simulator.a"; sourceTree = "<group>"; };
		F1F26BC418A3009B00AFDE05 /* libSDL2.a */ = {isa = PBXFileReference; lastKnownFileType = archive.ar; name = libSDL2.a; path = libs/SDL2/libSDL2.a; sourceTree = "<group>"; };
		F1F26BC718A3016100AFDE05 /* util.hpp */ = {isa = PBXFileReference; fileEncoding = 4; lastKnownFileType = sourcecode.cpp.h; path = util.hpp; sourceTree = "<group>"; };
		F1F26BC818A3016100AFDE05 /* util.mm */ = {isa = PBXFileReference; fileEncoding = 4; lastKnownFileType = sourcecode.cpp.objcpp; path = util.mm; sourceTree = "<group>"; };
		F1F26BCA18A3016800AFDE05 /* cube.h */ = {isa = PBXFileReference; lastKnownFileType = sourcecode.c.h; path = cube.h; sourceTree = "<group>"; };
		F1F26BCB18A3016800AFDE05 /* primitive_types.h */ = {isa = PBXFileReference; lastKnownFileType = sourcecode.c.h; path = primitive_types.h; sourceTree = "<group>"; };
		F1F26BCD18A3046100AFDE05 /* Shader.fsh */ = {isa = PBXFileReference; fileEncoding = 4; lastKnownFileType = sourcecode.glsl; path = Shader.fsh; sourceTree = "<group>"; };
		F1F26BCE18A3046100AFDE05 /* Shader.vsh */ = {isa = PBXFileReference; fileEncoding = 4; lastKnownFileType = sourcecode.glsl; path = Shader.vsh; sourceTree = "<group>"; };
		FD779EDD0E26BA1200F39101 /* CoreAudio.framework */ = {isa = PBXFileReference; lastKnownFileType = wrapper.framework; name = CoreAudio.framework; path = System/Library/Frameworks/CoreAudio.framework; sourceTree = SDKROOT; };
		FD77A07C0E26BD8C00F39101 /* Icon.png */ = {isa = PBXFileReference; lastKnownFileType = image.png; path = Icon.png; sourceTree = "<group>"; };
		FD77A0840E26BDB800F39101 /* AudioToolbox.framework */ = {isa = PBXFileReference; lastKnownFileType = wrapper.framework; name = AudioToolbox.framework; path = System/Library/Frameworks/AudioToolbox.framework; sourceTree = SDKROOT; };
		FDB8BFC50E5A0F6A00980157 /* CoreGraphics.framework */ = {isa = PBXFileReference; lastKnownFileType = wrapper.framework; name = CoreGraphics.framework; path = System/Library/Frameworks/CoreGraphics.framework; sourceTree = SDKROOT; };
/* End PBXFileReference section */

/* Begin PBXFrameworksBuildPhase section */
		1D60588F0D05DD3D006BFB54 /* Frameworks */ = {
			isa = PBXFrameworksBuildPhase;
			buildActionMask = 2147483647;
			files = (
				F1F26BC518A3009B00AFDE05 /* libSDL2-simulator.a in Frameworks */,
				F1F26BC618A3009B00AFDE05 /* libSDL2.a in Frameworks */,
				1D60589F0D05DD5A006BFB54 /* Foundation.framework in Frameworks */,
				1DF5F4E00D08C38300B7A737 /* UIKit.framework in Frameworks */,
				28FD15000DC6FC520079059D /* OpenGLES.framework in Frameworks */,
				28FD15080DC6FC5B0079059D /* QuartzCore.framework in Frameworks */,
				FD779EDE0E26BA1200F39101 /* CoreAudio.framework in Frameworks */,
				FD77A0850E26BDB800F39101 /* AudioToolbox.framework in Frameworks */,
				FDB8BFC60E5A0F6A00980157 /* CoreGraphics.framework in Frameworks */,
			);
			runOnlyForDeploymentPostprocessing = 0;
		};
/* End PBXFrameworksBuildPhase section */

/* Begin PBXGroup section */
		19C28FACFE9D520D11CA2CBB /* Products */ = {
			isa = PBXGroup;
			children = (
				1D6058910D05DD3D006BFB54 /* SDL Test.app */,
			);
			name = Products;
			sourceTree = "<group>";
		};
		29B97314FDCFA39411CA2CEA /* CustomTemplate */ = {
			isa = PBXGroup;
			children = (
				F1F26A4618A2FE3300AFDE05 /* libs */,
				F1F26BCC18A3046100AFDE05 /* shaders */,
				29B97315FDCFA39411CA2CEA /* Sources */,
				29B97317FDCFA39411CA2CEA /* Resources */,
				29B97323FDCFA39411CA2CEA /* Frameworks */,
				19C28FACFE9D520D11CA2CBB /* Products */,
			);
			name = CustomTemplate;
			sourceTree = "<group>";
		};
		29B97315FDCFA39411CA2CEA /* Sources */ = {
			isa = PBXGroup;
			children = (
				F1F26BCA18A3016800AFDE05 /* cube.h */,
				F1F26BCB18A3016800AFDE05 /* primitive_types.h */,
				F1F26BC718A3016100AFDE05 /* util.hpp */,
				F1F26BC818A3016100AFDE05 /* util.mm */,
				F185383418931CEC00301716 /* main.cpp */,
			);
			name = Sources;
			sourceTree = "<group>";
		};
		29B97317FDCFA39411CA2CEA /* Resources */ = {
			isa = PBXGroup;
			children = (
				F185383918931F5600301716 /* Default-big.png */,
				F185383A18931F5600301716 /* Default.png */,
				FD77A07C0E26BD8C00F39101 /* Icon.png */,
				8D1107310486CEB800E47090 /* Info.plist */,
			);
			name = Resources;
			sourceTree = "<group>";
		};
		29B97323FDCFA39411CA2CEA /* Frameworks */ = {
			isa = PBXGroup;
			children = (
				F1F26BC318A3009B00AFDE05 /* libSDL2-simulator.a */,
				F1F26BC418A3009B00AFDE05 /* libSDL2.a */,
				FDB8BFC50E5A0F6A00980157 /* CoreGraphics.framework */,
				FD77A0840E26BDB800F39101 /* AudioToolbox.framework */,
				FD779EDD0E26BA1200F39101 /* CoreAudio.framework */,
				28FD15070DC6FC5B0079059D /* QuartzCore.framework */,
				28FD14FF0DC6FC520079059D /* OpenGLES.framework */,
				1DF5F4DF0D08C38300B7A737 /* UIKit.framework */,
				1D30AB110D05D00D00671497 /* Foundation.framework */,
			);
			name = Frameworks;
			sourceTree = "<group>";
		};
		F1F26A4618A2FE3300AFDE05 /* libs */ = {
			isa = PBXGroup;
			children = (
				F1F26B4718A2FE3400AFDE05 /* OpenWorlds */,
			);
			path = libs;
			sourceTree = "<group>";
		};
		F1F26B4718A2FE3400AFDE05 /* OpenWorlds */ = {
			isa = PBXGroup;
			children = (
				F1F26B4818A2FE3400AFDE05 /* include */,
				F1F26B4F18A2FE3400AFDE05 /* src */,
			);
			path = OpenWorlds;
			sourceTree = "<group>";
		};
		F1F26B4818A2FE3400AFDE05 /* include */ = {
			isa = PBXGroup;
			children = (
				F1F26B4918A2FE3400AFDE05 /* GL */,
			);
			path = include;
			sourceTree = "<group>";
		};
		F1F26B4918A2FE3400AFDE05 /* GL */ = {
			isa = PBXGroup;
			children = (
				F1F26B4C18A2FE3400AFDE05 /* gl_includes.hpp */,
				F1F26B4A18A2FE3400AFDE05 /* Buffer.hpp */,
				F1F26B4B18A2FE3400AFDE05 /* Exception.hpp */,
				F1F26B4E18A2FE3400AFDE05 /* Shader.hpp */,
				F1F26B4D18A2FE3400AFDE05 /* Program.hpp */,
			);
			path = GL;
			sourceTree = "<group>";
		};
		F1F26B4F18A2FE3400AFDE05 /* src */ = {
			isa = PBXGroup;
			children = (
				F1F26B5018A2FE3400AFDE05 /* GL */,
			);
			path = src;
			sourceTree = "<group>";
		};
		F1F26B5018A2FE3400AFDE05 /* GL */ = {
			isa = PBXGroup;
			children = (
				F1F26B5118A2FE3400AFDE05 /* Buffer.cpp */,
				F1F26B5218A2FE3400AFDE05 /* Exception.cpp */,
				F1F26B5418A2FE3400AFDE05 /* Shader.cpp */,
				F1F26B5318A2FE3400AFDE05 /* Program.cpp */,
			);
			path = GL;
			sourceTree = "<group>";
		};
		F1F26BCC18A3046100AFDE05 /* shaders */ = {
			isa = PBXGroup;
			children = (
				F1F26BCE18A3046100AFDE05 /* Shader.vsh */,
				F1F26BCD18A3046100AFDE05 /* Shader.fsh */,
			);
			path = shaders;
			sourceTree = "<group>";
		};
/* End PBXGroup section */

/* Begin PBXNativeTarget section */
		1D6058900D05DD3D006BFB54 /* SDL Test */ = {
			isa = PBXNativeTarget;
			buildConfigurationList = 1D6058960D05DD3E006BFB54 /* Build configuration list for PBXNativeTarget "SDL Test" */;
			buildPhases = (
				1D60588D0D05DD3D006BFB54 /* Resources */,
				1D60588E0D05DD3D006BFB54 /* Sources */,
				1D60588F0D05DD3D006BFB54 /* Frameworks */,
			);
			buildRules = (
			);
			dependencies = (
			);
			name = "SDL Test";
			productName = "___PROJECTNAME___";
			productReference = 1D6058910D05DD3D006BFB54 /* SDL Test.app */;
			productType = "com.apple.product-type.application";
		};
/* End PBXNativeTarget section */

/* Begin PBXProject section */
		29B97313FDCFA39411CA2CEA /* Project object */ = {
			isa = PBXProject;
			attributes = {
				LastUpgradeCheck = 0500;
				TargetAttributes = {
					1D6058900D05DD3D006BFB54 = {
						DevelopmentTeam = QJ6MJ4BN3K;
					};
				};
			};
			buildConfigurationList = C01FCF4E08A954540054247B /* Build configuration list for PBXProject "SDL Test" */;
			compatibilityVersion = "Xcode 3.2";
			developmentRegion = English;
			hasScannedForEncodings = 1;
			knownRegions = (
				English,
				Japanese,
				French,
				German,
			);
			mainGroup = 29B97314FDCFA39411CA2CEA /* CustomTemplate */;
			projectDirPath = "";
			projectRoot = "";
			targets = (
				1D6058900D05DD3D006BFB54 /* SDL Test */,
			);
		};
/* End PBXProject section */

/* Begin PBXResourcesBuildPhase section */
		1D60588D0D05DD3D006BFB54 /* Resources */ = {
			isa = PBXResourcesBuildPhase;
			buildActionMask = 2147483647;
			files = (
				F1F26BD118A304D100AFDE05 /* Shader.vsh in Resources */,
				F1F26BD218A304D100AFDE05 /* Shader.fsh in Resources */,
				FD77A07D0E26BD8C00F39101 /* Icon.png in Resources */,
				F185383C18931F5600301716 /* Default.png in Resources */,
				F185383B18931F5600301716 /* Default-big.png in Resources */,
			);
			runOnlyForDeploymentPostprocessing = 0;
		};
/* End PBXResourcesBuildPhase section */

/* Begin PBXSourcesBuildPhase section */
		1D60588E0D05DD3D006BFB54 /* Sources */ = {
			isa = PBXSourcesBuildPhase;
			buildActionMask = 2147483647;
			files = (
				F1F26BC118A2FE3400AFDE05 /* Program.cpp in Sources */,
				F1F26BC018A2FE3400AFDE05 /* Exception.cpp in Sources */,
				F185383718931CEC00301716 /* main.cpp in Sources */,
				F1F26BC918A3016100AFDE05 /* util.mm in Sources */,
				F1F26BBF18A2FE3400AFDE05 /* Buffer.cpp in Sources */,
				F1F26BC218A2FE3400AFDE05 /* Shader.cpp in Sources */,
			);
			runOnlyForDeploymentPostprocessing = 0;
		};
/* End PBXSourcesBuildPhase section */

/* Begin XCBuildConfiguration section */
		1D6058940D05DD3E006BFB54 /* Debug */ = {
			isa = XCBuildConfiguration;
			buildSettings = {
				ALWAYS_SEARCH_USER_PATHS = YES;
				CLANG_ENABLE_OBJC_ARC = YES;
				CODE_SIGN_IDENTITY = "iPhone Developer";
				"CODE_SIGN_IDENTITY[sdk=iphoneos*]" = "iPhone Developer";
				COPY_PHASE_STRIP = NO;
				GCC_DYNAMIC_NO_PIC = NO;
				GCC_OPTIMIZATION_LEVEL = 0;
				GCC_PRECOMPILE_PREFIX_HEADER = YES;
				GCC_PREFIX_HEADER = "";
				INFOPLIST_FILE = Info.plist;
				IPHONEOS_DEPLOYMENT_TARGET = 7.0;
				LIBRARY_SEARCH_PATHS = (
					"$(inherited)",
					libs/SDL2,
				);
				PRODUCT_NAME = "SDL Test";
				PROVISIONING_PROFILE = "";
				TARGETED_DEVICE_FAMILY = "1,2";
				USER_HEADER_SEARCH_PATHS = libs;
			};
			name = Debug;
		};
		1D6058950D05DD3E006BFB54 /* Release */ = {
			isa = XCBuildConfiguration;
			buildSettings = {
				ALWAYS_SEARCH_USER_PATHS = YES;
				CLANG_ENABLE_OBJC_ARC = YES;
				CODE_SIGN_IDENTITY = "iPhone Developer";
				"CODE_SIGN_IDENTITY[sdk=iphoneos*]" = "iPhone Developer";
				COPY_PHASE_STRIP = YES;
				GCC_PRECOMPILE_PREFIX_HEADER = YES;
				GCC_PREFIX_HEADER = "";
				INFOPLIST_FILE = Info.plist;
				IPHONEOS_DEPLOYMENT_TARGET = 7.0;
				LIBRARY_SEARCH_PATHS = (
					"$(inherited)",
					libs/SDL2,
				);
				PRODUCT_NAME = "SDL Test";
				PROVISIONING_PROFILE = "";
				TARGETED_DEVICE_FAMILY = "1,2";
				USER_HEADER_SEARCH_PATHS = libs;
			};
			name = Release;
		};
		C01FCF4F08A954540054247B /* Debug */ = {
			isa = XCBuildConfiguration;
			buildSettings = {
				CLANG_CXX_LANGUAGE_STANDARD = "c++0x";
				CLANG_CXX_LIBRARY = "libc++";
				"CODE_SIGN_IDENTITY[sdk=iphoneos*]" = "iPhone Developer";
				GCC_C_LANGUAGE_STANDARD = c99;
				GCC_WARN_ABOUT_RETURN_TYPE = YES;
				GCC_WARN_UNUSED_VARIABLE = YES;
				ONLY_ACTIVE_ARCH = YES;
				OTHER_CFLAGS = "-D__IPHONEOS__";
				PREBINDING = NO;
				SDKROOT = iphoneos;
				USER_HEADER_SEARCH_PATHS = libs;
			};
			name = Debug;
		};
		C01FCF5008A954540054247B /* Release */ = {
			isa = XCBuildConfiguration;
			buildSettings = {
				CLANG_CXX_LANGUAGE_STANDARD = "c++0x";
				CLANG_CXX_LIBRARY = "libc++";
				"CODE_SIGN_IDENTITY[sdk=iphoneos*]" = "iPhone Developer";
				GCC_C_LANGUAGE_STANDARD = c99;
				GCC_WARN_ABOUT_RETURN_TYPE = YES;
				GCC_WARN_UNUSED_VARIABLE = YES;
				OTHER_CFLAGS = "-D__IPHONEOS__";
				PREBINDING = NO;
				SDKROOT = iphoneos;
				USER_HEADER_SEARCH_PATHS = libs;
			};
			name = Release;
		};
/* End XCBuildConfiguration section */

/* Begin XCConfigurationList section */
		1D6058960D05DD3E006BFB54 /* Build configuration list for PBXNativeTarget "SDL Test" */ = {
			isa = XCConfigurationList;
			buildConfigurations = (
				1D6058940D05DD3E006BFB54 /* Debug */,
				1D6058950D05DD3E006BFB54 /* Release */,
			);
			defaultConfigurationIsVisible = 0;
			defaultConfigurationName = Release;
		};
		C01FCF4E08A954540054247B /* Build configuration list for PBXProject "SDL Test" */ = {
			isa = XCConfigurationList;
			buildConfigurations = (
				C01FCF4F08A954540054247B /* Debug */,
				C01FCF5008A954540054247B /* Release */,
			);
			defaultConfigurationIsVisible = 0;
			defaultConfigurationName = Release;
		};
/* End XCConfigurationList section */
	};
	rootObject = 29B97313FDCFA39411CA2CEA /* Project object */;
}
